// !$*UTF8*$!
{
	archiveVersion = 1;
	classes = {
	};
	objectVersion = 55;
	objects = {

/* Begin PBXBuildFile section */
		B80057EB27DC355E002C0129 /* SubconsciousTests.swift in Sources */ = {isa = PBXBuildFile; fileRef = B80057EA27DC355E002C0129 /* SubconsciousTests.swift */; };
		B80057F427DC35BE002C0129 /* Tests_Slug.swift in Sources */ = {isa = PBXBuildFile; fileRef = B80057F327DC35BE002C0129 /* Tests_Slug.swift */; };
		B8109C2827A8879C00CD2B6D /* AppTheme.swift in Sources */ = {isa = PBXBuildFile; fileRef = B8109C2727A8879C00CD2B6D /* AppTheme.swift */; };
		B8109C2927A8879C00CD2B6D /* AppTheme.swift in Sources */ = {isa = PBXBuildFile; fileRef = B8109C2727A8879C00CD2B6D /* AppTheme.swift */; };
		B81A535C27275138001A6268 /* Tape.swift in Sources */ = {isa = PBXBuildFile; fileRef = B81A535B27275138001A6268 /* Tape.swift */; };
		B81A535D27275138001A6268 /* Tape.swift in Sources */ = {isa = PBXBuildFile; fileRef = B81A535B27275138001A6268 /* Tape.swift */; };
		B81A535F272751EE001A6268 /* Subtext.swift in Sources */ = {isa = PBXBuildFile; fileRef = B81A535E272751EE001A6268 /* Subtext.swift */; };
		B81A5360272751EE001A6268 /* Subtext.swift in Sources */ = {isa = PBXBuildFile; fileRef = B81A535E272751EE001A6268 /* Subtext.swift */; };
		B81EACD827B724A000B3B8DC /* ThickDividerView.swift in Sources */ = {isa = PBXBuildFile; fileRef = B81EACD727B724A000B3B8DC /* ThickDividerView.swift */; };
		B81EACD927B724A000B3B8DC /* ThickDividerView.swift in Sources */ = {isa = PBXBuildFile; fileRef = B81EACD727B724A000B3B8DC /* ThickDividerView.swift */; };
		B81EBB0927025C1500B87594 /* BacklinkButtonStyle.swift in Sources */ = {isa = PBXBuildFile; fileRef = B81EBB0827025C1500B87594 /* BacklinkButtonStyle.swift */; };
		B81EBB0A27025C1500B87594 /* BacklinkButtonStyle.swift in Sources */ = {isa = PBXBuildFile; fileRef = B81EBB0827025C1500B87594 /* BacklinkButtonStyle.swift */; };
		B8216F7827E11516002B70CB /* BottomSheetView.swift in Sources */ = {isa = PBXBuildFile; fileRef = B8216F7727E11516002B70CB /* BottomSheetView.swift */; };
		B8216F7927E11516002B70CB /* BottomSheetView.swift in Sources */ = {isa = PBXBuildFile; fileRef = B8216F7727E11516002B70CB /* BottomSheetView.swift */; };
		B822F18B27C9615600943C6B /* ObservableStore in Frameworks */ = {isa = PBXBuildFile; productRef = B822F18A27C9615600943C6B /* ObservableStore */; };
		B822F18D27C9C0AB00943C6B /* CountChip.swift in Sources */ = {isa = PBXBuildFile; fileRef = B822F18C27C9C0AB00943C6B /* CountChip.swift */; };
		B822F18E27C9C0AB00943C6B /* CountChip.swift in Sources */ = {isa = PBXBuildFile; fileRef = B822F18C27C9C0AB00943C6B /* CountChip.swift */; };
		B8249DA027E2668500BCDFBA /* PinTrailingBottom.swift in Sources */ = {isa = PBXBuildFile; fileRef = B8249D9F27E2668500BCDFBA /* PinTrailingBottom.swift */; };
		B8249DA127E2668500BCDFBA /* PinTrailingBottom.swift in Sources */ = {isa = PBXBuildFile; fileRef = B8249D9F27E2668500BCDFBA /* PinTrailingBottom.swift */; };
		B8249DA327E2753800BCDFBA /* ViewUtilities.swift in Sources */ = {isa = PBXBuildFile; fileRef = B8249DA227E2753800BCDFBA /* ViewUtilities.swift */; };
		B8249DA427E2753800BCDFBA /* ViewUtilities.swift in Sources */ = {isa = PBXBuildFile; fileRef = B8249DA227E2753800BCDFBA /* ViewUtilities.swift */; };
		B824FDCE26FA662200B81BBD /* SubtextFile.swift in Sources */ = {isa = PBXBuildFile; fileRef = B824FDCD26FA662200B81BBD /* SubtextFile.swift */; };
		B824FDD126FA98F300B81BBD /* EntryDetail.swift in Sources */ = {isa = PBXBuildFile; fileRef = B824FDD026FA98F300B81BBD /* EntryDetail.swift */; };
		B824FDD426FAB1BC00B81BBD /* Truncate.swift in Sources */ = {isa = PBXBuildFile; fileRef = B824FDD326FAB1BC00B81BBD /* Truncate.swift */; };
		B824FDD526FAB1BC00B81BBD /* Truncate.swift in Sources */ = {isa = PBXBuildFile; fileRef = B824FDD326FAB1BC00B81BBD /* Truncate.swift */; };
		B826B27527B5D95F003D3C03 /* SaveState.swift in Sources */ = {isa = PBXBuildFile; fileRef = B826B27427B5D95F003D3C03 /* SaveState.swift */; };
		B82C3A5326F528B000833CC8 /* DatabaseService.swift in Sources */ = {isa = PBXBuildFile; fileRef = B82C3A5226F528B000833CC8 /* DatabaseService.swift */; };
		B82C3A5426F528B000833CC8 /* DatabaseService.swift in Sources */ = {isa = PBXBuildFile; fileRef = B82C3A5226F528B000833CC8 /* DatabaseService.swift */; };
		B82C3A5626F529EF00833CC8 /* CombineUtilities.swift in Sources */ = {isa = PBXBuildFile; fileRef = B82C3A5526F529EF00833CC8 /* CombineUtilities.swift */; };
		B82C3A5726F529EF00833CC8 /* CombineUtilities.swift in Sources */ = {isa = PBXBuildFile; fileRef = B82C3A5526F529EF00833CC8 /* CombineUtilities.swift */; };
		B82C3A5A26F5761700833CC8 /* FileSync.swift in Sources */ = {isa = PBXBuildFile; fileRef = B82C3A5826F5761700833CC8 /* FileSync.swift */; };
		B82C3A5B26F5761700833CC8 /* FileSync.swift in Sources */ = {isa = PBXBuildFile; fileRef = B82C3A5826F5761700833CC8 /* FileSync.swift */; };
		B82C3A5F26F576C600833CC8 /* FileManagerUtilities.swift in Sources */ = {isa = PBXBuildFile; fileRef = B82C3A5E26F576C600833CC8 /* FileManagerUtilities.swift */; };
		B82C3A6026F576C600833CC8 /* FileManagerUtilities.swift in Sources */ = {isa = PBXBuildFile; fileRef = B82C3A5E26F576C600833CC8 /* FileManagerUtilities.swift */; };
		B82C3A6226F576FC00833CC8 /* URLUtilities.swift in Sources */ = {isa = PBXBuildFile; fileRef = B82C3A6126F576FB00833CC8 /* URLUtilities.swift */; };
		B82C3A6326F576FC00833CC8 /* URLUtilities.swift in Sources */ = {isa = PBXBuildFile; fileRef = B82C3A6126F576FB00833CC8 /* URLUtilities.swift */; };
		B82C3A6526F5796300833CC8 /* OptionalUtilities.swift in Sources */ = {isa = PBXBuildFile; fileRef = B82C3A6426F5796300833CC8 /* OptionalUtilities.swift */; };
		B82C3A6626F5796300833CC8 /* OptionalUtilities.swift in Sources */ = {isa = PBXBuildFile; fileRef = B82C3A6426F5796300833CC8 /* OptionalUtilities.swift */; };
		B82C3A6F26F6B1C000833CC8 /* Collections in Frameworks */ = {isa = PBXBuildFile; productRef = B82C3A6E26F6B1C000833CC8 /* Collections */; };
		B82C3A7126F6B1C000833CC8 /* OrderedCollections in Frameworks */ = {isa = PBXBuildFile; productRef = B82C3A7026F6B1C000833CC8 /* OrderedCollections */; };
		B82C3A7626F6B5BF00833CC8 /* StringUtilities.swift in Sources */ = {isa = PBXBuildFile; fileRef = B82C3A7526F6B5BF00833CC8 /* StringUtilities.swift */; };
		B82C3A7726F6B5BF00833CC8 /* StringUtilities.swift in Sources */ = {isa = PBXBuildFile; fileRef = B82C3A7526F6B5BF00833CC8 /* StringUtilities.swift */; };
		B82FD4562730A62C002CB641 /* EntryRow.swift in Sources */ = {isa = PBXBuildFile; fileRef = B82FD4552730A62C002CB641 /* EntryRow.swift */; };
		B82FD4572730A62C002CB641 /* EntryRow.swift in Sources */ = {isa = PBXBuildFile; fileRef = B82FD4552730A62C002CB641 /* EntryRow.swift */; };
		B83E91D727692EC600045C6A /* FABButtonStyle.swift in Sources */ = {isa = PBXBuildFile; fileRef = B83E91D627692EC600045C6A /* FABButtonStyle.swift */; };
		B83E91D827692EC600045C6A /* FABButtonStyle.swift in Sources */ = {isa = PBXBuildFile; fileRef = B83E91D627692EC600045C6A /* FABButtonStyle.swift */; };
		B8579B6527C561E900D8B4BC /* SwiftSubsurface in Frameworks */ = {isa = PBXBuildFile; productRef = B8579B6427C561E900D8B4BC /* SwiftSubsurface */; };
		B85BF46F27BB0FA800F55730 /* RowViewModifier.swift in Sources */ = {isa = PBXBuildFile; fileRef = B85BF46E27BB0FA800F55730 /* RowViewModifier.swift */; };
		B85BF47027BB0FA800F55730 /* RowViewModifier.swift in Sources */ = {isa = PBXBuildFile; fileRef = B85BF46E27BB0FA800F55730 /* RowViewModifier.swift */; };
		B85BF47527BB3D6E00F55730 /* ToolbarTitleGroupView.swift in Sources */ = {isa = PBXBuildFile; fileRef = B85BF47427BB3D6E00F55730 /* ToolbarTitleGroupView.swift */; };
		B85BF47627BB3D6E00F55730 /* ToolbarTitleGroupView.swift in Sources */ = {isa = PBXBuildFile; fileRef = B85BF47427BB3D6E00F55730 /* ToolbarTitleGroupView.swift */; };
		B85BF47827BC2B4700F55730 /* DetailToolbarContent.swift in Sources */ = {isa = PBXBuildFile; fileRef = B85BF47727BC2B4700F55730 /* DetailToolbarContent.swift */; };
		B85BF47927BC2B4700F55730 /* DetailToolbarContent.swift in Sources */ = {isa = PBXBuildFile; fileRef = B85BF47727BC2B4700F55730 /* DetailToolbarContent.swift */; };
		B85BF47D27BDA0E100F55730 /* SaveEnvelope.swift in Sources */ = {isa = PBXBuildFile; fileRef = B85BF47C27BDA0E100F55730 /* SaveEnvelope.swift */; };
		B866868127AC4EF100A03A55 /* NSRangeUtilities.swift in Sources */ = {isa = PBXBuildFile; fileRef = B866868027AC4EF100A03A55 /* NSRangeUtilities.swift */; };
		B866868227AC4EF100A03A55 /* NSRangeUtilities.swift in Sources */ = {isa = PBXBuildFile; fileRef = B866868027AC4EF100A03A55 /* NSRangeUtilities.swift */; };
		B866868A27AC8BED00A03A55 /* DetailKeyboardToolbarView.swift in Sources */ = {isa = PBXBuildFile; fileRef = B866868927AC8BED00A03A55 /* DetailKeyboardToolbarView.swift */; };
		B866868B27AC8BED00A03A55 /* DetailKeyboardToolbarView.swift in Sources */ = {isa = PBXBuildFile; fileRef = B866868927AC8BED00A03A55 /* DetailKeyboardToolbarView.swift */; };
		B866868D27AC8C0100A03A55 /* MarkupTextViewRepresentable.swift in Sources */ = {isa = PBXBuildFile; fileRef = B866868C27AC8C0100A03A55 /* MarkupTextViewRepresentable.swift */; };
		B866868E27AC8C0100A03A55 /* MarkupTextViewRepresentable.swift in Sources */ = {isa = PBXBuildFile; fileRef = B866868C27AC8C0100A03A55 /* MarkupTextViewRepresentable.swift */; };
		B86DFF2827BF02F0002E57ED /* CollectionUtilities.swift in Sources */ = {isa = PBXBuildFile; fileRef = B86DFF2727BF02F0002E57ED /* CollectionUtilities.swift */; };
		B86DFF2927BF02F0002E57ED /* CollectionUtilities.swift in Sources */ = {isa = PBXBuildFile; fileRef = B86DFF2727BF02F0002E57ED /* CollectionUtilities.swift */; };
		B86DFF2D27C0280B002E57ED /* EntryListView.swift in Sources */ = {isa = PBXBuildFile; fileRef = B86DFF2C27C0280B002E57ED /* EntryListView.swift */; };
		B86DFF3127C06EBC002E57ED /* RenameSuggestion.swift in Sources */ = {isa = PBXBuildFile; fileRef = B86DFF3027C06EBC002E57ED /* RenameSuggestion.swift */; };
		B86DFF3327C072CD002E57ED /* Func.swift in Sources */ = {isa = PBXBuildFile; fileRef = B86DFF3227C072CD002E57ED /* Func.swift */; };
		B86DFF3527C07438002E57ED /* LinkSuggestion.swift in Sources */ = {isa = PBXBuildFile; fileRef = B86DFF3427C07438002E57ED /* LinkSuggestion.swift */; };
		B86DFF3727C09CA2002E57ED /* DateUtilities.swift in Sources */ = {isa = PBXBuildFile; fileRef = B86DFF3627C09CA2002E57ED /* DateUtilities.swift */; };
		B86DFF3927C15B77002E57ED /* Config.swift in Sources */ = {isa = PBXBuildFile; fileRef = B86DFF3827C15B77002E57ED /* Config.swift */; };
		B877A6E527A1C2BC00F11A90 /* KeyboardService.swift in Sources */ = {isa = PBXBuildFile; fileRef = B877A6E427A1C2BC00F11A90 /* KeyboardService.swift */; };
		B877A6E627A1C2BC00F11A90 /* KeyboardService.swift in Sources */ = {isa = PBXBuildFile; fileRef = B877A6E427A1C2BC00F11A90 /* KeyboardService.swift */; };
		B8879EA026F90C5100A0B4FF /* AppNavigationView.swift in Sources */ = {isa = PBXBuildFile; fileRef = B8879E9F26F90C5100A0B4FF /* AppNavigationView.swift */; };
		B8879EA126F90C5100A0B4FF /* AppNavigationView.swift in Sources */ = {isa = PBXBuildFile; fileRef = B8879E9F26F90C5100A0B4FF /* AppNavigationView.swift */; };
		B8879EA626F9348600A0B4FF /* Slashlink.swift in Sources */ = {isa = PBXBuildFile; fileRef = B8879EA526F9348600A0B4FF /* Slashlink.swift */; };
		B8879EA726F9348600A0B4FF /* Slashlink.swift in Sources */ = {isa = PBXBuildFile; fileRef = B8879EA526F9348600A0B4FF /* Slashlink.swift */; };
		B8879EA926F93EBF00A0B4FF /* BacklinksView.swift in Sources */ = {isa = PBXBuildFile; fileRef = B8879EA826F93EBF00A0B4FF /* BacklinksView.swift */; };
		B8879EAA26F93EBF00A0B4FF /* BacklinksView.swift in Sources */ = {isa = PBXBuildFile; fileRef = B8879EA826F93EBF00A0B4FF /* BacklinksView.swift */; };
		B8879EAC26F944DA00A0B4FF /* DetailView.swift in Sources */ = {isa = PBXBuildFile; fileRef = B8879EAB26F944DA00A0B4FF /* DetailView.swift */; };
		B8879EAD26F944DA00A0B4FF /* DetailView.swift in Sources */ = {isa = PBXBuildFile; fileRef = B8879EAB26F944DA00A0B4FF /* DetailView.swift */; };
		B88C9781276425E800B27DF0 /* IBMPlexMono-Italic.ttf in Resources */ = {isa = PBXBuildFile; fileRef = B88C977D276425E800B27DF0 /* IBMPlexMono-Italic.ttf */; };
		B88C9782276425E900B27DF0 /* IBMPlexMono-Italic.ttf in Resources */ = {isa = PBXBuildFile; fileRef = B88C977D276425E800B27DF0 /* IBMPlexMono-Italic.ttf */; };
		B88C9783276425E900B27DF0 /* IBMPlexMono-BoldItalic.ttf in Resources */ = {isa = PBXBuildFile; fileRef = B88C977E276425E800B27DF0 /* IBMPlexMono-BoldItalic.ttf */; };
		B88C9784276425E900B27DF0 /* IBMPlexMono-BoldItalic.ttf in Resources */ = {isa = PBXBuildFile; fileRef = B88C977E276425E800B27DF0 /* IBMPlexMono-BoldItalic.ttf */; };
		B88C9785276425E900B27DF0 /* IBMPlexMono-Bold.ttf in Resources */ = {isa = PBXBuildFile; fileRef = B88C977F276425E800B27DF0 /* IBMPlexMono-Bold.ttf */; };
		B88C9786276425E900B27DF0 /* IBMPlexMono-Bold.ttf in Resources */ = {isa = PBXBuildFile; fileRef = B88C977F276425E800B27DF0 /* IBMPlexMono-Bold.ttf */; };
		B88C9787276425E900B27DF0 /* IBMPlexMono-Regular.ttf in Resources */ = {isa = PBXBuildFile; fileRef = B88C9780276425E800B27DF0 /* IBMPlexMono-Regular.ttf */; };
		B88C9788276425E900B27DF0 /* IBMPlexMono-Regular.ttf in Resources */ = {isa = PBXBuildFile; fileRef = B88C9780276425E800B27DF0 /* IBMPlexMono-Regular.ttf */; };
		B88C97932764264300B27DF0 /* IBMPlexSans-Regular.ttf in Resources */ = {isa = PBXBuildFile; fileRef = B88C978F2764264300B27DF0 /* IBMPlexSans-Regular.ttf */; };
		B88C97942764264300B27DF0 /* IBMPlexSans-Regular.ttf in Resources */ = {isa = PBXBuildFile; fileRef = B88C978F2764264300B27DF0 /* IBMPlexSans-Regular.ttf */; };
		B88C97952764264300B27DF0 /* IBMPlexSans-Italic.ttf in Resources */ = {isa = PBXBuildFile; fileRef = B88C97902764264300B27DF0 /* IBMPlexSans-Italic.ttf */; };
		B88C97962764264300B27DF0 /* IBMPlexSans-Italic.ttf in Resources */ = {isa = PBXBuildFile; fileRef = B88C97902764264300B27DF0 /* IBMPlexSans-Italic.ttf */; };
		B88C97972764264300B27DF0 /* IBMPlexSans-BoldItalic.ttf in Resources */ = {isa = PBXBuildFile; fileRef = B88C97912764264300B27DF0 /* IBMPlexSans-BoldItalic.ttf */; };
		B88C97982764264300B27DF0 /* IBMPlexSans-BoldItalic.ttf in Resources */ = {isa = PBXBuildFile; fileRef = B88C97912764264300B27DF0 /* IBMPlexSans-BoldItalic.ttf */; };
		B88C97992764264300B27DF0 /* IBMPlexSans-Bold.ttf in Resources */ = {isa = PBXBuildFile; fileRef = B88C97922764264300B27DF0 /* IBMPlexSans-Bold.ttf */; };
		B88C979A2764264300B27DF0 /* IBMPlexSans-Bold.ttf in Resources */ = {isa = PBXBuildFile; fileRef = B88C97922764264300B27DF0 /* IBMPlexSans-Bold.ttf */; };
		B88C979D2764266A00B27DF0 /* IBMPlexSans-Light.ttf in Resources */ = {isa = PBXBuildFile; fileRef = B88C979B2764266A00B27DF0 /* IBMPlexSans-Light.ttf */; };
		B88C979E2764266A00B27DF0 /* IBMPlexSans-Light.ttf in Resources */ = {isa = PBXBuildFile; fileRef = B88C979B2764266A00B27DF0 /* IBMPlexSans-Light.ttf */; };
		B88C979F2764266A00B27DF0 /* IBMPlexSans-Medium.ttf in Resources */ = {isa = PBXBuildFile; fileRef = B88C979C2764266A00B27DF0 /* IBMPlexSans-Medium.ttf */; };
		B88C97A02764266A00B27DF0 /* IBMPlexSans-Medium.ttf in Resources */ = {isa = PBXBuildFile; fileRef = B88C979C2764266A00B27DF0 /* IBMPlexSans-Medium.ttf */; };
		B88C97A22764270000B27DF0 /* LICENSE.txt in Resources */ = {isa = PBXBuildFile; fileRef = B88C97A12764270000B27DF0 /* LICENSE.txt */; };
		B88C97A32764270000B27DF0 /* LICENSE.txt in Resources */ = {isa = PBXBuildFile; fileRef = B88C97A12764270000B27DF0 /* LICENSE.txt */; };
		B8901CF327978FDE007C9021 /* Slug.swift in Sources */ = {isa = PBXBuildFile; fileRef = B8901CF227978FDE007C9021 /* Slug.swift */; };
		B89D296827E832DC009E0DED /* LoggerUtilities.swift in Sources */ = {isa = PBXBuildFile; fileRef = B89D296727E832DC009E0DED /* LoggerUtilities.swift */; };
		B8AC648A278F53920099E96B /* EntryStub.swift in Sources */ = {isa = PBXBuildFile; fileRef = B8AC6489278F53920099E96B /* EntryStub.swift */; };
		B8AC648C278F757B0099E96B /* ProgressScrimView.swift in Sources */ = {isa = PBXBuildFile; fileRef = B8AC648B278F757B0099E96B /* ProgressScrimView.swift */; };
		B8AC648D278F757B0099E96B /* ProgressScrimView.swift in Sources */ = {isa = PBXBuildFile; fileRef = B8AC648B278F757B0099E96B /* ProgressScrimView.swift */; };
		B8AC648F278F7E7B0099E96B /* BackLabelStyle.swift in Sources */ = {isa = PBXBuildFile; fileRef = B8AC648E278F7E7B0099E96B /* BackLabelStyle.swift */; };
		B8AC6490278F7E7B0099E96B /* BackLabelStyle.swift in Sources */ = {isa = PBXBuildFile; fileRef = B8AC648E278F7E7B0099E96B /* BackLabelStyle.swift */; };
		B8AE34A7276A885300777FF0 /* TextViewRepresentable.swift in Sources */ = {isa = PBXBuildFile; fileRef = B8AE34A6276A885300777FF0 /* TextViewRepresentable.swift */; };
		B8AE34A8276A885300777FF0 /* TextViewRepresentable.swift in Sources */ = {isa = PBXBuildFile; fileRef = B8AE34A6276A885300777FF0 /* TextViewRepresentable.swift */; };
		B8AE34AA276A986000777FF0 /* PlaceholderTextView.swift in Sources */ = {isa = PBXBuildFile; fileRef = B8AE34A9276A986000777FF0 /* PlaceholderTextView.swift */; };
		B8AE34AB276A986000777FF0 /* PlaceholderTextView.swift in Sources */ = {isa = PBXBuildFile; fileRef = B8AE34A9276A986000777FF0 /* PlaceholderTextView.swift */; };
		B8AE34AD276A9CDB00777FF0 /* PrimaryButtonStyle.swift in Sources */ = {isa = PBXBuildFile; fileRef = B8AE34AC276A9CDB00777FF0 /* PrimaryButtonStyle.swift */; };
		B8AE34AE276A9CDB00777FF0 /* PrimaryButtonStyle.swift in Sources */ = {isa = PBXBuildFile; fileRef = B8AE34AC276A9CDB00777FF0 /* PrimaryButtonStyle.swift */; };
		B8AE34B0276A9F9C00777FF0 /* ColorUtilities.swift in Sources */ = {isa = PBXBuildFile; fileRef = B8AE34AF276A9F9C00777FF0 /* ColorUtilities.swift */; };
		B8AE34B1276A9F9C00777FF0 /* ColorUtilities.swift in Sources */ = {isa = PBXBuildFile; fileRef = B8AE34AF276A9F9C00777FF0 /* ColorUtilities.swift */; };
		B8AE34B6276AAAFF00777FF0 /* RoundedTextFieldViewModifier.swift in Sources */ = {isa = PBXBuildFile; fileRef = B8AE34B5276AAAFF00777FF0 /* RoundedTextFieldViewModifier.swift */; };
		B8AE34B7276AAAFF00777FF0 /* RoundedTextFieldViewModifier.swift in Sources */ = {isa = PBXBuildFile; fileRef = B8AE34B5276AAAFF00777FF0 /* RoundedTextFieldViewModifier.swift */; };
		B8AE34BC276AB3D500777FF0 /* SearchView.swift in Sources */ = {isa = PBXBuildFile; fileRef = B8AE34BB276AB3D400777FF0 /* SearchView.swift */; };
		B8AE34BD276AB3D500777FF0 /* SearchView.swift in Sources */ = {isa = PBXBuildFile; fileRef = B8AE34BB276AB3D400777FF0 /* SearchView.swift */; };
		B8AE34BF276BD61400777FF0 /* RowButtonStyle.swift in Sources */ = {isa = PBXBuildFile; fileRef = B8AE34BE276BD61400777FF0 /* RowButtonStyle.swift */; };
		B8AE34C0276BD61400777FF0 /* RowButtonStyle.swift in Sources */ = {isa = PBXBuildFile; fileRef = B8AE34BE276BD61400777FF0 /* RowButtonStyle.swift */; };
		B8AE34C2276BD77C00777FF0 /* SuggestionLabelStyle.swift in Sources */ = {isa = PBXBuildFile; fileRef = B8AE34C1276BD77C00777FF0 /* SuggestionLabelStyle.swift */; };
		B8AE34C3276BD77C00777FF0 /* SuggestionLabelStyle.swift in Sources */ = {isa = PBXBuildFile; fileRef = B8AE34C1276BD77C00777FF0 /* SuggestionLabelStyle.swift */; };
		B8AE34C5276BF72500777FF0 /* LinkSearchView.swift in Sources */ = {isa = PBXBuildFile; fileRef = B8AE34C4276BF72500777FF0 /* LinkSearchView.swift */; };
		B8AE34C6276BF72500777FF0 /* LinkSearchView.swift in Sources */ = {isa = PBXBuildFile; fileRef = B8AE34C4276BF72500777FF0 /* LinkSearchView.swift */; };
		B8AE34C8276BF77000777FF0 /* SearchTextField.swift in Sources */ = {isa = PBXBuildFile; fileRef = B8AE34C7276BF77000777FF0 /* SearchTextField.swift */; };
		B8AE34C9276BF77000777FF0 /* SearchTextField.swift in Sources */ = {isa = PBXBuildFile; fileRef = B8AE34C7276BF77000777FF0 /* SearchTextField.swift */; };
		B8AE34CB276C195E00777FF0 /* LinkSuggestionLabelView.swift in Sources */ = {isa = PBXBuildFile; fileRef = B8AE34CA276C195E00777FF0 /* LinkSuggestionLabelView.swift */; };
		B8AE34CC276C195E00777FF0 /* LinkSuggestionLabelView.swift in Sources */ = {isa = PBXBuildFile; fileRef = B8AE34CA276C195E00777FF0 /* LinkSuggestionLabelView.swift */; };
		B8B4D7EC27EA890B00633B5F /* ShadowStyle.swift in Sources */ = {isa = PBXBuildFile; fileRef = B8B4D7EB27EA890B00633B5F /* ShadowStyle.swift */; };
		B8B4D7EE27EA8AA000633B5F /* DragHandleView.swift in Sources */ = {isa = PBXBuildFile; fileRef = B8B4D7ED27EA8AA000633B5F /* DragHandleView.swift */; };
		B8B54F3B271F6C8400B9B507 /* EntryLink.swift in Sources */ = {isa = PBXBuildFile; fileRef = B8B54F3A271F6C8400B9B507 /* EntryLink.swift */; };
		B8B54F3D271F7C6B00B9B507 /* Suggestion.swift in Sources */ = {isa = PBXBuildFile; fileRef = B8B54F3C271F7C6B00B9B507 /* Suggestion.swift */; };
		B8CC433D27A07CE10079D2F9 /* ScrimView.swift in Sources */ = {isa = PBXBuildFile; fileRef = B8CC433C27A07CE10079D2F9 /* ScrimView.swift */; };
		B8CC433E27A07CE10079D2F9 /* ScrimView.swift in Sources */ = {isa = PBXBuildFile; fileRef = B8CC433C27A07CE10079D2F9 /* ScrimView.swift */; };
		B8CC434027A07DF10079D2F9 /* DialogView.swift in Sources */ = {isa = PBXBuildFile; fileRef = B8CC433F27A07DF10079D2F9 /* DialogView.swift */; };
		B8CC434127A07DF10079D2F9 /* DialogView.swift in Sources */ = {isa = PBXBuildFile; fileRef = B8CC433F27A07DF10079D2F9 /* DialogView.swift */; };
		B8CC434327A0815E0079D2F9 /* ModalView.swift in Sources */ = {isa = PBXBuildFile; fileRef = B8CC434227A0815E0079D2F9 /* ModalView.swift */; };
		B8CC434427A0815E0079D2F9 /* ModalView.swift in Sources */ = {isa = PBXBuildFile; fileRef = B8CC434227A0815E0079D2F9 /* ModalView.swift */; };
		B8CC434927A0CA8D0079D2F9 /* AnimationUtilities.swift in Sources */ = {isa = PBXBuildFile; fileRef = B8CC434827A0CA8D0079D2F9 /* AnimationUtilities.swift */; };
		B8CC434A27A0CA8D0079D2F9 /* AnimationUtilities.swift in Sources */ = {isa = PBXBuildFile; fileRef = B8CC434827A0CA8D0079D2F9 /* AnimationUtilities.swift */; };
		B8D7F03F27A4AD130042C7CF /* SuggestionLabelView.swift in Sources */ = {isa = PBXBuildFile; fileRef = B8D7F03E27A4AD130042C7CF /* SuggestionLabelView.swift */; };
		B8D7F04027A4AD130042C7CF /* SuggestionLabelView.swift in Sources */ = {isa = PBXBuildFile; fileRef = B8D7F03E27A4AD130042C7CF /* SuggestionLabelView.swift */; };
		B8D7F04227A4AE590042C7CF /* SuggestionViewModifier.swift in Sources */ = {isa = PBXBuildFile; fileRef = B8D7F04127A4AE590042C7CF /* SuggestionViewModifier.swift */; };
		B8D7F04327A4AE590042C7CF /* SuggestionViewModifier.swift in Sources */ = {isa = PBXBuildFile; fileRef = B8D7F04127A4AE590042C7CF /* SuggestionViewModifier.swift */; };
		B8DEBF192798B6A8007CB528 /* NavigationToolbar.swift in Sources */ = {isa = PBXBuildFile; fileRef = B8DEBF182798B6A8007CB528 /* NavigationToolbar.swift */; };
		B8DEBF1A2798B6A8007CB528 /* NavigationToolbar.swift in Sources */ = {isa = PBXBuildFile; fileRef = B8DEBF182798B6A8007CB528 /* NavigationToolbar.swift */; };
		B8DEBF1F2798EC23007CB528 /* TitleGroupView.swift in Sources */ = {isa = PBXBuildFile; fileRef = B8DEBF1E2798EC23007CB528 /* TitleGroupView.swift */; };
		B8DEBF202798EC23007CB528 /* TitleGroupView.swift in Sources */ = {isa = PBXBuildFile; fileRef = B8DEBF1E2798EC23007CB528 /* TitleGroupView.swift */; };
		B8DEBF222798EE99007CB528 /* RenameSuggestionLabelView.swift in Sources */ = {isa = PBXBuildFile; fileRef = B8DEBF212798EE99007CB528 /* RenameSuggestionLabelView.swift */; };
		B8DEBF232798EE99007CB528 /* RenameSuggestionLabelView.swift in Sources */ = {isa = PBXBuildFile; fileRef = B8DEBF212798EE99007CB528 /* RenameSuggestionLabelView.swift */; };
		B8DEBF252798EF6A007CB528 /* RenameSearchView.swift in Sources */ = {isa = PBXBuildFile; fileRef = B8DEBF242798EF6A007CB528 /* RenameSearchView.swift */; };
		B8DEBF262798EF6A007CB528 /* RenameSearchView.swift in Sources */ = {isa = PBXBuildFile; fileRef = B8DEBF242798EF6A007CB528 /* RenameSearchView.swift */; };
		B8E63EA6270F9DD000545719 /* StringRandomAlphanumeric.swift in Sources */ = {isa = PBXBuildFile; fileRef = B8E63EA5270F9DD000545719 /* StringRandomAlphanumeric.swift */; };
		B8E63EA7270F9DD000545719 /* StringRandomAlphanumeric.swift in Sources */ = {isa = PBXBuildFile; fileRef = B8E63EA5270F9DD000545719 /* StringRandomAlphanumeric.swift */; };
		B8EB2A1026F27797006E97C3 /* Tests_iOS.swift in Sources */ = {isa = PBXBuildFile; fileRef = B8EB2A0F26F27797006E97C3 /* Tests_iOS.swift */; };
		B8EB2A1226F27797006E97C3 /* Tests_iOSLaunchTests.swift in Sources */ = {isa = PBXBuildFile; fileRef = B8EB2A1126F27797006E97C3 /* Tests_iOSLaunchTests.swift */; };
		B8EB2A1C26F27797006E97C3 /* Tests_macOS.swift in Sources */ = {isa = PBXBuildFile; fileRef = B8EB2A1B26F27797006E97C3 /* Tests_macOS.swift */; };
		B8EB2A1E26F27797006E97C3 /* Tests_macOSLaunchTests.swift in Sources */ = {isa = PBXBuildFile; fileRef = B8EB2A1D26F27797006E97C3 /* Tests_macOSLaunchTests.swift */; };
		B8EB2A1F26F27797006E97C3 /* SubconsciousApp.swift in Sources */ = {isa = PBXBuildFile; fileRef = B8EB29F326F27794006E97C3 /* SubconsciousApp.swift */; };
		B8EB2A2026F27797006E97C3 /* SubconsciousApp.swift in Sources */ = {isa = PBXBuildFile; fileRef = B8EB29F326F27794006E97C3 /* SubconsciousApp.swift */; };
		B8EB2A2326F27797006E97C3 /* AppView.swift in Sources */ = {isa = PBXBuildFile; fileRef = B8EB29F526F27794006E97C3 /* AppView.swift */; };
		B8EB2A2426F27797006E97C3 /* AppView.swift in Sources */ = {isa = PBXBuildFile; fileRef = B8EB29F526F27794006E97C3 /* AppView.swift */; };
		B8EB2A2526F27797006E97C3 /* Assets.xcassets in Resources */ = {isa = PBXBuildFile; fileRef = B8EB29F626F27797006E97C3 /* Assets.xcassets */; };
		B8EC568626F41A3C00AC64E5 /* SearchbarRepresentable.swift in Sources */ = {isa = PBXBuildFile; fileRef = B8EC568526F41A3C00AC64E5 /* SearchbarRepresentable.swift */; };
		B8EC568726F41A3C00AC64E5 /* SearchbarRepresentable.swift in Sources */ = {isa = PBXBuildFile; fileRef = B8EC568526F41A3C00AC64E5 /* SearchbarRepresentable.swift */; };
		B8EC568926F4204F00AC64E5 /* SQLite3Database.swift in Sources */ = {isa = PBXBuildFile; fileRef = B8EC568826F4204F00AC64E5 /* SQLite3Database.swift */; };
		B8EC568A26F4204F00AC64E5 /* SQLite3Database.swift in Sources */ = {isa = PBXBuildFile; fileRef = B8EC568826F4204F00AC64E5 /* SQLite3Database.swift */; };
		B8EC568C26F4206400AC64E5 /* SQLite3Migrations.swift in Sources */ = {isa = PBXBuildFile; fileRef = B8EC568B26F4206400AC64E5 /* SQLite3Migrations.swift */; };
		B8EC568D26F4206400AC64E5 /* SQLite3Migrations.swift in Sources */ = {isa = PBXBuildFile; fileRef = B8EC568B26F4206400AC64E5 /* SQLite3Migrations.swift */; };
/* End PBXBuildFile section */

/* Begin PBXContainerItemProxy section */
		B80057EC27DC355E002C0129 /* PBXContainerItemProxy */ = {
			isa = PBXContainerItemProxy;
			containerPortal = B8EB29EE26F27794006E97C3 /* Project object */;
			proxyType = 1;
			remoteGlobalIDString = B8EB29FA26F27797006E97C3;
			remoteInfo = "Subconscious (iOS)";
		};
		B8EB2A0C26F27797006E97C3 /* PBXContainerItemProxy */ = {
			isa = PBXContainerItemProxy;
			containerPortal = B8EB29EE26F27794006E97C3 /* Project object */;
			proxyType = 1;
			remoteGlobalIDString = B8EB29FA26F27797006E97C3;
			remoteInfo = "Subconscious (iOS)";
		};
		B8EB2A1826F27797006E97C3 /* PBXContainerItemProxy */ = {
			isa = PBXContainerItemProxy;
			containerPortal = B8EB29EE26F27794006E97C3 /* Project object */;
			proxyType = 1;
			remoteGlobalIDString = B8EB2A0226F27797006E97C3;
			remoteInfo = "Subconscious (macOS)";
		};
/* End PBXContainerItemProxy section */

/* Begin PBXFileReference section */
		B80057E827DC355E002C0129 /* SubconsciousTests.xctest */ = {isa = PBXFileReference; explicitFileType = wrapper.cfbundle; includeInIndex = 0; path = SubconsciousTests.xctest; sourceTree = BUILT_PRODUCTS_DIR; };
		B80057EA27DC355E002C0129 /* SubconsciousTests.swift */ = {isa = PBXFileReference; lastKnownFileType = sourcecode.swift; path = SubconsciousTests.swift; sourceTree = "<group>"; };
		B80057F327DC35BE002C0129 /* Tests_Slug.swift */ = {isa = PBXFileReference; lastKnownFileType = sourcecode.swift; path = Tests_Slug.swift; sourceTree = "<group>"; };
		B8109C2727A8879C00CD2B6D /* AppTheme.swift */ = {isa = PBXFileReference; lastKnownFileType = sourcecode.swift; path = AppTheme.swift; sourceTree = "<group>"; };
		B81A535B27275138001A6268 /* Tape.swift */ = {isa = PBXFileReference; lastKnownFileType = sourcecode.swift; path = Tape.swift; sourceTree = "<group>"; };
		B81A535E272751EE001A6268 /* Subtext.swift */ = {isa = PBXFileReference; lastKnownFileType = sourcecode.swift; path = Subtext.swift; sourceTree = "<group>"; };
		B81EACD727B724A000B3B8DC /* ThickDividerView.swift */ = {isa = PBXFileReference; lastKnownFileType = sourcecode.swift; path = ThickDividerView.swift; sourceTree = "<group>"; };
		B81EBB0827025C1500B87594 /* BacklinkButtonStyle.swift */ = {isa = PBXFileReference; lastKnownFileType = sourcecode.swift; path = BacklinkButtonStyle.swift; sourceTree = "<group>"; };
		B8216F7727E11516002B70CB /* BottomSheetView.swift */ = {isa = PBXFileReference; lastKnownFileType = sourcecode.swift; path = BottomSheetView.swift; sourceTree = "<group>"; };
		B822F18C27C9C0AB00943C6B /* CountChip.swift */ = {isa = PBXFileReference; lastKnownFileType = sourcecode.swift; path = CountChip.swift; sourceTree = "<group>"; };
		B8249D9F27E2668500BCDFBA /* PinTrailingBottom.swift */ = {isa = PBXFileReference; lastKnownFileType = sourcecode.swift; path = PinTrailingBottom.swift; sourceTree = "<group>"; };
		B8249DA227E2753800BCDFBA /* ViewUtilities.swift */ = {isa = PBXFileReference; lastKnownFileType = sourcecode.swift; path = ViewUtilities.swift; sourceTree = "<group>"; };
		B824FDCD26FA662200B81BBD /* SubtextFile.swift */ = {isa = PBXFileReference; lastKnownFileType = sourcecode.swift; path = SubtextFile.swift; sourceTree = "<group>"; };
		B824FDD026FA98F300B81BBD /* EntryDetail.swift */ = {isa = PBXFileReference; lastKnownFileType = sourcecode.swift; path = EntryDetail.swift; sourceTree = "<group>"; };
		B824FDD326FAB1BC00B81BBD /* Truncate.swift */ = {isa = PBXFileReference; lastKnownFileType = sourcecode.swift; path = Truncate.swift; sourceTree = "<group>"; };
		B826B27427B5D95F003D3C03 /* SaveState.swift */ = {isa = PBXFileReference; lastKnownFileType = sourcecode.swift; path = SaveState.swift; sourceTree = "<group>"; };
		B82C3A5226F528B000833CC8 /* DatabaseService.swift */ = {isa = PBXFileReference; lastKnownFileType = sourcecode.swift; path = DatabaseService.swift; sourceTree = "<group>"; };
		B82C3A5526F529EF00833CC8 /* CombineUtilities.swift */ = {isa = PBXFileReference; lastKnownFileType = sourcecode.swift; path = CombineUtilities.swift; sourceTree = "<group>"; };
		B82C3A5826F5761700833CC8 /* FileSync.swift */ = {isa = PBXFileReference; fileEncoding = 4; lastKnownFileType = sourcecode.swift; path = FileSync.swift; sourceTree = "<group>"; };
		B82C3A5E26F576C600833CC8 /* FileManagerUtilities.swift */ = {isa = PBXFileReference; fileEncoding = 4; lastKnownFileType = sourcecode.swift; path = FileManagerUtilities.swift; sourceTree = "<group>"; };
		B82C3A6126F576FB00833CC8 /* URLUtilities.swift */ = {isa = PBXFileReference; fileEncoding = 4; lastKnownFileType = sourcecode.swift; path = URLUtilities.swift; sourceTree = "<group>"; };
		B82C3A6426F5796300833CC8 /* OptionalUtilities.swift */ = {isa = PBXFileReference; fileEncoding = 4; lastKnownFileType = sourcecode.swift; path = OptionalUtilities.swift; sourceTree = "<group>"; };
		B82C3A7526F6B5BF00833CC8 /* StringUtilities.swift */ = {isa = PBXFileReference; fileEncoding = 4; lastKnownFileType = sourcecode.swift; path = StringUtilities.swift; sourceTree = "<group>"; };
		B82FD4552730A62C002CB641 /* EntryRow.swift */ = {isa = PBXFileReference; lastKnownFileType = sourcecode.swift; path = EntryRow.swift; sourceTree = "<group>"; };
		B83E91D627692EC600045C6A /* FABButtonStyle.swift */ = {isa = PBXFileReference; lastKnownFileType = sourcecode.swift; path = FABButtonStyle.swift; sourceTree = "<group>"; };
		B85BF46E27BB0FA800F55730 /* RowViewModifier.swift */ = {isa = PBXFileReference; lastKnownFileType = sourcecode.swift; path = RowViewModifier.swift; sourceTree = "<group>"; };
		B85BF47427BB3D6E00F55730 /* ToolbarTitleGroupView.swift */ = {isa = PBXFileReference; lastKnownFileType = sourcecode.swift; path = ToolbarTitleGroupView.swift; sourceTree = "<group>"; };
		B85BF47727BC2B4700F55730 /* DetailToolbarContent.swift */ = {isa = PBXFileReference; lastKnownFileType = sourcecode.swift; path = DetailToolbarContent.swift; sourceTree = "<group>"; };
		B85BF47C27BDA0E100F55730 /* SaveEnvelope.swift */ = {isa = PBXFileReference; lastKnownFileType = sourcecode.swift; path = SaveEnvelope.swift; sourceTree = "<group>"; };
		B866868027AC4EF100A03A55 /* NSRangeUtilities.swift */ = {isa = PBXFileReference; lastKnownFileType = sourcecode.swift; path = NSRangeUtilities.swift; sourceTree = "<group>"; };
		B866868927AC8BED00A03A55 /* DetailKeyboardToolbarView.swift */ = {isa = PBXFileReference; fileEncoding = 4; lastKnownFileType = sourcecode.swift; path = DetailKeyboardToolbarView.swift; sourceTree = "<group>"; };
		B866868C27AC8C0100A03A55 /* MarkupTextViewRepresentable.swift */ = {isa = PBXFileReference; fileEncoding = 4; lastKnownFileType = sourcecode.swift; path = MarkupTextViewRepresentable.swift; sourceTree = "<group>"; };
		B86DFF2727BF02F0002E57ED /* CollectionUtilities.swift */ = {isa = PBXFileReference; lastKnownFileType = sourcecode.swift; path = CollectionUtilities.swift; sourceTree = "<group>"; };
		B86DFF2C27C0280B002E57ED /* EntryListView.swift */ = {isa = PBXFileReference; lastKnownFileType = sourcecode.swift; path = EntryListView.swift; sourceTree = "<group>"; };
		B86DFF3027C06EBC002E57ED /* RenameSuggestion.swift */ = {isa = PBXFileReference; lastKnownFileType = sourcecode.swift; path = RenameSuggestion.swift; sourceTree = "<group>"; };
		B86DFF3227C072CD002E57ED /* Func.swift */ = {isa = PBXFileReference; lastKnownFileType = sourcecode.swift; path = Func.swift; sourceTree = "<group>"; };
		B86DFF3427C07438002E57ED /* LinkSuggestion.swift */ = {isa = PBXFileReference; lastKnownFileType = sourcecode.swift; path = LinkSuggestion.swift; sourceTree = "<group>"; };
		B86DFF3627C09CA2002E57ED /* DateUtilities.swift */ = {isa = PBXFileReference; lastKnownFileType = sourcecode.swift; path = DateUtilities.swift; sourceTree = "<group>"; };
		B86DFF3827C15B77002E57ED /* Config.swift */ = {isa = PBXFileReference; lastKnownFileType = sourcecode.swift; path = Config.swift; sourceTree = "<group>"; };
		B877A6E427A1C2BC00F11A90 /* KeyboardService.swift */ = {isa = PBXFileReference; lastKnownFileType = sourcecode.swift; path = KeyboardService.swift; sourceTree = "<group>"; };
		B8879E9F26F90C5100A0B4FF /* AppNavigationView.swift */ = {isa = PBXFileReference; lastKnownFileType = sourcecode.swift; path = AppNavigationView.swift; sourceTree = "<group>"; };
		B8879EA526F9348600A0B4FF /* Slashlink.swift */ = {isa = PBXFileReference; lastKnownFileType = sourcecode.swift; path = Slashlink.swift; sourceTree = "<group>"; };
		B8879EA826F93EBF00A0B4FF /* BacklinksView.swift */ = {isa = PBXFileReference; lastKnownFileType = sourcecode.swift; path = BacklinksView.swift; sourceTree = "<group>"; };
		B8879EAB26F944DA00A0B4FF /* DetailView.swift */ = {isa = PBXFileReference; lastKnownFileType = sourcecode.swift; path = DetailView.swift; sourceTree = "<group>"; };
		B88C977D276425E800B27DF0 /* IBMPlexMono-Italic.ttf */ = {isa = PBXFileReference; lastKnownFileType = file; path = "IBMPlexMono-Italic.ttf"; sourceTree = "<group>"; };
		B88C977E276425E800B27DF0 /* IBMPlexMono-BoldItalic.ttf */ = {isa = PBXFileReference; lastKnownFileType = file; path = "IBMPlexMono-BoldItalic.ttf"; sourceTree = "<group>"; };
		B88C977F276425E800B27DF0 /* IBMPlexMono-Bold.ttf */ = {isa = PBXFileReference; lastKnownFileType = file; path = "IBMPlexMono-Bold.ttf"; sourceTree = "<group>"; };
		B88C9780276425E800B27DF0 /* IBMPlexMono-Regular.ttf */ = {isa = PBXFileReference; lastKnownFileType = file; path = "IBMPlexMono-Regular.ttf"; sourceTree = "<group>"; };
		B88C978F2764264300B27DF0 /* IBMPlexSans-Regular.ttf */ = {isa = PBXFileReference; lastKnownFileType = file; path = "IBMPlexSans-Regular.ttf"; sourceTree = "<group>"; };
		B88C97902764264300B27DF0 /* IBMPlexSans-Italic.ttf */ = {isa = PBXFileReference; lastKnownFileType = file; path = "IBMPlexSans-Italic.ttf"; sourceTree = "<group>"; };
		B88C97912764264300B27DF0 /* IBMPlexSans-BoldItalic.ttf */ = {isa = PBXFileReference; lastKnownFileType = file; path = "IBMPlexSans-BoldItalic.ttf"; sourceTree = "<group>"; };
		B88C97922764264300B27DF0 /* IBMPlexSans-Bold.ttf */ = {isa = PBXFileReference; lastKnownFileType = file; path = "IBMPlexSans-Bold.ttf"; sourceTree = "<group>"; };
		B88C979B2764266A00B27DF0 /* IBMPlexSans-Light.ttf */ = {isa = PBXFileReference; lastKnownFileType = file; path = "IBMPlexSans-Light.ttf"; sourceTree = "<group>"; };
		B88C979C2764266A00B27DF0 /* IBMPlexSans-Medium.ttf */ = {isa = PBXFileReference; lastKnownFileType = file; path = "IBMPlexSans-Medium.ttf"; sourceTree = "<group>"; };
		B88C97A12764270000B27DF0 /* LICENSE.txt */ = {isa = PBXFileReference; fileEncoding = 4; lastKnownFileType = text; path = LICENSE.txt; sourceTree = "<group>"; };
		B8901CF227978FDE007C9021 /* Slug.swift */ = {isa = PBXFileReference; lastKnownFileType = sourcecode.swift; path = Slug.swift; sourceTree = "<group>"; };
		B89D296727E832DC009E0DED /* LoggerUtilities.swift */ = {isa = PBXFileReference; lastKnownFileType = sourcecode.swift; path = LoggerUtilities.swift; sourceTree = "<group>"; };
		B8AC6489278F53920099E96B /* EntryStub.swift */ = {isa = PBXFileReference; lastKnownFileType = sourcecode.swift; path = EntryStub.swift; sourceTree = "<group>"; };
		B8AC648B278F757B0099E96B /* ProgressScrimView.swift */ = {isa = PBXFileReference; lastKnownFileType = sourcecode.swift; path = ProgressScrimView.swift; sourceTree = "<group>"; };
		B8AC648E278F7E7B0099E96B /* BackLabelStyle.swift */ = {isa = PBXFileReference; lastKnownFileType = sourcecode.swift; path = BackLabelStyle.swift; sourceTree = "<group>"; };
		B8AE34A6276A885300777FF0 /* TextViewRepresentable.swift */ = {isa = PBXFileReference; lastKnownFileType = sourcecode.swift; path = TextViewRepresentable.swift; sourceTree = "<group>"; };
		B8AE34A9276A986000777FF0 /* PlaceholderTextView.swift */ = {isa = PBXFileReference; lastKnownFileType = sourcecode.swift; path = PlaceholderTextView.swift; sourceTree = "<group>"; };
		B8AE34AC276A9CDB00777FF0 /* PrimaryButtonStyle.swift */ = {isa = PBXFileReference; lastKnownFileType = sourcecode.swift; path = PrimaryButtonStyle.swift; sourceTree = "<group>"; };
		B8AE34AF276A9F9C00777FF0 /* ColorUtilities.swift */ = {isa = PBXFileReference; lastKnownFileType = sourcecode.swift; path = ColorUtilities.swift; sourceTree = "<group>"; };
		B8AE34B5276AAAFF00777FF0 /* RoundedTextFieldViewModifier.swift */ = {isa = PBXFileReference; lastKnownFileType = sourcecode.swift; path = RoundedTextFieldViewModifier.swift; sourceTree = "<group>"; };
		B8AE34BB276AB3D400777FF0 /* SearchView.swift */ = {isa = PBXFileReference; lastKnownFileType = sourcecode.swift; path = SearchView.swift; sourceTree = "<group>"; };
		B8AE34BE276BD61400777FF0 /* RowButtonStyle.swift */ = {isa = PBXFileReference; lastKnownFileType = sourcecode.swift; path = RowButtonStyle.swift; sourceTree = "<group>"; };
		B8AE34C1276BD77C00777FF0 /* SuggestionLabelStyle.swift */ = {isa = PBXFileReference; lastKnownFileType = sourcecode.swift; path = SuggestionLabelStyle.swift; sourceTree = "<group>"; };
		B8AE34C4276BF72500777FF0 /* LinkSearchView.swift */ = {isa = PBXFileReference; lastKnownFileType = sourcecode.swift; path = LinkSearchView.swift; sourceTree = "<group>"; };
		B8AE34C7276BF77000777FF0 /* SearchTextField.swift */ = {isa = PBXFileReference; lastKnownFileType = sourcecode.swift; path = SearchTextField.swift; sourceTree = "<group>"; };
		B8AE34CA276C195E00777FF0 /* LinkSuggestionLabelView.swift */ = {isa = PBXFileReference; lastKnownFileType = sourcecode.swift; path = LinkSuggestionLabelView.swift; sourceTree = "<group>"; };
		B8B4D7EB27EA890B00633B5F /* ShadowStyle.swift */ = {isa = PBXFileReference; lastKnownFileType = sourcecode.swift; path = ShadowStyle.swift; sourceTree = "<group>"; };
		B8B4D7ED27EA8AA000633B5F /* DragHandleView.swift */ = {isa = PBXFileReference; lastKnownFileType = sourcecode.swift; path = DragHandleView.swift; sourceTree = "<group>"; };
		B8B54F3A271F6C8400B9B507 /* EntryLink.swift */ = {isa = PBXFileReference; lastKnownFileType = sourcecode.swift; path = EntryLink.swift; sourceTree = "<group>"; };
		B8B54F3C271F7C6B00B9B507 /* Suggestion.swift */ = {isa = PBXFileReference; lastKnownFileType = sourcecode.swift; path = Suggestion.swift; sourceTree = "<group>"; };
		B8CC433C27A07CE10079D2F9 /* ScrimView.swift */ = {isa = PBXFileReference; lastKnownFileType = sourcecode.swift; path = ScrimView.swift; sourceTree = "<group>"; };
		B8CC433F27A07DF10079D2F9 /* DialogView.swift */ = {isa = PBXFileReference; lastKnownFileType = sourcecode.swift; path = DialogView.swift; sourceTree = "<group>"; };
		B8CC434227A0815E0079D2F9 /* ModalView.swift */ = {isa = PBXFileReference; lastKnownFileType = sourcecode.swift; path = ModalView.swift; sourceTree = "<group>"; };
		B8CC434827A0CA8D0079D2F9 /* AnimationUtilities.swift */ = {isa = PBXFileReference; lastKnownFileType = sourcecode.swift; path = AnimationUtilities.swift; sourceTree = "<group>"; };
		B8D7F03E27A4AD130042C7CF /* SuggestionLabelView.swift */ = {isa = PBXFileReference; lastKnownFileType = sourcecode.swift; path = SuggestionLabelView.swift; sourceTree = "<group>"; };
		B8D7F04127A4AE590042C7CF /* SuggestionViewModifier.swift */ = {isa = PBXFileReference; lastKnownFileType = sourcecode.swift; path = SuggestionViewModifier.swift; sourceTree = "<group>"; };
		B8DEBF182798B6A8007CB528 /* NavigationToolbar.swift */ = {isa = PBXFileReference; lastKnownFileType = sourcecode.swift; path = NavigationToolbar.swift; sourceTree = "<group>"; };
		B8DEBF1E2798EC23007CB528 /* TitleGroupView.swift */ = {isa = PBXFileReference; lastKnownFileType = sourcecode.swift; path = TitleGroupView.swift; sourceTree = "<group>"; };
		B8DEBF212798EE99007CB528 /* RenameSuggestionLabelView.swift */ = {isa = PBXFileReference; lastKnownFileType = sourcecode.swift; path = RenameSuggestionLabelView.swift; sourceTree = "<group>"; };
		B8DEBF242798EF6A007CB528 /* RenameSearchView.swift */ = {isa = PBXFileReference; lastKnownFileType = sourcecode.swift; path = RenameSearchView.swift; sourceTree = "<group>"; };
		B8E63EA5270F9DD000545719 /* StringRandomAlphanumeric.swift */ = {isa = PBXFileReference; lastKnownFileType = sourcecode.swift; path = StringRandomAlphanumeric.swift; sourceTree = "<group>"; };
		B8EB29F326F27794006E97C3 /* SubconsciousApp.swift */ = {isa = PBXFileReference; lastKnownFileType = sourcecode.swift; path = SubconsciousApp.swift; sourceTree = "<group>"; };
		B8EB29F526F27794006E97C3 /* AppView.swift */ = {isa = PBXFileReference; lastKnownFileType = sourcecode.swift; path = AppView.swift; sourceTree = "<group>"; };
		B8EB29F626F27797006E97C3 /* Assets.xcassets */ = {isa = PBXFileReference; lastKnownFileType = folder.assetcatalog; path = Assets.xcassets; sourceTree = "<group>"; };
		B8EB29FB26F27797006E97C3 /* Subconscious.app */ = {isa = PBXFileReference; explicitFileType = wrapper.application; includeInIndex = 0; path = Subconscious.app; sourceTree = BUILT_PRODUCTS_DIR; };
		B8EB29FE26F27797006E97C3 /* Info.plist */ = {isa = PBXFileReference; lastKnownFileType = text.plist.xml; path = Info.plist; sourceTree = "<group>"; };
		B8EB2A0326F27797006E97C3 /* Subconscious.app */ = {isa = PBXFileReference; explicitFileType = wrapper.application; includeInIndex = 0; path = Subconscious.app; sourceTree = BUILT_PRODUCTS_DIR; };
		B8EB2A0526F27797006E97C3 /* Info.plist */ = {isa = PBXFileReference; lastKnownFileType = text.plist.xml; path = Info.plist; sourceTree = "<group>"; };
		B8EB2A0626F27797006E97C3 /* macOS.entitlements */ = {isa = PBXFileReference; lastKnownFileType = text.plist.entitlements; path = macOS.entitlements; sourceTree = "<group>"; };
		B8EB2A0B26F27797006E97C3 /* Tests iOS.xctest */ = {isa = PBXFileReference; explicitFileType = wrapper.cfbundle; includeInIndex = 0; path = "Tests iOS.xctest"; sourceTree = BUILT_PRODUCTS_DIR; };
		B8EB2A0F26F27797006E97C3 /* Tests_iOS.swift */ = {isa = PBXFileReference; lastKnownFileType = sourcecode.swift; path = Tests_iOS.swift; sourceTree = "<group>"; };
		B8EB2A1126F27797006E97C3 /* Tests_iOSLaunchTests.swift */ = {isa = PBXFileReference; lastKnownFileType = sourcecode.swift; path = Tests_iOSLaunchTests.swift; sourceTree = "<group>"; };
		B8EB2A1726F27797006E97C3 /* Tests macOS.xctest */ = {isa = PBXFileReference; explicitFileType = wrapper.cfbundle; includeInIndex = 0; path = "Tests macOS.xctest"; sourceTree = BUILT_PRODUCTS_DIR; };
		B8EB2A1B26F27797006E97C3 /* Tests_macOS.swift */ = {isa = PBXFileReference; lastKnownFileType = sourcecode.swift; path = Tests_macOS.swift; sourceTree = "<group>"; };
		B8EB2A1D26F27797006E97C3 /* Tests_macOSLaunchTests.swift */ = {isa = PBXFileReference; lastKnownFileType = sourcecode.swift; path = Tests_macOSLaunchTests.swift; sourceTree = "<group>"; };
		B8EC568526F41A3C00AC64E5 /* SearchbarRepresentable.swift */ = {isa = PBXFileReference; lastKnownFileType = sourcecode.swift; path = SearchbarRepresentable.swift; sourceTree = "<group>"; };
		B8EC568826F4204F00AC64E5 /* SQLite3Database.swift */ = {isa = PBXFileReference; lastKnownFileType = sourcecode.swift; path = SQLite3Database.swift; sourceTree = "<group>"; };
		B8EC568B26F4206400AC64E5 /* SQLite3Migrations.swift */ = {isa = PBXFileReference; lastKnownFileType = sourcecode.swift; path = SQLite3Migrations.swift; sourceTree = "<group>"; };
/* End PBXFileReference section */

/* Begin PBXFrameworksBuildPhase section */
		B80057E527DC355E002C0129 /* Frameworks */ = {
			isa = PBXFrameworksBuildPhase;
			buildActionMask = 2147483647;
			files = (
			);
			runOnlyForDeploymentPostprocessing = 0;
		};
		B8EB29F826F27797006E97C3 /* Frameworks */ = {
			isa = PBXFrameworksBuildPhase;
			buildActionMask = 2147483647;
			files = (
				B82C3A7126F6B1C000833CC8 /* OrderedCollections in Frameworks */,
				B822F18B27C9615600943C6B /* ObservableStore in Frameworks */,
				B8579B6527C561E900D8B4BC /* SwiftSubsurface in Frameworks */,
				B82C3A6F26F6B1C000833CC8 /* Collections in Frameworks */,
			);
			runOnlyForDeploymentPostprocessing = 0;
		};
		B8EB2A0026F27797006E97C3 /* Frameworks */ = {
			isa = PBXFrameworksBuildPhase;
			buildActionMask = 2147483647;
			files = (
			);
			runOnlyForDeploymentPostprocessing = 0;
		};
		B8EB2A0826F27797006E97C3 /* Frameworks */ = {
			isa = PBXFrameworksBuildPhase;
			buildActionMask = 2147483647;
			files = (
			);
			runOnlyForDeploymentPostprocessing = 0;
		};
		B8EB2A1426F27797006E97C3 /* Frameworks */ = {
			isa = PBXFrameworksBuildPhase;
			buildActionMask = 2147483647;
			files = (
			);
			runOnlyForDeploymentPostprocessing = 0;
		};
/* End PBXFrameworksBuildPhase section */

/* Begin PBXGroup section */
		B80057E927DC355E002C0129 /* SubconsciousTests */ = {
			isa = PBXGroup;
			children = (
				B80057EA27DC355E002C0129 /* SubconsciousTests.swift */,
				B80057F327DC35BE002C0129 /* Tests_Slug.swift */,
			);
			path = SubconsciousTests;
			sourceTree = "<group>";
		};
		B8879E9B26F8F3BD00A0B4FF /* Services */ = {
			isa = PBXGroup;
			children = (
				B82C3A5226F528B000833CC8 /* DatabaseService.swift */,
				B877A6E427A1C2BC00F11A90 /* KeyboardService.swift */,
			);
			path = Services;
			sourceTree = "<group>";
		};
		B88C977C276425C100B27DF0 /* Fonts */ = {
			isa = PBXGroup;
			children = (
				B88C977F276425E800B27DF0 /* IBMPlexMono-Bold.ttf */,
				B88C977E276425E800B27DF0 /* IBMPlexMono-BoldItalic.ttf */,
				B88C977D276425E800B27DF0 /* IBMPlexMono-Italic.ttf */,
				B88C9780276425E800B27DF0 /* IBMPlexMono-Regular.ttf */,
				B88C97922764264300B27DF0 /* IBMPlexSans-Bold.ttf */,
				B88C97912764264300B27DF0 /* IBMPlexSans-BoldItalic.ttf */,
				B88C97902764264300B27DF0 /* IBMPlexSans-Italic.ttf */,
				B88C979B2764266A00B27DF0 /* IBMPlexSans-Light.ttf */,
				B88C979C2764266A00B27DF0 /* IBMPlexSans-Medium.ttf */,
				B88C978F2764264300B27DF0 /* IBMPlexSans-Regular.ttf */,
				B88C97A12764270000B27DF0 /* LICENSE.txt */,
			);
			path = Fonts;
			sourceTree = "<group>";
		};
		B8B54F39271F6C6800B9B507 /* Models */ = {
			isa = PBXGroup;
			children = (
				B824FDD026FA98F300B81BBD /* EntryDetail.swift */,
				B8B54F3A271F6C8400B9B507 /* EntryLink.swift */,
				B8AC6489278F53920099E96B /* EntryStub.swift */,
				B8901CF227978FDE007C9021 /* Slug.swift */,
				B824FDCD26FA662200B81BBD /* SubtextFile.swift */,
				B8B54F3C271F7C6B00B9B507 /* Suggestion.swift */,
				B826B27427B5D95F003D3C03 /* SaveState.swift */,
				B85BF47C27BDA0E100F55730 /* SaveEnvelope.swift */,
				B86DFF3027C06EBC002E57ED /* RenameSuggestion.swift */,
				B86DFF3427C07438002E57ED /* LinkSuggestion.swift */,
			);
			path = Models;
			sourceTree = "<group>";
		};
		B8EB29ED26F27794006E97C3 = {
			isa = PBXGroup;
			children = (
				B8EB29F226F27794006E97C3 /* Shared */,
				B8EB29FD26F27797006E97C3 /* iOS */,
				B8EB2A0426F27797006E97C3 /* macOS */,
				B8EB2A0E26F27797006E97C3 /* Tests iOS */,
				B8EB2A1A26F27797006E97C3 /* Tests macOS */,
				B80057E927DC355E002C0129 /* SubconsciousTests */,
				B8EB29FC26F27797006E97C3 /* Products */,
			);
			sourceTree = "<group>";
		};
		B8EB29F226F27794006E97C3 /* Shared */ = {
			isa = PBXGroup;
			children = (
				B8EB29F626F27797006E97C3 /* Assets.xcassets */,
				B8EB2A3826F27CD1006E97C3 /* Components */,
				B88C977C276425C100B27DF0 /* Fonts */,
				B8EC568026F4156F00AC64E5 /* Library */,
				B8B54F39271F6C6800B9B507 /* Models */,
				B8879E9B26F8F3BD00A0B4FF /* Services */,
				B8EB29F326F27794006E97C3 /* SubconsciousApp.swift */,
				B8109C2727A8879C00CD2B6D /* AppTheme.swift */,
				B86DFF3827C15B77002E57ED /* Config.swift */,
			);
			path = Shared;
			sourceTree = "<group>";
		};
		B8EB29FC26F27797006E97C3 /* Products */ = {
			isa = PBXGroup;
			children = (
				B8EB29FB26F27797006E97C3 /* Subconscious.app */,
				B8EB2A0326F27797006E97C3 /* Subconscious.app */,
				B8EB2A0B26F27797006E97C3 /* Tests iOS.xctest */,
				B8EB2A1726F27797006E97C3 /* Tests macOS.xctest */,
				B80057E827DC355E002C0129 /* SubconsciousTests.xctest */,
			);
			name = Products;
			sourceTree = "<group>";
		};
		B8EB29FD26F27797006E97C3 /* iOS */ = {
			isa = PBXGroup;
			children = (
				B8EB29FE26F27797006E97C3 /* Info.plist */,
			);
			path = iOS;
			sourceTree = "<group>";
		};
		B8EB2A0426F27797006E97C3 /* macOS */ = {
			isa = PBXGroup;
			children = (
				B8EB2A0526F27797006E97C3 /* Info.plist */,
				B8EB2A0626F27797006E97C3 /* macOS.entitlements */,
			);
			path = macOS;
			sourceTree = "<group>";
		};
		B8EB2A0E26F27797006E97C3 /* Tests iOS */ = {
			isa = PBXGroup;
			children = (
				B8EB2A0F26F27797006E97C3 /* Tests_iOS.swift */,
				B8EB2A1126F27797006E97C3 /* Tests_iOSLaunchTests.swift */,
			);
			path = "Tests iOS";
			sourceTree = "<group>";
		};
		B8EB2A1A26F27797006E97C3 /* Tests macOS */ = {
			isa = PBXGroup;
			children = (
				B8EB2A1B26F27797006E97C3 /* Tests_macOS.swift */,
				B8EB2A1D26F27797006E97C3 /* Tests_macOSLaunchTests.swift */,
			);
			path = "Tests macOS";
			sourceTree = "<group>";
		};
		B8EB2A3826F27CD1006E97C3 /* Components */ = {
			isa = PBXGroup;
			children = (
				B8879E9F26F90C5100A0B4FF /* AppNavigationView.swift */,
				B8EB29F526F27794006E97C3 /* AppView.swift */,
				B8879EA826F93EBF00A0B4FF /* BacklinksView.swift */,
				B8EC568426F41A2C00AC64E5 /* Common */,
				B866868927AC8BED00A03A55 /* DetailKeyboardToolbarView.swift */,
				B85BF47727BC2B4700F55730 /* DetailToolbarContent.swift */,
				B8879EAB26F944DA00A0B4FF /* DetailView.swift */,
				B8AE34C4276BF72500777FF0 /* LinkSearchView.swift */,
				B8DEBF242798EF6A007CB528 /* RenameSearchView.swift */,
				B8AE34BB276AB3D400777FF0 /* SearchView.swift */,
				B86DFF2C27C0280B002E57ED /* EntryListView.swift */,
			);
			path = Components;
			sourceTree = "<group>";
		};
		B8EC568026F4156F00AC64E5 /* Library */ = {
			isa = PBXGroup;
			children = (
				B8CC434827A0CA8D0079D2F9 /* AnimationUtilities.swift */,
				B8AE34AF276A9F9C00777FF0 /* ColorUtilities.swift */,
				B82C3A5526F529EF00833CC8 /* CombineUtilities.swift */,
				B82C3A5E26F576C600833CC8 /* FileManagerUtilities.swift */,
				B82C3A5826F5761700833CC8 /* FileSync.swift */,
				B866868027AC4EF100A03A55 /* NSRangeUtilities.swift */,
				B82C3A6426F5796300833CC8 /* OptionalUtilities.swift */,
				B8879EA526F9348600A0B4FF /* Slashlink.swift */,
				B8EC568826F4204F00AC64E5 /* SQLite3Database.swift */,
				B8EC568B26F4206400AC64E5 /* SQLite3Migrations.swift */,
				B8E63EA5270F9DD000545719 /* StringRandomAlphanumeric.swift */,
				B82C3A7526F6B5BF00833CC8 /* StringUtilities.swift */,
				B81A535E272751EE001A6268 /* Subtext.swift */,
				B81A535B27275138001A6268 /* Tape.swift */,
				B824FDD326FAB1BC00B81BBD /* Truncate.swift */,
				B82C3A6126F576FB00833CC8 /* URLUtilities.swift */,
				B86DFF2727BF02F0002E57ED /* CollectionUtilities.swift */,
				B86DFF3227C072CD002E57ED /* Func.swift */,
				B86DFF3627C09CA2002E57ED /* DateUtilities.swift */,
				B8249DA227E2753800BCDFBA /* ViewUtilities.swift */,
				B89D296727E832DC009E0DED /* LoggerUtilities.swift */,
				B8B4D7EB27EA890B00633B5F /* ShadowStyle.swift */,
			);
			path = Library;
			sourceTree = "<group>";
		};
		B8EC568426F41A2C00AC64E5 /* Common */ = {
			isa = PBXGroup;
			children = (
				B8AC648E278F7E7B0099E96B /* BackLabelStyle.swift */,
				B81EBB0827025C1500B87594 /* BacklinkButtonStyle.swift */,
				B8216F7727E11516002B70CB /* BottomSheetView.swift */,
				B822F18C27C9C0AB00943C6B /* CountChip.swift */,
				B8CC433F27A07DF10079D2F9 /* DialogView.swift */,
				B82FD4552730A62C002CB641 /* EntryRow.swift */,
				B83E91D627692EC600045C6A /* FABButtonStyle.swift */,
				B8AE34CA276C195E00777FF0 /* LinkSuggestionLabelView.swift */,
				B866868C27AC8C0100A03A55 /* MarkupTextViewRepresentable.swift */,
				B8CC434227A0815E0079D2F9 /* ModalView.swift */,
				B8DEBF182798B6A8007CB528 /* NavigationToolbar.swift */,
				B8249D9F27E2668500BCDFBA /* PinTrailingBottom.swift */,
				B8AE34A9276A986000777FF0 /* PlaceholderTextView.swift */,
				B8AE34AC276A9CDB00777FF0 /* PrimaryButtonStyle.swift */,
				B8AC648B278F757B0099E96B /* ProgressScrimView.swift */,
				B8DEBF212798EE99007CB528 /* RenameSuggestionLabelView.swift */,
				B8AE34B5276AAAFF00777FF0 /* RoundedTextFieldViewModifier.swift */,
				B8AE34BE276BD61400777FF0 /* RowButtonStyle.swift */,
				B85BF46E27BB0FA800F55730 /* RowViewModifier.swift */,
				B8CC433C27A07CE10079D2F9 /* ScrimView.swift */,
				B8EC568526F41A3C00AC64E5 /* SearchbarRepresentable.swift */,
				B8AE34C7276BF77000777FF0 /* SearchTextField.swift */,
				B8AE34C1276BD77C00777FF0 /* SuggestionLabelStyle.swift */,
				B8D7F03E27A4AD130042C7CF /* SuggestionLabelView.swift */,
				B8D7F04127A4AE590042C7CF /* SuggestionViewModifier.swift */,
				B8AE34A6276A885300777FF0 /* TextViewRepresentable.swift */,
				B81EACD727B724A000B3B8DC /* ThickDividerView.swift */,
				B8DEBF1E2798EC23007CB528 /* TitleGroupView.swift */,
				B85BF47427BB3D6E00F55730 /* ToolbarTitleGroupView.swift */,
				B8B4D7ED27EA8AA000633B5F /* DragHandleView.swift */,
			);
			path = Common;
			sourceTree = "<group>";
		};
/* End PBXGroup section */

/* Begin PBXNativeTarget section */
		B80057E727DC355E002C0129 /* SubconsciousTests */ = {
			isa = PBXNativeTarget;
			buildConfigurationList = B80057F027DC355E002C0129 /* Build configuration list for PBXNativeTarget "SubconsciousTests" */;
			buildPhases = (
				B80057E427DC355E002C0129 /* Sources */,
				B80057E527DC355E002C0129 /* Frameworks */,
				B80057E627DC355E002C0129 /* Resources */,
			);
			buildRules = (
			);
			dependencies = (
				B80057ED27DC355E002C0129 /* PBXTargetDependency */,
			);
			name = SubconsciousTests;
			productName = SubconsciousTests;
			productReference = B80057E827DC355E002C0129 /* SubconsciousTests.xctest */;
			productType = "com.apple.product-type.bundle.unit-test";
		};
		B8EB29FA26F27797006E97C3 /* Subconscious (iOS) */ = {
			isa = PBXNativeTarget;
			buildConfigurationList = B8EB2A2926F27797006E97C3 /* Build configuration list for PBXNativeTarget "Subconscious (iOS)" */;
			buildPhases = (
				B8EB29F726F27797006E97C3 /* Sources */,
				B8EB29F826F27797006E97C3 /* Frameworks */,
				B8EB29F926F27797006E97C3 /* Resources */,
			);
			buildRules = (
			);
			dependencies = (
				B8579B6727C5620800D8B4BC /* PBXTargetDependency */,
				B8579B6927C5620800D8B4BC /* PBXTargetDependency */,
				B8579B6B27C5620800D8B4BC /* PBXTargetDependency */,
			);
			name = "Subconscious (iOS)";
			packageProductDependencies = (
				B82C3A6E26F6B1C000833CC8 /* Collections */,
				B82C3A7026F6B1C000833CC8 /* OrderedCollections */,
				B8579B6427C561E900D8B4BC /* SwiftSubsurface */,
				B822F18A27C9615600943C6B /* ObservableStore */,
			);
			productName = "Subconscious (iOS)";
			productReference = B8EB29FB26F27797006E97C3 /* Subconscious.app */;
			productType = "com.apple.product-type.application";
		};
		B8EB2A0226F27797006E97C3 /* Subconscious (macOS) */ = {
			isa = PBXNativeTarget;
			buildConfigurationList = B8EB2A2C26F27797006E97C3 /* Build configuration list for PBXNativeTarget "Subconscious (macOS)" */;
			buildPhases = (
				B8EB29FF26F27797006E97C3 /* Sources */,
				B8EB2A0026F27797006E97C3 /* Frameworks */,
				B8EB2A0126F27797006E97C3 /* Resources */,
			);
			buildRules = (
			);
			dependencies = (
			);
			name = "Subconscious (macOS)";
			productName = "Subconscious (macOS)";
			productReference = B8EB2A0326F27797006E97C3 /* Subconscious.app */;
			productType = "com.apple.product-type.application";
		};
		B8EB2A0A26F27797006E97C3 /* Tests iOS */ = {
			isa = PBXNativeTarget;
			buildConfigurationList = B8EB2A2F26F27797006E97C3 /* Build configuration list for PBXNativeTarget "Tests iOS" */;
			buildPhases = (
				B8EB2A0726F27797006E97C3 /* Sources */,
				B8EB2A0826F27797006E97C3 /* Frameworks */,
				B8EB2A0926F27797006E97C3 /* Resources */,
			);
			buildRules = (
			);
			dependencies = (
				B8EB2A0D26F27797006E97C3 /* PBXTargetDependency */,
			);
			name = "Tests iOS";
			productName = "Tests iOS";
			productReference = B8EB2A0B26F27797006E97C3 /* Tests iOS.xctest */;
			productType = "com.apple.product-type.bundle.ui-testing";
		};
		B8EB2A1626F27797006E97C3 /* Tests macOS */ = {
			isa = PBXNativeTarget;
			buildConfigurationList = B8EB2A3226F27797006E97C3 /* Build configuration list for PBXNativeTarget "Tests macOS" */;
			buildPhases = (
				B8EB2A1326F27797006E97C3 /* Sources */,
				B8EB2A1426F27797006E97C3 /* Frameworks */,
				B8EB2A1526F27797006E97C3 /* Resources */,
			);
			buildRules = (
			);
			dependencies = (
				B8EB2A1926F27797006E97C3 /* PBXTargetDependency */,
			);
			name = "Tests macOS";
			productName = "Tests macOS";
			productReference = B8EB2A1726F27797006E97C3 /* Tests macOS.xctest */;
			productType = "com.apple.product-type.bundle.ui-testing";
		};
/* End PBXNativeTarget section */

/* Begin PBXProject section */
		B8EB29EE26F27794006E97C3 /* Project object */ = {
			isa = PBXProject;
			attributes = {
				BuildIndependentTargetsInParallel = 1;
				LastSwiftUpdateCheck = 1320;
				LastUpgradeCheck = 1300;
				TargetAttributes = {
					B80057E727DC355E002C0129 = {
						CreatedOnToolsVersion = 13.2.1;
						TestTargetID = B8EB29FA26F27797006E97C3;
					};
					B8EB29FA26F27797006E97C3 = {
						CreatedOnToolsVersion = 13.0;
					};
					B8EB2A0226F27797006E97C3 = {
						CreatedOnToolsVersion = 13.0;
					};
					B8EB2A0A26F27797006E97C3 = {
						CreatedOnToolsVersion = 13.0;
						TestTargetID = B8EB29FA26F27797006E97C3;
					};
					B8EB2A1626F27797006E97C3 = {
						CreatedOnToolsVersion = 13.0;
						TestTargetID = B8EB2A0226F27797006E97C3;
					};
				};
			};
			buildConfigurationList = B8EB29F126F27794006E97C3 /* Build configuration list for PBXProject "Subconscious" */;
			compatibilityVersion = "Xcode 13.0";
			developmentRegion = en;
			hasScannedForEncodings = 0;
			knownRegions = (
				en,
				Base,
			);
			mainGroup = B8EB29ED26F27794006E97C3;
			packageReferences = (
				B82C3A6D26F6B1C000833CC8 /* XCRemoteSwiftPackageReference "swift-collections" */,
				B8579B6327C561E900D8B4BC /* XCRemoteSwiftPackageReference "SwiftSubsurface" */,
				B822F18927C9615600943C6B /* XCRemoteSwiftPackageReference "ObservableStore" */,
			);
			productRefGroup = B8EB29FC26F27797006E97C3 /* Products */;
			projectDirPath = "";
			projectRoot = "";
			targets = (
				B8EB29FA26F27797006E97C3 /* Subconscious (iOS) */,
				B8EB2A0226F27797006E97C3 /* Subconscious (macOS) */,
				B8EB2A0A26F27797006E97C3 /* Tests iOS */,
				B8EB2A1626F27797006E97C3 /* Tests macOS */,
				B80057E727DC355E002C0129 /* SubconsciousTests */,
			);
		};
/* End PBXProject section */

/* Begin PBXResourcesBuildPhase section */
		B80057E627DC355E002C0129 /* Resources */ = {
			isa = PBXResourcesBuildPhase;
			buildActionMask = 2147483647;
			files = (
			);
			runOnlyForDeploymentPostprocessing = 0;
		};
		B8EB29F926F27797006E97C3 /* Resources */ = {
			isa = PBXResourcesBuildPhase;
			buildActionMask = 2147483647;
			files = (
				B88C97A22764270000B27DF0 /* LICENSE.txt in Resources */,
				B88C979D2764266A00B27DF0 /* IBMPlexSans-Light.ttf in Resources */,
				B88C97972764264300B27DF0 /* IBMPlexSans-BoldItalic.ttf in Resources */,
				B88C9785276425E900B27DF0 /* IBMPlexMono-Bold.ttf in Resources */,
				B88C9783276425E900B27DF0 /* IBMPlexMono-BoldItalic.ttf in Resources */,
				B88C9787276425E900B27DF0 /* IBMPlexMono-Regular.ttf in Resources */,
				B8EB2A2526F27797006E97C3 /* Assets.xcassets in Resources */,
				B88C97932764264300B27DF0 /* IBMPlexSans-Regular.ttf in Resources */,
				B88C9781276425E800B27DF0 /* IBMPlexMono-Italic.ttf in Resources */,
				B88C979F2764266A00B27DF0 /* IBMPlexSans-Medium.ttf in Resources */,
				B88C97952764264300B27DF0 /* IBMPlexSans-Italic.ttf in Resources */,
				B88C97992764264300B27DF0 /* IBMPlexSans-Bold.ttf in Resources */,
			);
			runOnlyForDeploymentPostprocessing = 0;
		};
		B8EB2A0126F27797006E97C3 /* Resources */ = {
			isa = PBXResourcesBuildPhase;
			buildActionMask = 2147483647;
			files = (
				B88C97A32764270000B27DF0 /* LICENSE.txt in Resources */,
				B88C979E2764266A00B27DF0 /* IBMPlexSans-Light.ttf in Resources */,
				B88C97982764264300B27DF0 /* IBMPlexSans-BoldItalic.ttf in Resources */,
				B88C9786276425E900B27DF0 /* IBMPlexMono-Bold.ttf in Resources */,
				B88C9784276425E900B27DF0 /* IBMPlexMono-BoldItalic.ttf in Resources */,
				B88C9788276425E900B27DF0 /* IBMPlexMono-Regular.ttf in Resources */,
				B88C97942764264300B27DF0 /* IBMPlexSans-Regular.ttf in Resources */,
				B88C9782276425E900B27DF0 /* IBMPlexMono-Italic.ttf in Resources */,
				B88C97A02764266A00B27DF0 /* IBMPlexSans-Medium.ttf in Resources */,
				B88C97962764264300B27DF0 /* IBMPlexSans-Italic.ttf in Resources */,
				B88C979A2764264300B27DF0 /* IBMPlexSans-Bold.ttf in Resources */,
			);
			runOnlyForDeploymentPostprocessing = 0;
		};
		B8EB2A0926F27797006E97C3 /* Resources */ = {
			isa = PBXResourcesBuildPhase;
			buildActionMask = 2147483647;
			files = (
			);
			runOnlyForDeploymentPostprocessing = 0;
		};
		B8EB2A1526F27797006E97C3 /* Resources */ = {
			isa = PBXResourcesBuildPhase;
			buildActionMask = 2147483647;
			files = (
			);
			runOnlyForDeploymentPostprocessing = 0;
		};
/* End PBXResourcesBuildPhase section */

/* Begin PBXSourcesBuildPhase section */
		B80057E427DC355E002C0129 /* Sources */ = {
			isa = PBXSourcesBuildPhase;
			buildActionMask = 2147483647;
			files = (
				B80057F427DC35BE002C0129 /* Tests_Slug.swift in Sources */,
				B80057EB27DC355E002C0129 /* SubconsciousTests.swift in Sources */,
			);
			runOnlyForDeploymentPostprocessing = 0;
		};
		B8EB29F726F27797006E97C3 /* Sources */ = {
			isa = PBXSourcesBuildPhase;
			buildActionMask = 2147483647;
			files = (
				B82FD4562730A62C002CB641 /* EntryRow.swift in Sources */,
				B8AE34C2276BD77C00777FF0 /* SuggestionLabelStyle.swift in Sources */,
				B82C3A6526F5796300833CC8 /* OptionalUtilities.swift in Sources */,
				B8216F7827E11516002B70CB /* BottomSheetView.swift in Sources */,
				B8B54F3B271F6C8400B9B507 /* EntryLink.swift in Sources */,
				B8AE34B0276A9F9C00777FF0 /* ColorUtilities.swift in Sources */,
				B8CC433D27A07CE10079D2F9 /* ScrimView.swift in Sources */,
				B81EBB0927025C1500B87594 /* BacklinkButtonStyle.swift in Sources */,
				B8249DA327E2753800BCDFBA /* ViewUtilities.swift in Sources */,
				B82C3A6226F576FC00833CC8 /* URLUtilities.swift in Sources */,
				B866868A27AC8BED00A03A55 /* DetailKeyboardToolbarView.swift in Sources */,
				B81A535F272751EE001A6268 /* Subtext.swift in Sources */,
				B8109C2827A8879C00CD2B6D /* AppTheme.swift in Sources */,
				B8D7F03F27A4AD130042C7CF /* SuggestionLabelView.swift in Sources */,
				B8B4D7EE27EA8AA000633B5F /* DragHandleView.swift in Sources */,
				B8E63EA6270F9DD000545719 /* StringRandomAlphanumeric.swift in Sources */,
				B8CC434327A0815E0079D2F9 /* ModalView.swift in Sources */,
				B85BF47527BB3D6E00F55730 /* ToolbarTitleGroupView.swift in Sources */,
				B8879EA926F93EBF00A0B4FF /* BacklinksView.swift in Sources */,
				B86DFF2827BF02F0002E57ED /* CollectionUtilities.swift in Sources */,
				B824FDD426FAB1BC00B81BBD /* Truncate.swift in Sources */,
				B86DFF3327C072CD002E57ED /* Func.swift in Sources */,
				B8901CF327978FDE007C9021 /* Slug.swift in Sources */,
				B86DFF3527C07438002E57ED /* LinkSuggestion.swift in Sources */,
				B82C3A5A26F5761700833CC8 /* FileSync.swift in Sources */,
				B866868D27AC8C0100A03A55 /* MarkupTextViewRepresentable.swift in Sources */,
				B8AE34BC276AB3D500777FF0 /* SearchView.swift in Sources */,
				B81EACD827B724A000B3B8DC /* ThickDividerView.swift in Sources */,
				B8CC434027A07DF10079D2F9 /* DialogView.swift in Sources */,
				B8D7F04227A4AE590042C7CF /* SuggestionViewModifier.swift in Sources */,
				B85BF47D27BDA0E100F55730 /* SaveEnvelope.swift in Sources */,
				B8879EA626F9348600A0B4FF /* Slashlink.swift in Sources */,
				B8DEBF192798B6A8007CB528 /* NavigationToolbar.swift in Sources */,
				B822F18D27C9C0AB00943C6B /* CountChip.swift in Sources */,
				B8879EAC26F944DA00A0B4FF /* DetailView.swift in Sources */,
				B82C3A7626F6B5BF00833CC8 /* StringUtilities.swift in Sources */,
				B85BF47827BC2B4700F55730 /* DetailToolbarContent.swift in Sources */,
				B8EB2A1F26F27797006E97C3 /* SubconsciousApp.swift in Sources */,
				B866868127AC4EF100A03A55 /* NSRangeUtilities.swift in Sources */,
				B824FDD126FA98F300B81BBD /* EntryDetail.swift in Sources */,
				B8AE34AA276A986000777FF0 /* PlaceholderTextView.swift in Sources */,
				B8DEBF252798EF6A007CB528 /* RenameSearchView.swift in Sources */,
				B826B27527B5D95F003D3C03 /* SaveState.swift in Sources */,
				B82C3A5626F529EF00833CC8 /* CombineUtilities.swift in Sources */,
				B8AE34C8276BF77000777FF0 /* SearchTextField.swift in Sources */,
				B8249DA027E2668500BCDFBA /* PinTrailingBottom.swift in Sources */,
				B89D296827E832DC009E0DED /* LoggerUtilities.swift in Sources */,
				B81A535C27275138001A6268 /* Tape.swift in Sources */,
				B824FDCE26FA662200B81BBD /* SubtextFile.swift in Sources */,
				B8EC568626F41A3C00AC64E5 /* SearchbarRepresentable.swift in Sources */,
				B8AC648A278F53920099E96B /* EntryStub.swift in Sources */,
				B8AE34C5276BF72500777FF0 /* LinkSearchView.swift in Sources */,
				B8AE34CB276C195E00777FF0 /* LinkSuggestionLabelView.swift in Sources */,
				B8AC648C278F757B0099E96B /* ProgressScrimView.swift in Sources */,
				B82C3A5326F528B000833CC8 /* DatabaseService.swift in Sources */,
				B877A6E527A1C2BC00F11A90 /* KeyboardService.swift in Sources */,
				B8879EA026F90C5100A0B4FF /* AppNavigationView.swift in Sources */,
				B8EB2A2326F27797006E97C3 /* AppView.swift in Sources */,
				B8B4D7EC27EA890B00633B5F /* ShadowStyle.swift in Sources */,
				B85BF46F27BB0FA800F55730 /* RowViewModifier.swift in Sources */,
				B86DFF3127C06EBC002E57ED /* RenameSuggestion.swift in Sources */,
				B8AE34A7276A885300777FF0 /* TextViewRepresentable.swift in Sources */,
				B8DEBF222798EE99007CB528 /* RenameSuggestionLabelView.swift in Sources */,
				B8DEBF1F2798EC23007CB528 /* TitleGroupView.swift in Sources */,
				B8AE34BF276BD61400777FF0 /* RowButtonStyle.swift in Sources */,
				B86DFF3727C09CA2002E57ED /* DateUtilities.swift in Sources */,
				B8CC434927A0CA8D0079D2F9 /* AnimationUtilities.swift in Sources */,
				B8AE34AD276A9CDB00777FF0 /* PrimaryButtonStyle.swift in Sources */,
				B82C3A5F26F576C600833CC8 /* FileManagerUtilities.swift in Sources */,
				B8B54F3D271F7C6B00B9B507 /* Suggestion.swift in Sources */,
				B8AC648F278F7E7B0099E96B /* BackLabelStyle.swift in Sources */,
				B86DFF2D27C0280B002E57ED /* EntryListView.swift in Sources */,
				B86DFF3927C15B77002E57ED /* Config.swift in Sources */,
				B83E91D727692EC600045C6A /* FABButtonStyle.swift in Sources */,
				B8EC568C26F4206400AC64E5 /* SQLite3Migrations.swift in Sources */,
				B8AE34B6276AAAFF00777FF0 /* RoundedTextFieldViewModifier.swift in Sources */,
				B8EC568926F4204F00AC64E5 /* SQLite3Database.swift in Sources */,
			);
			runOnlyForDeploymentPostprocessing = 0;
		};
		B8EB29FF26F27797006E97C3 /* Sources */ = {
			isa = PBXSourcesBuildPhase;
			buildActionMask = 2147483647;
			files = (
				B82C3A6626F5796300833CC8 /* OptionalUtilities.swift in Sources */,
				B8AC6490278F7E7B0099E96B /* BackLabelStyle.swift in Sources */,
				B866868227AC4EF100A03A55 /* NSRangeUtilities.swift in Sources */,
				B85BF47627BB3D6E00F55730 /* ToolbarTitleGroupView.swift in Sources */,
				B8DEBF202798EC23007CB528 /* TitleGroupView.swift in Sources */,
				B81EBB0A27025C1500B87594 /* BacklinkButtonStyle.swift in Sources */,
				B82C3A6326F576FC00833CC8 /* URLUtilities.swift in Sources */,
				B8E63EA7270F9DD000545719 /* StringRandomAlphanumeric.swift in Sources */,
				B83E91D827692EC600045C6A /* FABButtonStyle.swift in Sources */,
				B8249DA127E2668500BCDFBA /* PinTrailingBottom.swift in Sources */,
				B8879EAA26F93EBF00A0B4FF /* BacklinksView.swift in Sources */,
				B824FDD526FAB1BC00B81BBD /* Truncate.swift in Sources */,
				B82C3A5B26F5761700833CC8 /* FileSync.swift in Sources */,
				B8AE34A8276A885300777FF0 /* TextViewRepresentable.swift in Sources */,
				B85BF47927BC2B4700F55730 /* DetailToolbarContent.swift in Sources */,
				B866868E27AC8C0100A03A55 /* MarkupTextViewRepresentable.swift in Sources */,
				B81EACD927B724A000B3B8DC /* ThickDividerView.swift in Sources */,
				B82FD4572730A62C002CB641 /* EntryRow.swift in Sources */,
				B8879EA726F9348600A0B4FF /* Slashlink.swift in Sources */,
				B8AE34B7276AAAFF00777FF0 /* RoundedTextFieldViewModifier.swift in Sources */,
				B8879EAD26F944DA00A0B4FF /* DetailView.swift in Sources */,
				B8D7F04027A4AD130042C7CF /* SuggestionLabelView.swift in Sources */,
				B8CC433E27A07CE10079D2F9 /* ScrimView.swift in Sources */,
				B8AE34C3276BD77C00777FF0 /* SuggestionLabelStyle.swift in Sources */,
				B82C3A7726F6B5BF00833CC8 /* StringUtilities.swift in Sources */,
				B8D7F04327A4AE590042C7CF /* SuggestionViewModifier.swift in Sources */,
				B8EB2A2026F27797006E97C3 /* SubconsciousApp.swift in Sources */,
				B81A535D27275138001A6268 /* Tape.swift in Sources */,
				B8AE34BD276AB3D500777FF0 /* SearchView.swift in Sources */,
				B8CC434427A0815E0079D2F9 /* ModalView.swift in Sources */,
				B8CC434127A07DF10079D2F9 /* DialogView.swift in Sources */,
				B85BF47027BB0FA800F55730 /* RowViewModifier.swift in Sources */,
				B8AE34B1276A9F9C00777FF0 /* ColorUtilities.swift in Sources */,
				B8AE34C9276BF77000777FF0 /* SearchTextField.swift in Sources */,
				B8216F7927E11516002B70CB /* BottomSheetView.swift in Sources */,
				B82C3A5726F529EF00833CC8 /* CombineUtilities.swift in Sources */,
				B8EC568726F41A3C00AC64E5 /* SearchbarRepresentable.swift in Sources */,
				B8DEBF1A2798B6A8007CB528 /* NavigationToolbar.swift in Sources */,
				B8AE34CC276C195E00777FF0 /* LinkSuggestionLabelView.swift in Sources */,
				B8249DA427E2753800BCDFBA /* ViewUtilities.swift in Sources */,
				B8109C2927A8879C00CD2B6D /* AppTheme.swift in Sources */,
				B8AE34AE276A9CDB00777FF0 /* PrimaryButtonStyle.swift in Sources */,
				B8AE34C0276BD61400777FF0 /* RowButtonStyle.swift in Sources */,
				B8CC434A27A0CA8D0079D2F9 /* AnimationUtilities.swift in Sources */,
				B8AE34AB276A986000777FF0 /* PlaceholderTextView.swift in Sources */,
				B822F18E27C9C0AB00943C6B /* CountChip.swift in Sources */,
				B8DEBF262798EF6A007CB528 /* RenameSearchView.swift in Sources */,
				B81A5360272751EE001A6268 /* Subtext.swift in Sources */,
				B8AC648D278F757B0099E96B /* ProgressScrimView.swift in Sources */,
				B8DEBF232798EE99007CB528 /* RenameSuggestionLabelView.swift in Sources */,
				B866868B27AC8BED00A03A55 /* DetailKeyboardToolbarView.swift in Sources */,
				B8AE34C6276BF72500777FF0 /* LinkSearchView.swift in Sources */,
				B82C3A5426F528B000833CC8 /* DatabaseService.swift in Sources */,
				B86DFF2927BF02F0002E57ED /* CollectionUtilities.swift in Sources */,
				B8879EA126F90C5100A0B4FF /* AppNavigationView.swift in Sources */,
				B877A6E627A1C2BC00F11A90 /* KeyboardService.swift in Sources */,
				B8EB2A2426F27797006E97C3 /* AppView.swift in Sources */,
				B82C3A6026F576C600833CC8 /* FileManagerUtilities.swift in Sources */,
				B8EC568D26F4206400AC64E5 /* SQLite3Migrations.swift in Sources */,
				B8EC568A26F4204F00AC64E5 /* SQLite3Database.swift in Sources */,
			);
			runOnlyForDeploymentPostprocessing = 0;
		};
		B8EB2A0726F27797006E97C3 /* Sources */ = {
			isa = PBXSourcesBuildPhase;
			buildActionMask = 2147483647;
			files = (
				B8EB2A1226F27797006E97C3 /* Tests_iOSLaunchTests.swift in Sources */,
				B8EB2A1026F27797006E97C3 /* Tests_iOS.swift in Sources */,
			);
			runOnlyForDeploymentPostprocessing = 0;
		};
		B8EB2A1326F27797006E97C3 /* Sources */ = {
			isa = PBXSourcesBuildPhase;
			buildActionMask = 2147483647;
			files = (
				B8EB2A1E26F27797006E97C3 /* Tests_macOSLaunchTests.swift in Sources */,
				B8EB2A1C26F27797006E97C3 /* Tests_macOS.swift in Sources */,
			);
			runOnlyForDeploymentPostprocessing = 0;
		};
/* End PBXSourcesBuildPhase section */

/* Begin PBXTargetDependency section */
		B80057ED27DC355E002C0129 /* PBXTargetDependency */ = {
			isa = PBXTargetDependency;
			target = B8EB29FA26F27797006E97C3 /* Subconscious (iOS) */;
			targetProxy = B80057EC27DC355E002C0129 /* PBXContainerItemProxy */;
		};
		B8579B6727C5620800D8B4BC /* PBXTargetDependency */ = {
			isa = PBXTargetDependency;
			productRef = B8579B6627C5620800D8B4BC /* Collections */;
		};
		B8579B6927C5620800D8B4BC /* PBXTargetDependency */ = {
			isa = PBXTargetDependency;
			productRef = B8579B6827C5620800D8B4BC /* OrderedCollections */;
		};
		B8579B6B27C5620800D8B4BC /* PBXTargetDependency */ = {
			isa = PBXTargetDependency;
			productRef = B8579B6A27C5620800D8B4BC /* SwiftSubsurface */;
		};
		B8EB2A0D26F27797006E97C3 /* PBXTargetDependency */ = {
			isa = PBXTargetDependency;
			target = B8EB29FA26F27797006E97C3 /* Subconscious (iOS) */;
			targetProxy = B8EB2A0C26F27797006E97C3 /* PBXContainerItemProxy */;
		};
		B8EB2A1926F27797006E97C3 /* PBXTargetDependency */ = {
			isa = PBXTargetDependency;
			target = B8EB2A0226F27797006E97C3 /* Subconscious (macOS) */;
			targetProxy = B8EB2A1826F27797006E97C3 /* PBXContainerItemProxy */;
		};
/* End PBXTargetDependency section */

/* Begin XCBuildConfiguration section */
		B80057EE27DC355E002C0129 /* Debug */ = {
			isa = XCBuildConfiguration;
			buildSettings = {
				BUNDLE_LOADER = "$(TEST_HOST)";
				CODE_SIGN_STYLE = Automatic;
				CURRENT_PROJECT_VERSION = 1;
				DEVELOPMENT_TEAM = LA8RNJ2LQP;
				GENERATE_INFOPLIST_FILE = YES;
				IPHONEOS_DEPLOYMENT_TARGET = 15.2;
				MARKETING_VERSION = 1.0;
				PRODUCT_BUNDLE_IDENTIFIER = com.subconscious.SubconsciousTests;
				PRODUCT_NAME = "$(TARGET_NAME)";
				SDKROOT = iphoneos;
				SWIFT_EMIT_LOC_STRINGS = NO;
				SWIFT_VERSION = 5.0;
				TARGETED_DEVICE_FAMILY = "1,2";
				TEST_HOST = "$(BUILT_PRODUCTS_DIR)/Subconscious.app/Subconscious";
			};
			name = Debug;
		};
		B80057EF27DC355E002C0129 /* Release */ = {
			isa = XCBuildConfiguration;
			buildSettings = {
				BUNDLE_LOADER = "$(TEST_HOST)";
				CODE_SIGN_STYLE = Automatic;
				CURRENT_PROJECT_VERSION = 1;
				DEVELOPMENT_TEAM = LA8RNJ2LQP;
				GENERATE_INFOPLIST_FILE = YES;
				IPHONEOS_DEPLOYMENT_TARGET = 15.2;
				MARKETING_VERSION = 1.0;
				PRODUCT_BUNDLE_IDENTIFIER = com.subconscious.SubconsciousTests;
				PRODUCT_NAME = "$(TARGET_NAME)";
				SDKROOT = iphoneos;
				SWIFT_EMIT_LOC_STRINGS = NO;
				SWIFT_VERSION = 5.0;
				TARGETED_DEVICE_FAMILY = "1,2";
				TEST_HOST = "$(BUILT_PRODUCTS_DIR)/Subconscious.app/Subconscious";
				VALIDATE_PRODUCT = YES;
			};
			name = Release;
		};
		B8EB2A2726F27797006E97C3 /* Debug */ = {
			isa = XCBuildConfiguration;
			buildSettings = {
				ALWAYS_SEARCH_USER_PATHS = NO;
				CLANG_ANALYZER_NONNULL = YES;
				CLANG_ANALYZER_NUMBER_OBJECT_CONVERSION = YES_AGGRESSIVE;
				CLANG_CXX_LANGUAGE_STANDARD = "gnu++17";
				CLANG_CXX_LIBRARY = "libc++";
				CLANG_ENABLE_MODULES = YES;
				CLANG_ENABLE_OBJC_ARC = YES;
				CLANG_ENABLE_OBJC_WEAK = YES;
				CLANG_WARN_BLOCK_CAPTURE_AUTORELEASING = YES;
				CLANG_WARN_BOOL_CONVERSION = YES;
				CLANG_WARN_COMMA = YES;
				CLANG_WARN_CONSTANT_CONVERSION = YES;
				CLANG_WARN_DEPRECATED_OBJC_IMPLEMENTATIONS = YES;
				CLANG_WARN_DIRECT_OBJC_ISA_USAGE = YES_ERROR;
				CLANG_WARN_DOCUMENTATION_COMMENTS = YES;
				CLANG_WARN_EMPTY_BODY = YES;
				CLANG_WARN_ENUM_CONVERSION = YES;
				CLANG_WARN_INFINITE_RECURSION = YES;
				CLANG_WARN_INT_CONVERSION = YES;
				CLANG_WARN_NON_LITERAL_NULL_CONVERSION = YES;
				CLANG_WARN_OBJC_IMPLICIT_RETAIN_SELF = YES;
				CLANG_WARN_OBJC_LITERAL_CONVERSION = YES;
				CLANG_WARN_OBJC_ROOT_CLASS = YES_ERROR;
				CLANG_WARN_QUOTED_INCLUDE_IN_FRAMEWORK_HEADER = YES;
				CLANG_WARN_RANGE_LOOP_ANALYSIS = YES;
				CLANG_WARN_STRICT_PROTOTYPES = YES;
				CLANG_WARN_SUSPICIOUS_MOVE = YES;
				CLANG_WARN_UNGUARDED_AVAILABILITY = YES_AGGRESSIVE;
				CLANG_WARN_UNREACHABLE_CODE = YES;
				CLANG_WARN__DUPLICATE_METHOD_MATCH = YES;
				COPY_PHASE_STRIP = NO;
				DEBUG_INFORMATION_FORMAT = dwarf;
				ENABLE_STRICT_OBJC_MSGSEND = YES;
				ENABLE_TESTABILITY = YES;
				GCC_C_LANGUAGE_STANDARD = gnu11;
				GCC_DYNAMIC_NO_PIC = NO;
				GCC_NO_COMMON_BLOCKS = YES;
				GCC_OPTIMIZATION_LEVEL = 0;
				GCC_PREPROCESSOR_DEFINITIONS = (
					"DEBUG=1",
					"$(inherited)",
				);
				GCC_WARN_64_TO_32_BIT_CONVERSION = YES;
				GCC_WARN_ABOUT_RETURN_TYPE = YES_ERROR;
				GCC_WARN_UNDECLARED_SELECTOR = YES;
				GCC_WARN_UNINITIALIZED_AUTOS = YES_AGGRESSIVE;
				GCC_WARN_UNUSED_FUNCTION = YES;
				GCC_WARN_UNUSED_VARIABLE = YES;
				IPHONEOS_DEPLOYMENT_TARGET = 15.0;
				MTL_ENABLE_DEBUG_INFO = INCLUDE_SOURCE;
				MTL_FAST_MATH = YES;
				ONLY_ACTIVE_ARCH = YES;
				SWIFT_ACTIVE_COMPILATION_CONDITIONS = DEBUG;
				SWIFT_OPTIMIZATION_LEVEL = "-Onone";
			};
			name = Debug;
		};
		B8EB2A2826F27797006E97C3 /* Release */ = {
			isa = XCBuildConfiguration;
			buildSettings = {
				ALWAYS_SEARCH_USER_PATHS = NO;
				CLANG_ANALYZER_NONNULL = YES;
				CLANG_ANALYZER_NUMBER_OBJECT_CONVERSION = YES_AGGRESSIVE;
				CLANG_CXX_LANGUAGE_STANDARD = "gnu++17";
				CLANG_CXX_LIBRARY = "libc++";
				CLANG_ENABLE_MODULES = YES;
				CLANG_ENABLE_OBJC_ARC = YES;
				CLANG_ENABLE_OBJC_WEAK = YES;
				CLANG_WARN_BLOCK_CAPTURE_AUTORELEASING = YES;
				CLANG_WARN_BOOL_CONVERSION = YES;
				CLANG_WARN_COMMA = YES;
				CLANG_WARN_CONSTANT_CONVERSION = YES;
				CLANG_WARN_DEPRECATED_OBJC_IMPLEMENTATIONS = YES;
				CLANG_WARN_DIRECT_OBJC_ISA_USAGE = YES_ERROR;
				CLANG_WARN_DOCUMENTATION_COMMENTS = YES;
				CLANG_WARN_EMPTY_BODY = YES;
				CLANG_WARN_ENUM_CONVERSION = YES;
				CLANG_WARN_INFINITE_RECURSION = YES;
				CLANG_WARN_INT_CONVERSION = YES;
				CLANG_WARN_NON_LITERAL_NULL_CONVERSION = YES;
				CLANG_WARN_OBJC_IMPLICIT_RETAIN_SELF = YES;
				CLANG_WARN_OBJC_LITERAL_CONVERSION = YES;
				CLANG_WARN_OBJC_ROOT_CLASS = YES_ERROR;
				CLANG_WARN_QUOTED_INCLUDE_IN_FRAMEWORK_HEADER = YES;
				CLANG_WARN_RANGE_LOOP_ANALYSIS = YES;
				CLANG_WARN_STRICT_PROTOTYPES = YES;
				CLANG_WARN_SUSPICIOUS_MOVE = YES;
				CLANG_WARN_UNGUARDED_AVAILABILITY = YES_AGGRESSIVE;
				CLANG_WARN_UNREACHABLE_CODE = YES;
				CLANG_WARN__DUPLICATE_METHOD_MATCH = YES;
				COPY_PHASE_STRIP = NO;
				DEBUG_INFORMATION_FORMAT = "dwarf-with-dsym";
				ENABLE_NS_ASSERTIONS = NO;
				ENABLE_STRICT_OBJC_MSGSEND = YES;
				GCC_C_LANGUAGE_STANDARD = gnu11;
				GCC_NO_COMMON_BLOCKS = YES;
				GCC_WARN_64_TO_32_BIT_CONVERSION = YES;
				GCC_WARN_ABOUT_RETURN_TYPE = YES_ERROR;
				GCC_WARN_UNDECLARED_SELECTOR = YES;
				GCC_WARN_UNINITIALIZED_AUTOS = YES_AGGRESSIVE;
				GCC_WARN_UNUSED_FUNCTION = YES;
				GCC_WARN_UNUSED_VARIABLE = YES;
				IPHONEOS_DEPLOYMENT_TARGET = 15.0;
				MTL_ENABLE_DEBUG_INFO = NO;
				MTL_FAST_MATH = YES;
				SWIFT_COMPILATION_MODE = wholemodule;
				SWIFT_OPTIMIZATION_LEVEL = "-O";
			};
			name = Release;
		};
		B8EB2A2A26F27797006E97C3 /* Debug */ = {
			isa = XCBuildConfiguration;
			buildSettings = {
				ASSETCATALOG_COMPILER_APPICON_NAME = AppIcon;
				ASSETCATALOG_COMPILER_GLOBAL_ACCENT_COLOR_NAME = AccentColor;
				CODE_SIGN_STYLE = Automatic;
				CURRENT_PROJECT_VERSION = 1;
				DEVELOPMENT_TEAM = LA8RNJ2LQP;
				ENABLE_BITCODE = NO;
				ENABLE_PREVIEWS = YES;
				GENERATE_INFOPLIST_FILE = YES;
				INFOPLIST_FILE = iOS/Info.plist;
				INFOPLIST_KEY_CFBundleDisplayName = Subconscious;
				INFOPLIST_KEY_LSSupportsOpeningDocumentsInPlace = YES;
				INFOPLIST_KEY_UIApplicationSceneManifest_Generation = YES;
				INFOPLIST_KEY_UIApplicationSupportsIndirectInputEvents = YES;
				INFOPLIST_KEY_UILaunchScreen_Generation = YES;
				INFOPLIST_KEY_UISupportedInterfaceOrientations = UIInterfaceOrientationPortrait;
				INFOPLIST_KEY_UISupportedInterfaceOrientations_iPad = "UIInterfaceOrientationPortrait UIInterfaceOrientationPortraitUpsideDown UIInterfaceOrientationLandscapeLeft UIInterfaceOrientationLandscapeRight";
				INFOPLIST_KEY_UISupportedInterfaceOrientations_iPhone = "UIInterfaceOrientationPortrait UIInterfaceOrientationLandscapeLeft UIInterfaceOrientationLandscapeRight";
				INFOPLIST_KEY_UISupportsDocumentBrowser = YES;
				IPHONEOS_DEPLOYMENT_TARGET = 15.0;
				LD_RUNPATH_SEARCH_PATHS = (
					"$(inherited)",
					"@executable_path/Frameworks",
				);
				MARKETING_VERSION = 0.0.2;
				PRODUCT_BUNDLE_IDENTIFIER = com.subconscious.Subconscious;
				PRODUCT_NAME = Subconscious;
				SDKROOT = iphoneos;
				SWIFT_EMIT_LOC_STRINGS = YES;
				SWIFT_VERSION = 5.0;
				TARGETED_DEVICE_FAMILY = 1;
			};
			name = Debug;
		};
		B8EB2A2B26F27797006E97C3 /* Release */ = {
			isa = XCBuildConfiguration;
			buildSettings = {
				ASSETCATALOG_COMPILER_APPICON_NAME = AppIcon;
				ASSETCATALOG_COMPILER_GLOBAL_ACCENT_COLOR_NAME = AccentColor;
				CODE_SIGN_STYLE = Automatic;
				CURRENT_PROJECT_VERSION = 1;
				DEVELOPMENT_TEAM = LA8RNJ2LQP;
				ENABLE_BITCODE = NO;
				ENABLE_PREVIEWS = YES;
				GENERATE_INFOPLIST_FILE = YES;
				INFOPLIST_FILE = iOS/Info.plist;
				INFOPLIST_KEY_CFBundleDisplayName = Subconscious;
				INFOPLIST_KEY_LSSupportsOpeningDocumentsInPlace = YES;
				INFOPLIST_KEY_UIApplicationSceneManifest_Generation = YES;
				INFOPLIST_KEY_UIApplicationSupportsIndirectInputEvents = YES;
				INFOPLIST_KEY_UILaunchScreen_Generation = YES;
				INFOPLIST_KEY_UISupportedInterfaceOrientations = UIInterfaceOrientationPortrait;
				INFOPLIST_KEY_UISupportedInterfaceOrientations_iPad = "UIInterfaceOrientationPortrait UIInterfaceOrientationPortraitUpsideDown UIInterfaceOrientationLandscapeLeft UIInterfaceOrientationLandscapeRight";
				INFOPLIST_KEY_UISupportedInterfaceOrientations_iPhone = "UIInterfaceOrientationPortrait UIInterfaceOrientationLandscapeLeft UIInterfaceOrientationLandscapeRight";
				INFOPLIST_KEY_UISupportsDocumentBrowser = YES;
				IPHONEOS_DEPLOYMENT_TARGET = 15.0;
				LD_RUNPATH_SEARCH_PATHS = (
					"$(inherited)",
					"@executable_path/Frameworks",
				);
				MARKETING_VERSION = 0.0.2;
				PRODUCT_BUNDLE_IDENTIFIER = com.subconscious.Subconscious;
				PRODUCT_NAME = Subconscious;
				SDKROOT = iphoneos;
				SWIFT_EMIT_LOC_STRINGS = YES;
				SWIFT_VERSION = 5.0;
				TARGETED_DEVICE_FAMILY = 1;
				VALIDATE_PRODUCT = YES;
			};
			name = Release;
		};
		B8EB2A2D26F27797006E97C3 /* Debug */ = {
			isa = XCBuildConfiguration;
			buildSettings = {
				ASSETCATALOG_COMPILER_APPICON_NAME = AppIcon;
				ASSETCATALOG_COMPILER_GLOBAL_ACCENT_COLOR_NAME = AccentColor;
				CODE_SIGN_ENTITLEMENTS = macOS/macOS.entitlements;
				CODE_SIGN_IDENTITY = "-";
				CODE_SIGN_STYLE = Automatic;
				COMBINE_HIDPI_IMAGES = YES;
				CURRENT_PROJECT_VERSION = 1;
				DEVELOPMENT_TEAM = LA8RNJ2LQP;
				ENABLE_HARDENED_RUNTIME = YES;
				ENABLE_PREVIEWS = YES;
				GENERATE_INFOPLIST_FILE = YES;
				INFOPLIST_FILE = macOS/Info.plist;
				INFOPLIST_KEY_NSHumanReadableCopyright = "";
				LD_RUNPATH_SEARCH_PATHS = (
					"$(inherited)",
					"@executable_path/../Frameworks",
				);
				MACOSX_DEPLOYMENT_TARGET = 11.0;
				MARKETING_VERSION = 1.0;
				PRODUCT_BUNDLE_IDENTIFIER = com.subconscious.Subconscious;
				PRODUCT_NAME = Subconscious;
				SDKROOT = macosx;
				SWIFT_EMIT_LOC_STRINGS = YES;
				SWIFT_VERSION = 5.0;
			};
			name = Debug;
		};
		B8EB2A2E26F27797006E97C3 /* Release */ = {
			isa = XCBuildConfiguration;
			buildSettings = {
				ASSETCATALOG_COMPILER_APPICON_NAME = AppIcon;
				ASSETCATALOG_COMPILER_GLOBAL_ACCENT_COLOR_NAME = AccentColor;
				CODE_SIGN_ENTITLEMENTS = macOS/macOS.entitlements;
				CODE_SIGN_IDENTITY = "-";
				CODE_SIGN_STYLE = Automatic;
				COMBINE_HIDPI_IMAGES = YES;
				CURRENT_PROJECT_VERSION = 1;
				DEVELOPMENT_TEAM = LA8RNJ2LQP;
				ENABLE_HARDENED_RUNTIME = YES;
				ENABLE_PREVIEWS = YES;
				GENERATE_INFOPLIST_FILE = YES;
				INFOPLIST_FILE = macOS/Info.plist;
				INFOPLIST_KEY_NSHumanReadableCopyright = "";
				LD_RUNPATH_SEARCH_PATHS = (
					"$(inherited)",
					"@executable_path/../Frameworks",
				);
				MACOSX_DEPLOYMENT_TARGET = 11.0;
				MARKETING_VERSION = 1.0;
				PRODUCT_BUNDLE_IDENTIFIER = com.subconscious.Subconscious;
				PRODUCT_NAME = Subconscious;
				SDKROOT = macosx;
				SWIFT_EMIT_LOC_STRINGS = YES;
				SWIFT_VERSION = 5.0;
			};
			name = Release;
		};
		B8EB2A3026F27797006E97C3 /* Debug */ = {
			isa = XCBuildConfiguration;
			buildSettings = {
				ALWAYS_EMBED_SWIFT_STANDARD_LIBRARIES = YES;
				CODE_SIGN_STYLE = Automatic;
				CURRENT_PROJECT_VERSION = 1;
				DEVELOPMENT_TEAM = LA8RNJ2LQP;
				GENERATE_INFOPLIST_FILE = YES;
				IPHONEOS_DEPLOYMENT_TARGET = 15.0;
				LD_RUNPATH_SEARCH_PATHS = (
					"$(inherited)",
					"@executable_path/Frameworks",
					"@loader_path/Frameworks",
				);
				MARKETING_VERSION = 1.0;
				PRODUCT_BUNDLE_IDENTIFIER = "com.subconscious.Tests-iOS";
				PRODUCT_NAME = "$(TARGET_NAME)";
				SDKROOT = iphoneos;
				SWIFT_EMIT_LOC_STRINGS = NO;
				SWIFT_VERSION = 5.0;
				TARGETED_DEVICE_FAMILY = "1,2";
				TEST_TARGET_NAME = "Subconscious (iOS)";
			};
			name = Debug;
		};
		B8EB2A3126F27797006E97C3 /* Release */ = {
			isa = XCBuildConfiguration;
			buildSettings = {
				ALWAYS_EMBED_SWIFT_STANDARD_LIBRARIES = YES;
				CODE_SIGN_STYLE = Automatic;
				CURRENT_PROJECT_VERSION = 1;
				DEVELOPMENT_TEAM = LA8RNJ2LQP;
				GENERATE_INFOPLIST_FILE = YES;
				IPHONEOS_DEPLOYMENT_TARGET = 15.0;
				LD_RUNPATH_SEARCH_PATHS = (
					"$(inherited)",
					"@executable_path/Frameworks",
					"@loader_path/Frameworks",
				);
				MARKETING_VERSION = 1.0;
				PRODUCT_BUNDLE_IDENTIFIER = "com.subconscious.Tests-iOS";
				PRODUCT_NAME = "$(TARGET_NAME)";
				SDKROOT = iphoneos;
				SWIFT_EMIT_LOC_STRINGS = NO;
				SWIFT_VERSION = 5.0;
				TARGETED_DEVICE_FAMILY = "1,2";
				TEST_TARGET_NAME = "Subconscious (iOS)";
				VALIDATE_PRODUCT = YES;
			};
			name = Release;
		};
		B8EB2A3326F27797006E97C3 /* Debug */ = {
			isa = XCBuildConfiguration;
			buildSettings = {
				ALWAYS_EMBED_SWIFT_STANDARD_LIBRARIES = YES;
				CODE_SIGN_STYLE = Automatic;
				COMBINE_HIDPI_IMAGES = YES;
				CURRENT_PROJECT_VERSION = 1;
				DEVELOPMENT_TEAM = LA8RNJ2LQP;
				GENERATE_INFOPLIST_FILE = YES;
				LD_RUNPATH_SEARCH_PATHS = (
					"$(inherited)",
					"@executable_path/../Frameworks",
					"@loader_path/../Frameworks",
				);
				MACOSX_DEPLOYMENT_TARGET = 11.3;
				MARKETING_VERSION = 1.0;
				PRODUCT_BUNDLE_IDENTIFIER = "com.subconscious.Tests-macOS";
				PRODUCT_NAME = "$(TARGET_NAME)";
				SDKROOT = macosx;
				SWIFT_EMIT_LOC_STRINGS = NO;
				SWIFT_VERSION = 5.0;
				TEST_TARGET_NAME = "Subconscious (macOS)";
			};
			name = Debug;
		};
		B8EB2A3426F27797006E97C3 /* Release */ = {
			isa = XCBuildConfiguration;
			buildSettings = {
				ALWAYS_EMBED_SWIFT_STANDARD_LIBRARIES = YES;
				CODE_SIGN_STYLE = Automatic;
				COMBINE_HIDPI_IMAGES = YES;
				CURRENT_PROJECT_VERSION = 1;
				DEVELOPMENT_TEAM = LA8RNJ2LQP;
				GENERATE_INFOPLIST_FILE = YES;
				LD_RUNPATH_SEARCH_PATHS = (
					"$(inherited)",
					"@executable_path/../Frameworks",
					"@loader_path/../Frameworks",
				);
				MACOSX_DEPLOYMENT_TARGET = 11.3;
				MARKETING_VERSION = 1.0;
				PRODUCT_BUNDLE_IDENTIFIER = "com.subconscious.Tests-macOS";
				PRODUCT_NAME = "$(TARGET_NAME)";
				SDKROOT = macosx;
				SWIFT_EMIT_LOC_STRINGS = NO;
				SWIFT_VERSION = 5.0;
				TEST_TARGET_NAME = "Subconscious (macOS)";
			};
			name = Release;
		};
/* End XCBuildConfiguration section */

/* Begin XCConfigurationList section */
		B80057F027DC355E002C0129 /* Build configuration list for PBXNativeTarget "SubconsciousTests" */ = {
			isa = XCConfigurationList;
			buildConfigurations = (
				B80057EE27DC355E002C0129 /* Debug */,
				B80057EF27DC355E002C0129 /* Release */,
			);
			defaultConfigurationIsVisible = 0;
			defaultConfigurationName = Release;
		};
		B8EB29F126F27794006E97C3 /* Build configuration list for PBXProject "Subconscious" */ = {
			isa = XCConfigurationList;
			buildConfigurations = (
				B8EB2A2726F27797006E97C3 /* Debug */,
				B8EB2A2826F27797006E97C3 /* Release */,
			);
			defaultConfigurationIsVisible = 0;
			defaultConfigurationName = Release;
		};
		B8EB2A2926F27797006E97C3 /* Build configuration list for PBXNativeTarget "Subconscious (iOS)" */ = {
			isa = XCConfigurationList;
			buildConfigurations = (
				B8EB2A2A26F27797006E97C3 /* Debug */,
				B8EB2A2B26F27797006E97C3 /* Release */,
			);
			defaultConfigurationIsVisible = 0;
			defaultConfigurationName = Release;
		};
		B8EB2A2C26F27797006E97C3 /* Build configuration list for PBXNativeTarget "Subconscious (macOS)" */ = {
			isa = XCConfigurationList;
			buildConfigurations = (
				B8EB2A2D26F27797006E97C3 /* Debug */,
				B8EB2A2E26F27797006E97C3 /* Release */,
			);
			defaultConfigurationIsVisible = 0;
			defaultConfigurationName = Release;
		};
		B8EB2A2F26F27797006E97C3 /* Build configuration list for PBXNativeTarget "Tests iOS" */ = {
			isa = XCConfigurationList;
			buildConfigurations = (
				B8EB2A3026F27797006E97C3 /* Debug */,
				B8EB2A3126F27797006E97C3 /* Release */,
			);
			defaultConfigurationIsVisible = 0;
			defaultConfigurationName = Release;
		};
		B8EB2A3226F27797006E97C3 /* Build configuration list for PBXNativeTarget "Tests macOS" */ = {
			isa = XCConfigurationList;
			buildConfigurations = (
				B8EB2A3326F27797006E97C3 /* Debug */,
				B8EB2A3426F27797006E97C3 /* Release */,
			);
			defaultConfigurationIsVisible = 0;
			defaultConfigurationName = Release;
		};
/* End XCConfigurationList section */

/* Begin XCRemoteSwiftPackageReference section */
		B822F18927C9615600943C6B /* XCRemoteSwiftPackageReference "ObservableStore" */ = {
			isa = XCRemoteSwiftPackageReference;
			repositoryURL = "https://github.com/gordonbrander/ObservableStore";
			requirement = {
				kind = upToNextMajorVersion;
				minimumVersion = 0.1.0;
			};
		};
		B82C3A6D26F6B1C000833CC8 /* XCRemoteSwiftPackageReference "swift-collections" */ = {
			isa = XCRemoteSwiftPackageReference;
			repositoryURL = "https://github.com/apple/swift-collections.git";
			requirement = {
				kind = upToNextMajorVersion;
				minimumVersion = 0.0.5;
			};
		};
		B8579B6327C561E900D8B4BC /* XCRemoteSwiftPackageReference "SwiftSubsurface" */ = {
			isa = XCRemoteSwiftPackageReference;
			repositoryURL = "https://github.com/cdata/SwiftSubsurface";
			requirement = {
				branch = main;
				kind = branch;
			};
		};
/* End XCRemoteSwiftPackageReference section */

/* Begin XCSwiftPackageProductDependency section */
		B822F18A27C9615600943C6B /* ObservableStore */ = {
			isa = XCSwiftPackageProductDependency;
			package = B822F18927C9615600943C6B /* XCRemoteSwiftPackageReference "ObservableStore" */;
			productName = ObservableStore;
		};
		B82C3A6E26F6B1C000833CC8 /* Collections */ = {
			isa = XCSwiftPackageProductDependency;
			package = B82C3A6D26F6B1C000833CC8 /* XCRemoteSwiftPackageReference "swift-collections" */;
			productName = Collections;
		};
		B82C3A7026F6B1C000833CC8 /* OrderedCollections */ = {
			isa = XCSwiftPackageProductDependency;
			package = B82C3A6D26F6B1C000833CC8 /* XCRemoteSwiftPackageReference "swift-collections" */;
			productName = OrderedCollections;
		};
		B8579B6427C561E900D8B4BC /* SwiftSubsurface */ = {
			isa = XCSwiftPackageProductDependency;
			package = B8579B6327C561E900D8B4BC /* XCRemoteSwiftPackageReference "SwiftSubsurface" */;
			productName = SwiftSubsurface;
		};
		B8579B6627C5620800D8B4BC /* Collections */ = {
			isa = XCSwiftPackageProductDependency;
			package = B82C3A6D26F6B1C000833CC8 /* XCRemoteSwiftPackageReference "swift-collections" */;
			productName = Collections;
		};
		B8579B6827C5620800D8B4BC /* OrderedCollections */ = {
			isa = XCSwiftPackageProductDependency;
			package = B82C3A6D26F6B1C000833CC8 /* XCRemoteSwiftPackageReference "swift-collections" */;
			productName = OrderedCollections;
		};
		B8579B6A27C5620800D8B4BC /* SwiftSubsurface */ = {
			isa = XCSwiftPackageProductDependency;
			package = B8579B6327C561E900D8B4BC /* XCRemoteSwiftPackageReference "SwiftSubsurface" */;
			productName = SwiftSubsurface;
		};
/* End XCSwiftPackageProductDependency section */
	};
	rootObject = B8EB29EE26F27794006E97C3 /* Project object */;
}
