// !$*UTF8*$!
{
	archiveVersion = 1;
	classes = {
	};
	objectVersion = 50;
	objects = {

/* Begin PBXBuildFile section */
		B805AAF626447BF30051F205 /* TextToken.swift in Sources */ = {isa = PBXBuildFile; fileRef = B805AAF526447BF30051F205 /* TextToken.swift */; };
		B805AAFA26447F4E0051F205 /* TextTokenBar.swift in Sources */ = {isa = PBXBuildFile; fileRef = B805AAF926447F4E0051F205 /* TextTokenBar.swift */; };
		B811E60F261D0FBF00484E45 /* Entry.swift in Sources */ = {isa = PBXBuildFile; fileRef = B811E60E261D0FBF00484E45 /* Entry.swift */; };
		B811E610261D0FBF00484E45 /* Entry.swift in Sources */ = {isa = PBXBuildFile; fileRef = B811E60E261D0FBF00484E45 /* Entry.swift */; };
		B81268F42696259C007AC708 /* Slug.swift in Sources */ = {isa = PBXBuildFile; fileRef = B81268F32696259C007AC708 /* Slug.swift */; };
		B81268F626962DD5007AC708 /* Tests_Slug.swift in Sources */ = {isa = PBXBuildFile; fileRef = B81268F526962DD5007AC708 /* Tests_Slug.swift */; };
		B8158D1E269796BB00F927EF /* Truncate.swift in Sources */ = {isa = PBXBuildFile; fileRef = B8158D1D269796BB00F927EF /* Truncate.swift */; };
		B81BD104269E604C00E2E991 /* SearchSuggestion.swift in Sources */ = {isa = PBXBuildFile; fileRef = B81BD103269E604C00E2E991 /* SearchSuggestion.swift */; };
		B81BD764263885DE00BAEC67 /* Editor.swift in Sources */ = {isa = PBXBuildFile; fileRef = B81BD763263885DE00BAEC67 /* Editor.swift */; };
		B82211F526375A9C005CFBBE /* URLUtilities.swift in Sources */ = {isa = PBXBuildFile; fileRef = B82211F426375A9C005CFBBE /* URLUtilities.swift */; };
		B838FF36261FB7B40055C5CF /* Suggestions.swift in Sources */ = {isa = PBXBuildFile; fileRef = B838FF35261FB7B40055C5CF /* Suggestions.swift */; };
		B83B5296261E58260031988E /* EntryList.swift in Sources */ = {isa = PBXBuildFile; fileRef = B83B5295261E58260031988E /* EntryList.swift */; };
		B853EB37263274DD001BB584 /* Subtext.swift in Sources */ = {isa = PBXBuildFile; fileRef = B853EB36263274DD001BB584 /* Subtext.swift */; };
		B853EB412633959E001BB584 /* StringUtilities.swift in Sources */ = {isa = PBXBuildFile; fileRef = B853EB402633959E001BB584 /* StringUtilities.swift */; };
		B85AD0E9269F62220089ADFD /* Shadow.swift in Sources */ = {isa = PBXBuildFile; fileRef = B85AD0E8269F62220089ADFD /* Shadow.swift */; };
		B85AD0EB269F92A10089ADFD /* IconLabelRow.swift in Sources */ = {isa = PBXBuildFile; fileRef = B85AD0EA269F92A10089ADFD /* IconLabelRow.swift */; };
		B85CABF3265C511100BE1BE6 /* libsqlite3.tbd in Frameworks */ = {isa = PBXBuildFile; fileRef = B85CABF2265C510300BE1BE6 /* libsqlite3.tbd */; };
		B85CABF8265C68AF00BE1BE6 /* SQLite3Connection.swift in Sources */ = {isa = PBXBuildFile; fileRef = B85CABF7265C68AF00BE1BE6 /* SQLite3Connection.swift */; };
		B85EBCAA269DFD4400A8D4FF /* ArrayUtilities.swift in Sources */ = {isa = PBXBuildFile; fileRef = B85EBCA9269DFD4400A8D4FF /* ArrayUtilities.swift */; };
		B862343C2677FF960099CD87 /* CombineUtilities.swift in Sources */ = {isa = PBXBuildFile; fileRef = B862343B2677FF960099CD87 /* CombineUtilities.swift */; };
		B862343E267805240099CD87 /* Logger.swift in Sources */ = {isa = PBXBuildFile; fileRef = B862343D267805240099CD87 /* Logger.swift */; };
		B86F33B7261AB2C7009D3D48 /* Tests_iOS.swift in Sources */ = {isa = PBXBuildFile; fileRef = B86F33B6261AB2C7009D3D48 /* Tests_iOS.swift */; };
		B86F33C2261AB2C7009D3D48 /* Tests_macOS.swift in Sources */ = {isa = PBXBuildFile; fileRef = B86F33C1261AB2C7009D3D48 /* Tests_macOS.swift */; };
		B86F33C4261AB2C7009D3D48 /* SubconsciousApp.swift in Sources */ = {isa = PBXBuildFile; fileRef = B86F339A261AB2C6009D3D48 /* SubconsciousApp.swift */; };
		B86F33C8261AB2C7009D3D48 /* ContentView.swift in Sources */ = {isa = PBXBuildFile; fileRef = B86F339C261AB2C6009D3D48 /* ContentView.swift */; };
		B86F33CA261AB2C7009D3D48 /* Assets.xcassets in Resources */ = {isa = PBXBuildFile; fileRef = B86F339D261AB2C7009D3D48 /* Assets.xcassets */; };
		B86F33CB261AB2C7009D3D48 /* Assets.xcassets in Resources */ = {isa = PBXBuildFile; fileRef = B86F339D261AB2C7009D3D48 /* Assets.xcassets */; };
		B874D7AD26540A7800351C8E /* SubSearchBar.swift in Sources */ = {isa = PBXBuildFile; fileRef = B874D7AC26540A7800351C8E /* SubSearchBar.swift */; };
		B87651242630A07A00AD029A /* Store.swift in Sources */ = {isa = PBXBuildFile; fileRef = B87651232630A07A00AD029A /* Store.swift */; };
		B8796F55269E223F001AC8C1 /* SubConstants.swift in Sources */ = {isa = PBXBuildFile; fileRef = B8796F54269E223F001AC8C1 /* SubConstants.swift */; };
		B8796F5B269E3D3A001AC8C1 /* ListHeader.swift in Sources */ = {isa = PBXBuildFile; fileRef = B8796F5A269E3D3A001AC8C1 /* ListHeader.swift */; };
		B87C7D7C261E0E6C003EFC6F /* Block.swift in Sources */ = {isa = PBXBuildFile; fileRef = B87C7D7B261E0E6C003EFC6F /* Block.swift */; };
		B87C7D7D261E0E6C003EFC6F /* Block.swift in Sources */ = {isa = PBXBuildFile; fileRef = B87C7D7B261E0E6C003EFC6F /* Block.swift */; };
		B87DA9192624DDEA00BA5232 /* Stream.swift in Sources */ = {isa = PBXBuildFile; fileRef = B87DA9182624DDEA00BA5232 /* Stream.swift */; };
		B87DA91F26250CF900BA5232 /* SearchBarRepresentable.swift in Sources */ = {isa = PBXBuildFile; fileRef = B87DA91E26250CF900BA5232 /* SearchBarRepresentable.swift */; };
		B88715132642F2D0009BEE1E /* ActionSuggestion.swift in Sources */ = {isa = PBXBuildFile; fileRef = B88715122642F2D0009BEE1E /* ActionSuggestion.swift */; };
		B8929E262695101B00131928 /* TextViewRepresentable.swift in Sources */ = {isa = PBXBuildFile; fileRef = B8929E252695101B00131928 /* TextViewRepresentable.swift */; };
		B8B00047262622280068F688 /* ActionButton.swift in Sources */ = {isa = PBXBuildFile; fileRef = B8B00046262622280068F688 /* ActionButton.swift */; };
		B8B24FA52655CDF500EE6CB9 /* FileSync.swift in Sources */ = {isa = PBXBuildFile; fileRef = B8B24FA42655CDF500EE6CB9 /* FileSync.swift */; };
		B8B2C18526470EC0008AA3EC /* Post.swift in Sources */ = {isa = PBXBuildFile; fileRef = B8B2C18426470EC0008AA3EC /* Post.swift */; };
		B8B2C1872647172A008AA3EC /* PostHeader.swift in Sources */ = {isa = PBXBuildFile; fileRef = B8B2C1862647172A008AA3EC /* PostHeader.swift */; };
		B8B2C18926471E6B008AA3EC /* FakeTextField.swift in Sources */ = {isa = PBXBuildFile; fileRef = B8B2C18826471E6B008AA3EC /* FakeTextField.swift */; };
		B8B2C18B26474326008AA3EC /* Colors.swift in Sources */ = {isa = PBXBuildFile; fileRef = B8B2C18A26474326008AA3EC /* Colors.swift */; };
		B8DF24AE267A5764000987C5 /* FileFingerprint.swift in Sources */ = {isa = PBXBuildFile; fileRef = B8DF24AD267A5764000987C5 /* FileFingerprint.swift */; };
		B8E152F02656F2D20032F5A7 /* SubconsciousApp.swift in Sources */ = {isa = PBXBuildFile; fileRef = B86F339A261AB2C6009D3D48 /* SubconsciousApp.swift */; };
		B8E152F226570B890032F5A7 /* Database.swift in Sources */ = {isa = PBXBuildFile; fileRef = B8E152F126570B890032F5A7 /* Database.swift */; };
		B8E152F426570C010032F5A7 /* FileManagerUtilities.swift in Sources */ = {isa = PBXBuildFile; fileRef = B8E152F326570C010032F5A7 /* FileManagerUtilities.swift */; };
		B8E628222672E9B2005B86CE /* PublisherManager.swift in Sources */ = {isa = PBXBuildFile; fileRef = B8E628212672E9B2005B86CE /* PublisherManager.swift */; };
		B8E628242673B54B005B86CE /* SQLite3Migrations.swift in Sources */ = {isa = PBXBuildFile; fileRef = B8E628232673B54B005B86CE /* SQLite3Migrations.swift */; };
		B8E84270269A663C00B74172 /* SQLite3ConnectionManager.swift in Sources */ = {isa = PBXBuildFile; fileRef = B8E8426F269A663C00B74172 /* SQLite3ConnectionManager.swift */; };
		B8E84272269CAE3200B74172 /* SubMigrations.swift in Sources */ = {isa = PBXBuildFile; fileRef = B8E84271269CAE3200B74172 /* SubMigrations.swift */; };
		B8EB2ACC265EBE52008F4D91 /* Tests_SQLiteConnection.swift in Sources */ = {isa = PBXBuildFile; fileRef = B8EB2ACB265EBE52008F4D91 /* Tests_SQLiteConnection.swift */; };
		B8EB2ACE265ECB2B008F4D91 /* libsqlite3.tbd in Frameworks */ = {isa = PBXBuildFile; fileRef = B8EB2ACD265ECB2B008F4D91 /* libsqlite3.tbd */; };
		B8EB2ACF265ECB37008F4D91 /* libsqlite3.tbd in Frameworks */ = {isa = PBXBuildFile; fileRef = B8EB2ACD265ECB2B008F4D91 /* libsqlite3.tbd */; };
		B8EB2AD0265ECB41008F4D91 /* libsqlite3.tbd in Frameworks */ = {isa = PBXBuildFile; fileRef = B8EB2ACD265ECB2B008F4D91 /* libsqlite3.tbd */; };
		B8EC23D726694A33009E4474 /* OptionalUtilities.swift in Sources */ = {isa = PBXBuildFile; fileRef = B8EC23D626694A33009E4474 /* OptionalUtilities.swift */; };
		B8F41F08262F8FD500D134F8 /* Icon.swift in Sources */ = {isa = PBXBuildFile; fileRef = B8F41F07262F8FD500D134F8 /* Icon.swift */; };
		B8FDE3372678474D00BA307D /* TextDocument.swift in Sources */ = {isa = PBXBuildFile; fileRef = B8FDE3362678474D00BA307D /* TextDocument.swift */; };
/* End PBXBuildFile section */

/* Begin PBXContainerItemProxy section */
		B86F33B3261AB2C7009D3D48 /* PBXContainerItemProxy */ = {
			isa = PBXContainerItemProxy;
			containerPortal = B86F3395261AB2C6009D3D48 /* Project object */;
			proxyType = 1;
			remoteGlobalIDString = B86F33A1261AB2C7009D3D48;
			remoteInfo = "Subconscious (iOS)";
		};
		B86F33BE261AB2C7009D3D48 /* PBXContainerItemProxy */ = {
			isa = PBXContainerItemProxy;
			containerPortal = B86F3395261AB2C6009D3D48 /* Project object */;
			proxyType = 1;
			remoteGlobalIDString = B86F33A9261AB2C7009D3D48;
			remoteInfo = "Subconscious (macOS)";
		};
/* End PBXContainerItemProxy section */

/* Begin PBXFileReference section */
		B805AAF526447BF30051F205 /* TextToken.swift */ = {isa = PBXFileReference; lastKnownFileType = sourcecode.swift; name = TextToken.swift; path = Shared/Components/Common/TextToken.swift; sourceTree = SOURCE_ROOT; };
		B805AAF926447F4E0051F205 /* TextTokenBar.swift */ = {isa = PBXFileReference; lastKnownFileType = sourcecode.swift; path = TextTokenBar.swift; sourceTree = "<group>"; };
		B811E60E261D0FBF00484E45 /* Entry.swift */ = {isa = PBXFileReference; lastKnownFileType = sourcecode.swift; path = Entry.swift; sourceTree = "<group>"; };
		B81268F32696259C007AC708 /* Slug.swift */ = {isa = PBXFileReference; lastKnownFileType = sourcecode.swift; path = Slug.swift; sourceTree = "<group>"; };
		B81268F526962DD5007AC708 /* Tests_Slug.swift */ = {isa = PBXFileReference; lastKnownFileType = sourcecode.swift; path = Tests_Slug.swift; sourceTree = "<group>"; };
		B8158D1D269796BB00F927EF /* Truncate.swift */ = {isa = PBXFileReference; lastKnownFileType = sourcecode.swift; path = Truncate.swift; sourceTree = "<group>"; };
		B81BD103269E604C00E2E991 /* SearchSuggestion.swift */ = {isa = PBXFileReference; lastKnownFileType = sourcecode.swift; path = SearchSuggestion.swift; sourceTree = "<group>"; };
		B81BD763263885DE00BAEC67 /* Editor.swift */ = {isa = PBXFileReference; lastKnownFileType = sourcecode.swift; path = Editor.swift; sourceTree = "<group>"; };
		B82211F426375A9C005CFBBE /* URLUtilities.swift */ = {isa = PBXFileReference; lastKnownFileType = sourcecode.swift; path = URLUtilities.swift; sourceTree = "<group>"; };
		B838FF35261FB7B40055C5CF /* Suggestions.swift */ = {isa = PBXFileReference; lastKnownFileType = sourcecode.swift; path = Suggestions.swift; sourceTree = "<group>"; };
		B83B5295261E58260031988E /* EntryList.swift */ = {isa = PBXFileReference; lastKnownFileType = sourcecode.swift; path = EntryList.swift; sourceTree = "<group>"; };
		B853EB36263274DD001BB584 /* Subtext.swift */ = {isa = PBXFileReference; lastKnownFileType = sourcecode.swift; path = Subtext.swift; sourceTree = "<group>"; };
		B853EB402633959E001BB584 /* StringUtilities.swift */ = {isa = PBXFileReference; lastKnownFileType = sourcecode.swift; path = StringUtilities.swift; sourceTree = "<group>"; };
		B85AD0E8269F62220089ADFD /* Shadow.swift */ = {isa = PBXFileReference; lastKnownFileType = sourcecode.swift; path = Shadow.swift; sourceTree = "<group>"; };
		B85AD0EA269F92A10089ADFD /* IconLabelRow.swift */ = {isa = PBXFileReference; lastKnownFileType = sourcecode.swift; path = IconLabelRow.swift; sourceTree = "<group>"; };
		B85CABF2265C510300BE1BE6 /* libsqlite3.tbd */ = {isa = PBXFileReference; lastKnownFileType = "sourcecode.text-based-dylib-definition"; name = libsqlite3.tbd; path = Platforms/iPhoneOS.platform/Developer/SDKs/iPhoneOS14.5.sdk/usr/lib/libsqlite3.tbd; sourceTree = DEVELOPER_DIR; };
		B85CABF7265C68AF00BE1BE6 /* SQLite3Connection.swift */ = {isa = PBXFileReference; lastKnownFileType = sourcecode.swift; path = SQLite3Connection.swift; sourceTree = "<group>"; };
		B85EBCA9269DFD4400A8D4FF /* ArrayUtilities.swift */ = {isa = PBXFileReference; lastKnownFileType = sourcecode.swift; path = ArrayUtilities.swift; sourceTree = "<group>"; };
		B862343B2677FF960099CD87 /* CombineUtilities.swift */ = {isa = PBXFileReference; lastKnownFileType = sourcecode.swift; path = CombineUtilities.swift; sourceTree = "<group>"; };
		B862343D267805240099CD87 /* Logger.swift */ = {isa = PBXFileReference; lastKnownFileType = sourcecode.swift; path = Logger.swift; sourceTree = "<group>"; };
		B86F339A261AB2C6009D3D48 /* SubconsciousApp.swift */ = {isa = PBXFileReference; lastKnownFileType = sourcecode.swift; path = SubconsciousApp.swift; sourceTree = "<group>"; };
		B86F339C261AB2C6009D3D48 /* ContentView.swift */ = {isa = PBXFileReference; lastKnownFileType = sourcecode.swift; path = ContentView.swift; sourceTree = "<group>"; };
		B86F339D261AB2C7009D3D48 /* Assets.xcassets */ = {isa = PBXFileReference; lastKnownFileType = folder.assetcatalog; path = Assets.xcassets; sourceTree = "<group>"; };
		B86F33A2261AB2C7009D3D48 /* Subconscious.app */ = {isa = PBXFileReference; explicitFileType = wrapper.application; includeInIndex = 0; path = Subconscious.app; sourceTree = BUILT_PRODUCTS_DIR; };
		B86F33A5261AB2C7009D3D48 /* Info.plist */ = {isa = PBXFileReference; lastKnownFileType = text.plist.xml; path = Info.plist; sourceTree = "<group>"; };
		B86F33AA261AB2C7009D3D48 /* Subconscious.app */ = {isa = PBXFileReference; explicitFileType = wrapper.application; includeInIndex = 0; path = Subconscious.app; sourceTree = BUILT_PRODUCTS_DIR; };
		B86F33AC261AB2C7009D3D48 /* Info.plist */ = {isa = PBXFileReference; lastKnownFileType = text.plist.xml; path = Info.plist; sourceTree = "<group>"; };
		B86F33AD261AB2C7009D3D48 /* macOS.entitlements */ = {isa = PBXFileReference; lastKnownFileType = text.plist.entitlements; path = macOS.entitlements; sourceTree = "<group>"; };
		B86F33B2261AB2C7009D3D48 /* Tests iOS.xctest */ = {isa = PBXFileReference; explicitFileType = wrapper.cfbundle; includeInIndex = 0; path = "Tests iOS.xctest"; sourceTree = BUILT_PRODUCTS_DIR; };
		B86F33B6261AB2C7009D3D48 /* Tests_iOS.swift */ = {isa = PBXFileReference; lastKnownFileType = sourcecode.swift; path = Tests_iOS.swift; sourceTree = "<group>"; };
		B86F33B8261AB2C7009D3D48 /* Info.plist */ = {isa = PBXFileReference; lastKnownFileType = text.plist.xml; path = Info.plist; sourceTree = "<group>"; };
		B86F33BD261AB2C7009D3D48 /* Tests macOS.xctest */ = {isa = PBXFileReference; explicitFileType = wrapper.cfbundle; includeInIndex = 0; path = "Tests macOS.xctest"; sourceTree = BUILT_PRODUCTS_DIR; };
		B86F33C1261AB2C7009D3D48 /* Tests_macOS.swift */ = {isa = PBXFileReference; lastKnownFileType = sourcecode.swift; path = Tests_macOS.swift; sourceTree = "<group>"; };
		B86F33C3261AB2C7009D3D48 /* Info.plist */ = {isa = PBXFileReference; lastKnownFileType = text.plist.xml; path = Info.plist; sourceTree = "<group>"; };
		B874D7AC26540A7800351C8E /* SubSearchBar.swift */ = {isa = PBXFileReference; lastKnownFileType = sourcecode.swift; path = SubSearchBar.swift; sourceTree = "<group>"; };
		B87651232630A07A00AD029A /* Store.swift */ = {isa = PBXFileReference; lastKnownFileType = sourcecode.swift; path = Store.swift; sourceTree = "<group>"; };
		B8796F54269E223F001AC8C1 /* SubConstants.swift */ = {isa = PBXFileReference; lastKnownFileType = sourcecode.swift; path = SubConstants.swift; sourceTree = "<group>"; };
		B8796F5A269E3D3A001AC8C1 /* ListHeader.swift */ = {isa = PBXFileReference; lastKnownFileType = sourcecode.swift; path = ListHeader.swift; sourceTree = "<group>"; };
		B87C7D7B261E0E6C003EFC6F /* Block.swift */ = {isa = PBXFileReference; lastKnownFileType = sourcecode.swift; path = Block.swift; sourceTree = "<group>"; };
		B87DA9182624DDEA00BA5232 /* Stream.swift */ = {isa = PBXFileReference; lastKnownFileType = sourcecode.swift; path = Stream.swift; sourceTree = "<group>"; };
		B87DA91E26250CF900BA5232 /* SearchBarRepresentable.swift */ = {isa = PBXFileReference; lastKnownFileType = sourcecode.swift; path = SearchBarRepresentable.swift; sourceTree = "<group>"; };
		B88715122642F2D0009BEE1E /* ActionSuggestion.swift */ = {isa = PBXFileReference; lastKnownFileType = sourcecode.swift; path = ActionSuggestion.swift; sourceTree = "<group>"; };
		B8929E252695101B00131928 /* TextViewRepresentable.swift */ = {isa = PBXFileReference; lastKnownFileType = sourcecode.swift; path = TextViewRepresentable.swift; sourceTree = "<group>"; };
		B8B00046262622280068F688 /* ActionButton.swift */ = {isa = PBXFileReference; lastKnownFileType = sourcecode.swift; path = ActionButton.swift; sourceTree = "<group>"; };
		B8B24FA42655CDF500EE6CB9 /* FileSync.swift */ = {isa = PBXFileReference; lastKnownFileType = sourcecode.swift; path = FileSync.swift; sourceTree = "<group>"; };
		B8B2C18426470EC0008AA3EC /* Post.swift */ = {isa = PBXFileReference; lastKnownFileType = sourcecode.swift; path = Post.swift; sourceTree = "<group>"; };
		B8B2C1862647172A008AA3EC /* PostHeader.swift */ = {isa = PBXFileReference; lastKnownFileType = sourcecode.swift; path = PostHeader.swift; sourceTree = "<group>"; };
		B8B2C18826471E6B008AA3EC /* FakeTextField.swift */ = {isa = PBXFileReference; lastKnownFileType = sourcecode.swift; path = FakeTextField.swift; sourceTree = "<group>"; };
		B8B2C18A26474326008AA3EC /* Colors.swift */ = {isa = PBXFileReference; lastKnownFileType = sourcecode.swift; path = Colors.swift; sourceTree = "<group>"; };
		B8DF24AD267A5764000987C5 /* FileFingerprint.swift */ = {isa = PBXFileReference; lastKnownFileType = sourcecode.swift; path = FileFingerprint.swift; sourceTree = "<group>"; };
		B8E152F126570B890032F5A7 /* Database.swift */ = {isa = PBXFileReference; lastKnownFileType = sourcecode.swift; path = Database.swift; sourceTree = "<group>"; };
		B8E152F326570C010032F5A7 /* FileManagerUtilities.swift */ = {isa = PBXFileReference; lastKnownFileType = sourcecode.swift; path = FileManagerUtilities.swift; sourceTree = "<group>"; };
		B8E628212672E9B2005B86CE /* PublisherManager.swift */ = {isa = PBXFileReference; lastKnownFileType = sourcecode.swift; path = PublisherManager.swift; sourceTree = "<group>"; };
		B8E628232673B54B005B86CE /* SQLite3Migrations.swift */ = {isa = PBXFileReference; lastKnownFileType = sourcecode.swift; path = SQLite3Migrations.swift; sourceTree = "<group>"; };
		B8E8426F269A663C00B74172 /* SQLite3ConnectionManager.swift */ = {isa = PBXFileReference; lastKnownFileType = sourcecode.swift; path = SQLite3ConnectionManager.swift; sourceTree = "<group>"; };
		B8E84271269CAE3200B74172 /* SubMigrations.swift */ = {isa = PBXFileReference; lastKnownFileType = sourcecode.swift; path = SubMigrations.swift; sourceTree = "<group>"; };
		B8EB2ACB265EBE52008F4D91 /* Tests_SQLiteConnection.swift */ = {isa = PBXFileReference; lastKnownFileType = sourcecode.swift; path = Tests_SQLiteConnection.swift; sourceTree = "<group>"; };
		B8EB2ACD265ECB2B008F4D91 /* libsqlite3.tbd */ = {isa = PBXFileReference; lastKnownFileType = "sourcecode.text-based-dylib-definition"; name = libsqlite3.tbd; path = usr/lib/libsqlite3.tbd; sourceTree = SDKROOT; };
		B8EC23D626694A33009E4474 /* OptionalUtilities.swift */ = {isa = PBXFileReference; lastKnownFileType = sourcecode.swift; path = OptionalUtilities.swift; sourceTree = "<group>"; };
		B8F41F07262F8FD500D134F8 /* Icon.swift */ = {isa = PBXFileReference; lastKnownFileType = sourcecode.swift; path = Icon.swift; sourceTree = "<group>"; };
		B8FDE3362678474D00BA307D /* TextDocument.swift */ = {isa = PBXFileReference; lastKnownFileType = sourcecode.swift; path = TextDocument.swift; sourceTree = "<group>"; };
/* End PBXFileReference section */

/* Begin PBXFrameworksBuildPhase section */
		B86F339F261AB2C7009D3D48 /* Frameworks */ = {
			isa = PBXFrameworksBuildPhase;
			buildActionMask = 2147483647;
			files = (
				B85CABF3265C511100BE1BE6 /* libsqlite3.tbd in Frameworks */,
			);
			runOnlyForDeploymentPostprocessing = 0;
		};
		B86F33A7261AB2C7009D3D48 /* Frameworks */ = {
			isa = PBXFrameworksBuildPhase;
			buildActionMask = 2147483647;
			files = (
				B8EB2AD0265ECB41008F4D91 /* libsqlite3.tbd in Frameworks */,
			);
			runOnlyForDeploymentPostprocessing = 0;
		};
		B86F33AF261AB2C7009D3D48 /* Frameworks */ = {
			isa = PBXFrameworksBuildPhase;
			buildActionMask = 2147483647;
			files = (
				B8EB2ACE265ECB2B008F4D91 /* libsqlite3.tbd in Frameworks */,
			);
			runOnlyForDeploymentPostprocessing = 0;
		};
		B86F33BA261AB2C7009D3D48 /* Frameworks */ = {
			isa = PBXFrameworksBuildPhase;
			buildActionMask = 2147483647;
			files = (
				B8EB2ACF265ECB37008F4D91 /* libsqlite3.tbd in Frameworks */,
			);
			runOnlyForDeploymentPostprocessing = 0;
		};
/* End PBXFrameworksBuildPhase section */

/* Begin PBXGroup section */
		B804C09D2620FFDD00D59CC6 /* Components */ = {
			isa = PBXGroup;
			children = (
				B86F339A261AB2C6009D3D48 /* SubconsciousApp.swift */,
				B8E152F126570B890032F5A7 /* Database.swift */,
				B83B5295261E58260031988E /* EntryList.swift */,
				B87DA9182624DDEA00BA5232 /* Stream.swift */,
				B87C7D7B261E0E6C003EFC6F /* Block.swift */,
				B811E60E261D0FBF00484E45 /* Entry.swift */,
				B838FF35261FB7B40055C5CF /* Suggestions.swift */,
				B88715122642F2D0009BEE1E /* ActionSuggestion.swift */,
				B81BD103269E604C00E2E991 /* SearchSuggestion.swift */,
				B86F339C261AB2C6009D3D48 /* ContentView.swift */,
				B8B2C18426470EC0008AA3EC /* Post.swift */,
				B874D7AC26540A7800351C8E /* SubSearchBar.swift */,
				B8B2C1862647172A008AA3EC /* PostHeader.swift */,
				B81BD763263885DE00BAEC67 /* Editor.swift */,
				B8E152EF2656F2A30032F5A7 /* Common */,
				B862343D267805240099CD87 /* Logger.swift */,
			);
			path = Components;
			sourceTree = "<group>";
		};
		B853EB2326326F9F001BB584 /* Library */ = {
			isa = PBXGroup;
			children = (
				B85CABF7265C68AF00BE1BE6 /* SQLite3Connection.swift */,
				B8E8426F269A663C00B74172 /* SQLite3ConnectionManager.swift */,
				B8E628232673B54B005B86CE /* SQLite3Migrations.swift */,
				B87651232630A07A00AD029A /* Store.swift */,
				B8E628212672E9B2005B86CE /* PublisherManager.swift */,
				B853EB36263274DD001BB584 /* Subtext.swift */,
				B853EB402633959E001BB584 /* StringUtilities.swift */,
				B82211F426375A9C005CFBBE /* URLUtilities.swift */,
				B8B2C18A26474326008AA3EC /* Colors.swift */,
				B8B24FA42655CDF500EE6CB9 /* FileSync.swift */,
				B8DF24AD267A5764000987C5 /* FileFingerprint.swift */,
				B8E152F326570C010032F5A7 /* FileManagerUtilities.swift */,
				B8EC23D626694A33009E4474 /* OptionalUtilities.swift */,
				B862343B2677FF960099CD87 /* CombineUtilities.swift */,
				B8E84271269CAE3200B74172 /* SubMigrations.swift */,
				B8FDE3362678474D00BA307D /* TextDocument.swift */,
				B81268F32696259C007AC708 /* Slug.swift */,
				B8158D1D269796BB00F927EF /* Truncate.swift */,
				B85EBCA9269DFD4400A8D4FF /* ArrayUtilities.swift */,
				B8796F54269E223F001AC8C1 /* SubConstants.swift */,
				B85AD0E8269F62220089ADFD /* Shadow.swift */,
			);
			path = Library;
			sourceTree = "<group>";
		};
		B85CABF1265C510300BE1BE6 /* Frameworks */ = {
			isa = PBXGroup;
			children = (
				B8EB2ACD265ECB2B008F4D91 /* libsqlite3.tbd */,
				B85CABF2265C510300BE1BE6 /* libsqlite3.tbd */,
			);
			name = Frameworks;
			sourceTree = "<group>";
		};
		B86F3394261AB2C6009D3D48 = {
			isa = PBXGroup;
			children = (
				B86F3399261AB2C6009D3D48 /* Shared */,
				B86F33A4261AB2C7009D3D48 /* iOS */,
				B86F33AB261AB2C7009D3D48 /* macOS */,
				B86F33B5261AB2C7009D3D48 /* Tests iOS */,
				B86F33C0261AB2C7009D3D48 /* Tests macOS */,
				B86F33A3261AB2C7009D3D48 /* Products */,
				B85CABF1265C510300BE1BE6 /* Frameworks */,
			);
			sourceTree = "<group>";
		};
		B86F3399261AB2C6009D3D48 /* Shared */ = {
			isa = PBXGroup;
			children = (
				B853EB2326326F9F001BB584 /* Library */,
				B804C09D2620FFDD00D59CC6 /* Components */,
				B86F339D261AB2C7009D3D48 /* Assets.xcassets */,
			);
			path = Shared;
			sourceTree = "<group>";
		};
		B86F33A3261AB2C7009D3D48 /* Products */ = {
			isa = PBXGroup;
			children = (
				B86F33A2261AB2C7009D3D48 /* Subconscious.app */,
				B86F33AA261AB2C7009D3D48 /* Subconscious.app */,
				B86F33B2261AB2C7009D3D48 /* Tests iOS.xctest */,
				B86F33BD261AB2C7009D3D48 /* Tests macOS.xctest */,
			);
			name = Products;
			sourceTree = "<group>";
		};
		B86F33A4261AB2C7009D3D48 /* iOS */ = {
			isa = PBXGroup;
			children = (
				B86F33A5261AB2C7009D3D48 /* Info.plist */,
			);
			path = iOS;
			sourceTree = "<group>";
		};
		B86F33AB261AB2C7009D3D48 /* macOS */ = {
			isa = PBXGroup;
			children = (
				B86F33AC261AB2C7009D3D48 /* Info.plist */,
				B86F33AD261AB2C7009D3D48 /* macOS.entitlements */,
			);
			path = macOS;
			sourceTree = "<group>";
		};
		B86F33B5261AB2C7009D3D48 /* Tests iOS */ = {
			isa = PBXGroup;
			children = (
				B86F33B6261AB2C7009D3D48 /* Tests_iOS.swift */,
				B8EB2ACB265EBE52008F4D91 /* Tests_SQLiteConnection.swift */,
				B86F33B8261AB2C7009D3D48 /* Info.plist */,
				B81268F526962DD5007AC708 /* Tests_Slug.swift */,
			);
			path = "Tests iOS";
			sourceTree = "<group>";
		};
		B86F33C0261AB2C7009D3D48 /* Tests macOS */ = {
			isa = PBXGroup;
			children = (
				B86F33C1261AB2C7009D3D48 /* Tests_macOS.swift */,
				B86F33C3261AB2C7009D3D48 /* Info.plist */,
			);
			path = "Tests macOS";
			sourceTree = "<group>";
		};
		B8E152EF2656F2A30032F5A7 /* Common */ = {
			isa = PBXGroup;
			children = (
				B805AAF926447F4E0051F205 /* TextTokenBar.swift */,
				B805AAF526447BF30051F205 /* TextToken.swift */,
				B87DA91E26250CF900BA5232 /* SearchBarRepresentable.swift */,
				B8929E252695101B00131928 /* TextViewRepresentable.swift */,
				B8B00046262622280068F688 /* ActionButton.swift */,
				B8F41F07262F8FD500D134F8 /* Icon.swift */,
				B8B2C18826471E6B008AA3EC /* FakeTextField.swift */,
				B8796F5A269E3D3A001AC8C1 /* ListHeader.swift */,
				B85AD0EA269F92A10089ADFD /* IconLabelRow.swift */,
			);
			path = Common;
			sourceTree = "<group>";
		};
/* End PBXGroup section */

/* Begin PBXNativeTarget section */
		B86F33A1261AB2C7009D3D48 /* Subconscious (iOS) */ = {
			isa = PBXNativeTarget;
			buildConfigurationList = B86F33CE261AB2C7009D3D48 /* Build configuration list for PBXNativeTarget "Subconscious (iOS)" */;
			buildPhases = (
				B86F339E261AB2C7009D3D48 /* Sources */,
				B86F339F261AB2C7009D3D48 /* Frameworks */,
				B86F33A0261AB2C7009D3D48 /* Resources */,
			);
			buildRules = (
			);
			dependencies = (
			);
			name = "Subconscious (iOS)";
			productName = "Subconscious (iOS)";
			productReference = B86F33A2261AB2C7009D3D48 /* Subconscious.app */;
			productType = "com.apple.product-type.application";
		};
		B86F33A9261AB2C7009D3D48 /* Subconscious (macOS) */ = {
			isa = PBXNativeTarget;
			buildConfigurationList = B86F33D1261AB2C7009D3D48 /* Build configuration list for PBXNativeTarget "Subconscious (macOS)" */;
			buildPhases = (
				B86F33A6261AB2C7009D3D48 /* Sources */,
				B86F33A7261AB2C7009D3D48 /* Frameworks */,
				B86F33A8261AB2C7009D3D48 /* Resources */,
			);
			buildRules = (
			);
			dependencies = (
			);
			name = "Subconscious (macOS)";
			productName = "Subconscious (macOS)";
			productReference = B86F33AA261AB2C7009D3D48 /* Subconscious.app */;
			productType = "com.apple.product-type.application";
		};
		B86F33B1261AB2C7009D3D48 /* Tests iOS */ = {
			isa = PBXNativeTarget;
			buildConfigurationList = B86F33D4261AB2C7009D3D48 /* Build configuration list for PBXNativeTarget "Tests iOS" */;
			buildPhases = (
				B86F33AE261AB2C7009D3D48 /* Sources */,
				B86F33AF261AB2C7009D3D48 /* Frameworks */,
				B86F33B0261AB2C7009D3D48 /* Resources */,
			);
			buildRules = (
			);
			dependencies = (
				B86F33B4261AB2C7009D3D48 /* PBXTargetDependency */,
			);
			name = "Tests iOS";
			productName = "Tests iOS";
			productReference = B86F33B2261AB2C7009D3D48 /* Tests iOS.xctest */;
			productType = "com.apple.product-type.bundle.ui-testing";
		};
		B86F33BC261AB2C7009D3D48 /* Tests macOS */ = {
			isa = PBXNativeTarget;
			buildConfigurationList = B86F33D7261AB2C7009D3D48 /* Build configuration list for PBXNativeTarget "Tests macOS" */;
			buildPhases = (
				B86F33B9261AB2C7009D3D48 /* Sources */,
				B86F33BA261AB2C7009D3D48 /* Frameworks */,
				B86F33BB261AB2C7009D3D48 /* Resources */,
			);
			buildRules = (
			);
			dependencies = (
				B86F33BF261AB2C7009D3D48 /* PBXTargetDependency */,
			);
			name = "Tests macOS";
			productName = "Tests macOS";
			productReference = B86F33BD261AB2C7009D3D48 /* Tests macOS.xctest */;
			productType = "com.apple.product-type.bundle.ui-testing";
		};
/* End PBXNativeTarget section */

/* Begin PBXProject section */
		B86F3395261AB2C6009D3D48 /* Project object */ = {
			isa = PBXProject;
			attributes = {
				LastSwiftUpdateCheck = 1250;
				LastUpgradeCheck = 1240;
				TargetAttributes = {
					B86F33A1261AB2C7009D3D48 = {
						CreatedOnToolsVersion = 12.4;
					};
					B86F33A9261AB2C7009D3D48 = {
						CreatedOnToolsVersion = 12.4;
					};
					B86F33B1261AB2C7009D3D48 = {
						CreatedOnToolsVersion = 12.4;
						TestTargetID = B86F33A1261AB2C7009D3D48;
					};
					B86F33BC261AB2C7009D3D48 = {
						CreatedOnToolsVersion = 12.4;
						TestTargetID = B86F33A9261AB2C7009D3D48;
					};
				};
			};
			buildConfigurationList = B86F3398261AB2C6009D3D48 /* Build configuration list for PBXProject "Subconscious" */;
			compatibilityVersion = "Xcode 9.3";
			developmentRegion = en;
			hasScannedForEncodings = 0;
			knownRegions = (
				en,
				Base,
			);
			mainGroup = B86F3394261AB2C6009D3D48;
			productRefGroup = B86F33A3261AB2C7009D3D48 /* Products */;
			projectDirPath = "";
			projectRoot = "";
			targets = (
				B86F33A1261AB2C7009D3D48 /* Subconscious (iOS) */,
				B86F33A9261AB2C7009D3D48 /* Subconscious (macOS) */,
				B86F33B1261AB2C7009D3D48 /* Tests iOS */,
				B86F33BC261AB2C7009D3D48 /* Tests macOS */,
			);
		};
/* End PBXProject section */

/* Begin PBXResourcesBuildPhase section */
		B86F33A0261AB2C7009D3D48 /* Resources */ = {
			isa = PBXResourcesBuildPhase;
			buildActionMask = 2147483647;
			files = (
				B86F33CA261AB2C7009D3D48 /* Assets.xcassets in Resources */,
			);
			runOnlyForDeploymentPostprocessing = 0;
		};
		B86F33A8261AB2C7009D3D48 /* Resources */ = {
			isa = PBXResourcesBuildPhase;
			buildActionMask = 2147483647;
			files = (
				B86F33CB261AB2C7009D3D48 /* Assets.xcassets in Resources */,
			);
			runOnlyForDeploymentPostprocessing = 0;
		};
		B86F33B0261AB2C7009D3D48 /* Resources */ = {
			isa = PBXResourcesBuildPhase;
			buildActionMask = 2147483647;
			files = (
			);
			runOnlyForDeploymentPostprocessing = 0;
		};
		B86F33BB261AB2C7009D3D48 /* Resources */ = {
			isa = PBXResourcesBuildPhase;
			buildActionMask = 2147483647;
			files = (
			);
			runOnlyForDeploymentPostprocessing = 0;
		};
/* End PBXResourcesBuildPhase section */

/* Begin PBXSourcesBuildPhase section */
		B86F339E261AB2C7009D3D48 /* Sources */ = {
			isa = PBXSourcesBuildPhase;
			buildActionMask = 2147483647;
			files = (
				B8E628242673B54B005B86CE /* SQLite3Migrations.swift in Sources */,
				B8E84270269A663C00B74172 /* SQLite3ConnectionManager.swift in Sources */,
				B8B2C18B26474326008AA3EC /* Colors.swift in Sources */,
				B81BD104269E604C00E2E991 /* SearchSuggestion.swift in Sources */,
				B87C7D7C261E0E6C003EFC6F /* Block.swift in Sources */,
				B874D7AD26540A7800351C8E /* SubSearchBar.swift in Sources */,
				B8FDE3372678474D00BA307D /* TextDocument.swift in Sources */,
				B8E152F226570B890032F5A7 /* Database.swift in Sources */,
				B83B5296261E58260031988E /* EntryList.swift in Sources */,
				B85EBCAA269DFD4400A8D4FF /* ArrayUtilities.swift in Sources */,
				B8E84272269CAE3200B74172 /* SubMigrations.swift in Sources */,
				B81BD764263885DE00BAEC67 /* Editor.swift in Sources */,
				B8E152F426570C010032F5A7 /* FileManagerUtilities.swift in Sources */,
				B82211F526375A9C005CFBBE /* URLUtilities.swift in Sources */,
				B87651242630A07A00AD029A /* Store.swift in Sources */,
				B8F41F08262F8FD500D134F8 /* Icon.swift in Sources */,
				B805AAF626447BF30051F205 /* TextToken.swift in Sources */,
				B8796F55269E223F001AC8C1 /* SubConstants.swift in Sources */,
				B81268F42696259C007AC708 /* Slug.swift in Sources */,
				B8158D1E269796BB00F927EF /* Truncate.swift in Sources */,
				B862343C2677FF960099CD87 /* CombineUtilities.swift in Sources */,
				B85CABF8265C68AF00BE1BE6 /* SQLite3Connection.swift in Sources */,
				B8B2C18926471E6B008AA3EC /* FakeTextField.swift in Sources */,
				B805AAFA26447F4E0051F205 /* TextTokenBar.swift in Sources */,
				B86F33C4261AB2C7009D3D48 /* SubconsciousApp.swift in Sources */,
				B838FF36261FB7B40055C5CF /* Suggestions.swift in Sources */,
				B8929E262695101B00131928 /* TextViewRepresentable.swift in Sources */,
				B811E60F261D0FBF00484E45 /* Entry.swift in Sources */,
				B85AD0EB269F92A10089ADFD /* IconLabelRow.swift in Sources */,
				B862343E267805240099CD87 /* Logger.swift in Sources */,
				B87DA91F26250CF900BA5232 /* SearchBarRepresentable.swift in Sources */,
				B87DA9192624DDEA00BA5232 /* Stream.swift in Sources */,
				B8EC23D726694A33009E4474 /* OptionalUtilities.swift in Sources */,
				B8DF24AE267A5764000987C5 /* FileFingerprint.swift in Sources */,
				B853EB412633959E001BB584 /* StringUtilities.swift in Sources */,
				B8B24FA52655CDF500EE6CB9 /* FileSync.swift in Sources */,
				B8E628222672E9B2005B86CE /* PublisherManager.swift in Sources */,
				B86F33C8261AB2C7009D3D48 /* ContentView.swift in Sources */,
				B88715132642F2D0009BEE1E /* ActionSuggestion.swift in Sources */,
				B8B2C18526470EC0008AA3EC /* Post.swift in Sources */,
				B8796F5B269E3D3A001AC8C1 /* ListHeader.swift in Sources */,
				B8B00047262622280068F688 /* ActionButton.swift in Sources */,
				B85AD0E9269F62220089ADFD /* Shadow.swift in Sources */,
				B8B2C1872647172A008AA3EC /* PostHeader.swift in Sources */,
				B853EB37263274DD001BB584 /* Subtext.swift in Sources */,
			);
			runOnlyForDeploymentPostprocessing = 0;
		};
		B86F33A6261AB2C7009D3D48 /* Sources */ = {
			isa = PBXSourcesBuildPhase;
			buildActionMask = 2147483647;
			files = (
				B87C7D7D261E0E6C003EFC6F /* Block.swift in Sources */,
				B8E152F02656F2D20032F5A7 /* SubconsciousApp.swift in Sources */,
				B811E610261D0FBF00484E45 /* Entry.swift in Sources */,
			);
			runOnlyForDeploymentPostprocessing = 0;
		};
		B86F33AE261AB2C7009D3D48 /* Sources */ = {
			isa = PBXSourcesBuildPhase;
			buildActionMask = 2147483647;
			files = (
				B86F33B7261AB2C7009D3D48 /* Tests_iOS.swift in Sources */,
				B81268F626962DD5007AC708 /* Tests_Slug.swift in Sources */,
				B8EB2ACC265EBE52008F4D91 /* Tests_SQLiteConnection.swift in Sources */,
			);
			runOnlyForDeploymentPostprocessing = 0;
		};
		B86F33B9261AB2C7009D3D48 /* Sources */ = {
			isa = PBXSourcesBuildPhase;
			buildActionMask = 2147483647;
			files = (
				B86F33C2261AB2C7009D3D48 /* Tests_macOS.swift in Sources */,
			);
			runOnlyForDeploymentPostprocessing = 0;
		};
/* End PBXSourcesBuildPhase section */

/* Begin PBXTargetDependency section */
		B86F33B4261AB2C7009D3D48 /* PBXTargetDependency */ = {
			isa = PBXTargetDependency;
			target = B86F33A1261AB2C7009D3D48 /* Subconscious (iOS) */;
			targetProxy = B86F33B3261AB2C7009D3D48 /* PBXContainerItemProxy */;
		};
		B86F33BF261AB2C7009D3D48 /* PBXTargetDependency */ = {
			isa = PBXTargetDependency;
			target = B86F33A9261AB2C7009D3D48 /* Subconscious (macOS) */;
			targetProxy = B86F33BE261AB2C7009D3D48 /* PBXContainerItemProxy */;
		};
/* End PBXTargetDependency section */

/* Begin XCBuildConfiguration section */
		B86F33CC261AB2C7009D3D48 /* Debug */ = {
			isa = XCBuildConfiguration;
			buildSettings = {
				ALWAYS_SEARCH_USER_PATHS = NO;
				CLANG_ANALYZER_NONNULL = YES;
				CLANG_ANALYZER_NUMBER_OBJECT_CONVERSION = YES_AGGRESSIVE;
				CLANG_CXX_LANGUAGE_STANDARD = "gnu++14";
				CLANG_CXX_LIBRARY = "libc++";
				CLANG_ENABLE_MODULES = YES;
				CLANG_ENABLE_OBJC_ARC = YES;
				CLANG_ENABLE_OBJC_WEAK = YES;
				CLANG_WARN_BLOCK_CAPTURE_AUTORELEASING = YES;
				CLANG_WARN_BOOL_CONVERSION = YES;
				CLANG_WARN_COMMA = YES;
				CLANG_WARN_CONSTANT_CONVERSION = YES;
				CLANG_WARN_DEPRECATED_OBJC_IMPLEMENTATIONS = YES;
				CLANG_WARN_DIRECT_OBJC_ISA_USAGE = YES_ERROR;
				CLANG_WARN_DOCUMENTATION_COMMENTS = YES;
				CLANG_WARN_EMPTY_BODY = YES;
				CLANG_WARN_ENUM_CONVERSION = YES;
				CLANG_WARN_INFINITE_RECURSION = YES;
				CLANG_WARN_INT_CONVERSION = YES;
				CLANG_WARN_NON_LITERAL_NULL_CONVERSION = YES;
				CLANG_WARN_OBJC_IMPLICIT_RETAIN_SELF = YES;
				CLANG_WARN_OBJC_LITERAL_CONVERSION = YES;
				CLANG_WARN_OBJC_ROOT_CLASS = YES_ERROR;
				CLANG_WARN_QUOTED_INCLUDE_IN_FRAMEWORK_HEADER = YES;
				CLANG_WARN_RANGE_LOOP_ANALYSIS = YES;
				CLANG_WARN_STRICT_PROTOTYPES = YES;
				CLANG_WARN_SUSPICIOUS_MOVE = YES;
				CLANG_WARN_UNGUARDED_AVAILABILITY = YES_AGGRESSIVE;
				CLANG_WARN_UNREACHABLE_CODE = YES;
				CLANG_WARN__DUPLICATE_METHOD_MATCH = YES;
				COPY_PHASE_STRIP = NO;
				DEBUG_INFORMATION_FORMAT = dwarf;
				ENABLE_STRICT_OBJC_MSGSEND = YES;
				ENABLE_TESTABILITY = YES;
				GCC_C_LANGUAGE_STANDARD = gnu11;
				GCC_DYNAMIC_NO_PIC = NO;
				GCC_NO_COMMON_BLOCKS = YES;
				GCC_OPTIMIZATION_LEVEL = 0;
				GCC_PREPROCESSOR_DEFINITIONS = (
					"DEBUG=1",
					"$(inherited)",
				);
				GCC_WARN_64_TO_32_BIT_CONVERSION = YES;
				GCC_WARN_ABOUT_RETURN_TYPE = YES_ERROR;
				GCC_WARN_UNDECLARED_SELECTOR = YES;
				GCC_WARN_UNINITIALIZED_AUTOS = YES_AGGRESSIVE;
				GCC_WARN_UNUSED_FUNCTION = YES;
				GCC_WARN_UNUSED_VARIABLE = YES;
				MTL_ENABLE_DEBUG_INFO = INCLUDE_SOURCE;
				MTL_FAST_MATH = YES;
				ONLY_ACTIVE_ARCH = YES;
				SWIFT_ACTIVE_COMPILATION_CONDITIONS = DEBUG;
				SWIFT_OPTIMIZATION_LEVEL = "-Onone";
			};
			name = Debug;
		};
		B86F33CD261AB2C7009D3D48 /* Release */ = {
			isa = XCBuildConfiguration;
			buildSettings = {
				ALWAYS_SEARCH_USER_PATHS = NO;
				CLANG_ANALYZER_NONNULL = YES;
				CLANG_ANALYZER_NUMBER_OBJECT_CONVERSION = YES_AGGRESSIVE;
				CLANG_CXX_LANGUAGE_STANDARD = "gnu++14";
				CLANG_CXX_LIBRARY = "libc++";
				CLANG_ENABLE_MODULES = YES;
				CLANG_ENABLE_OBJC_ARC = YES;
				CLANG_ENABLE_OBJC_WEAK = YES;
				CLANG_WARN_BLOCK_CAPTURE_AUTORELEASING = YES;
				CLANG_WARN_BOOL_CONVERSION = YES;
				CLANG_WARN_COMMA = YES;
				CLANG_WARN_CONSTANT_CONVERSION = YES;
				CLANG_WARN_DEPRECATED_OBJC_IMPLEMENTATIONS = YES;
				CLANG_WARN_DIRECT_OBJC_ISA_USAGE = YES_ERROR;
				CLANG_WARN_DOCUMENTATION_COMMENTS = YES;
				CLANG_WARN_EMPTY_BODY = YES;
				CLANG_WARN_ENUM_CONVERSION = YES;
				CLANG_WARN_INFINITE_RECURSION = YES;
				CLANG_WARN_INT_CONVERSION = YES;
				CLANG_WARN_NON_LITERAL_NULL_CONVERSION = YES;
				CLANG_WARN_OBJC_IMPLICIT_RETAIN_SELF = YES;
				CLANG_WARN_OBJC_LITERAL_CONVERSION = YES;
				CLANG_WARN_OBJC_ROOT_CLASS = YES_ERROR;
				CLANG_WARN_QUOTED_INCLUDE_IN_FRAMEWORK_HEADER = YES;
				CLANG_WARN_RANGE_LOOP_ANALYSIS = YES;
				CLANG_WARN_STRICT_PROTOTYPES = YES;
				CLANG_WARN_SUSPICIOUS_MOVE = YES;
				CLANG_WARN_UNGUARDED_AVAILABILITY = YES_AGGRESSIVE;
				CLANG_WARN_UNREACHABLE_CODE = YES;
				CLANG_WARN__DUPLICATE_METHOD_MATCH = YES;
				COPY_PHASE_STRIP = NO;
				DEBUG_INFORMATION_FORMAT = "dwarf-with-dsym";
				ENABLE_NS_ASSERTIONS = NO;
				ENABLE_STRICT_OBJC_MSGSEND = YES;
				GCC_C_LANGUAGE_STANDARD = gnu11;
				GCC_NO_COMMON_BLOCKS = YES;
				GCC_WARN_64_TO_32_BIT_CONVERSION = YES;
				GCC_WARN_ABOUT_RETURN_TYPE = YES_ERROR;
				GCC_WARN_UNDECLARED_SELECTOR = YES;
				GCC_WARN_UNINITIALIZED_AUTOS = YES_AGGRESSIVE;
				GCC_WARN_UNUSED_FUNCTION = YES;
				GCC_WARN_UNUSED_VARIABLE = YES;
				MTL_ENABLE_DEBUG_INFO = NO;
				MTL_FAST_MATH = YES;
				SWIFT_COMPILATION_MODE = wholemodule;
				SWIFT_OPTIMIZATION_LEVEL = "-O";
			};
			name = Release;
		};
		B86F33CF261AB2C7009D3D48 /* Debug */ = {
			isa = XCBuildConfiguration;
			buildSettings = {
				ASSETCATALOG_COMPILER_APPICON_NAME = AppIcon;
				ASSETCATALOG_COMPILER_GLOBAL_ACCENT_COLOR_NAME = AccentColor;
				CODE_SIGN_STYLE = Automatic;
				DEVELOPMENT_TEAM = LA8RNJ2LQP;
				ENABLE_PREVIEWS = YES;
				INFOPLIST_FILE = iOS/Info.plist;
				IPHONEOS_DEPLOYMENT_TARGET = 14.0;
				LD_RUNPATH_SEARCH_PATHS = (
					"$(inherited)",
					"@executable_path/Frameworks",
				);
				PRODUCT_BUNDLE_IDENTIFIER = com.subconscious.Subconscious;
				PRODUCT_NAME = Subconscious;
				SDKROOT = iphoneos;
				SWIFT_VERSION = 5.0;
				TARGETED_DEVICE_FAMILY = "1,2";
			};
			name = Debug;
		};
		B86F33D0261AB2C7009D3D48 /* Release */ = {
			isa = XCBuildConfiguration;
			buildSettings = {
				ASSETCATALOG_COMPILER_APPICON_NAME = AppIcon;
				ASSETCATALOG_COMPILER_GLOBAL_ACCENT_COLOR_NAME = AccentColor;
				CODE_SIGN_STYLE = Automatic;
				DEVELOPMENT_TEAM = LA8RNJ2LQP;
				ENABLE_PREVIEWS = YES;
				INFOPLIST_FILE = iOS/Info.plist;
				IPHONEOS_DEPLOYMENT_TARGET = 14.0;
				LD_RUNPATH_SEARCH_PATHS = (
					"$(inherited)",
					"@executable_path/Frameworks",
				);
				PRODUCT_BUNDLE_IDENTIFIER = com.subconscious.Subconscious;
				PRODUCT_NAME = Subconscious;
				SDKROOT = iphoneos;
				SWIFT_VERSION = 5.0;
				TARGETED_DEVICE_FAMILY = "1,2";
				VALIDATE_PRODUCT = YES;
			};
			name = Release;
		};
		B86F33D2261AB2C7009D3D48 /* Debug */ = {
			isa = XCBuildConfiguration;
			buildSettings = {
				ASSETCATALOG_COMPILER_APPICON_NAME = AppIcon;
				ASSETCATALOG_COMPILER_GLOBAL_ACCENT_COLOR_NAME = AccentColor;
				CODE_SIGN_ENTITLEMENTS = macOS/macOS.entitlements;
				CODE_SIGN_STYLE = Automatic;
				COMBINE_HIDPI_IMAGES = YES;
				ENABLE_PREVIEWS = YES;
				INFOPLIST_FILE = macOS/Info.plist;
				LD_RUNPATH_SEARCH_PATHS = (
					"$(inherited)",
					"@executable_path/../Frameworks",
				);
				MACOSX_DEPLOYMENT_TARGET = 11.0;
				PRODUCT_BUNDLE_IDENTIFIER = com.subconscious.Subconscious;
				PRODUCT_NAME = Subconscious;
				SDKROOT = macosx;
				SWIFT_VERSION = 5.0;
			};
			name = Debug;
		};
		B86F33D3261AB2C7009D3D48 /* Release */ = {
			isa = XCBuildConfiguration;
			buildSettings = {
				ASSETCATALOG_COMPILER_APPICON_NAME = AppIcon;
				ASSETCATALOG_COMPILER_GLOBAL_ACCENT_COLOR_NAME = AccentColor;
				CODE_SIGN_ENTITLEMENTS = macOS/macOS.entitlements;
				CODE_SIGN_STYLE = Automatic;
				COMBINE_HIDPI_IMAGES = YES;
				ENABLE_PREVIEWS = YES;
				INFOPLIST_FILE = macOS/Info.plist;
				LD_RUNPATH_SEARCH_PATHS = (
					"$(inherited)",
					"@executable_path/../Frameworks",
				);
				MACOSX_DEPLOYMENT_TARGET = 11.0;
				PRODUCT_BUNDLE_IDENTIFIER = com.subconscious.Subconscious;
				PRODUCT_NAME = Subconscious;
				SDKROOT = macosx;
				SWIFT_VERSION = 5.0;
			};
			name = Release;
		};
		B86F33D5261AB2C7009D3D48 /* Debug */ = {
			isa = XCBuildConfiguration;
			buildSettings = {
				ALWAYS_EMBED_SWIFT_STANDARD_LIBRARIES = YES;
				CODE_SIGN_STYLE = Automatic;
				INFOPLIST_FILE = "Tests iOS/Info.plist";
				IPHONEOS_DEPLOYMENT_TARGET = 14.4;
				LD_RUNPATH_SEARCH_PATHS = (
					"$(inherited)",
					"@executable_path/Frameworks",
					"@loader_path/Frameworks",
				);
				PRODUCT_BUNDLE_IDENTIFIER = "com.subconscious.Tests-iOS";
				PRODUCT_NAME = "$(TARGET_NAME)";
				SDKROOT = iphoneos;
				SWIFT_VERSION = 5.0;
				TARGETED_DEVICE_FAMILY = "1,2";
				TEST_TARGET_NAME = "Subconscious (iOS)";
			};
			name = Debug;
		};
		B86F33D6261AB2C7009D3D48 /* Release */ = {
			isa = XCBuildConfiguration;
			buildSettings = {
				ALWAYS_EMBED_SWIFT_STANDARD_LIBRARIES = YES;
				CODE_SIGN_STYLE = Automatic;
				INFOPLIST_FILE = "Tests iOS/Info.plist";
				IPHONEOS_DEPLOYMENT_TARGET = 14.4;
				LD_RUNPATH_SEARCH_PATHS = (
					"$(inherited)",
					"@executable_path/Frameworks",
					"@loader_path/Frameworks",
				);
				PRODUCT_BUNDLE_IDENTIFIER = "com.subconscious.Tests-iOS";
				PRODUCT_NAME = "$(TARGET_NAME)";
				SDKROOT = iphoneos;
				SWIFT_VERSION = 5.0;
				TARGETED_DEVICE_FAMILY = "1,2";
				TEST_TARGET_NAME = "Subconscious (iOS)";
				VALIDATE_PRODUCT = YES;
			};
			name = Release;
		};
		B86F33D8261AB2C7009D3D48 /* Debug */ = {
			isa = XCBuildConfiguration;
			buildSettings = {
				ALWAYS_EMBED_SWIFT_STANDARD_LIBRARIES = YES;
				CODE_SIGN_STYLE = Automatic;
				COMBINE_HIDPI_IMAGES = YES;
				INFOPLIST_FILE = "Tests macOS/Info.plist";
				LD_RUNPATH_SEARCH_PATHS = (
					"$(inherited)",
					"@executable_path/../Frameworks",
					"@loader_path/../Frameworks",
				);
				MACOSX_DEPLOYMENT_TARGET = 11.1;
				PRODUCT_BUNDLE_IDENTIFIER = "com.subconscious.Tests-macOS";
				PRODUCT_NAME = "$(TARGET_NAME)";
				SDKROOT = macosx;
				SWIFT_VERSION = 5.0;
				TEST_TARGET_NAME = "Subconscious (macOS)";
			};
			name = Debug;
		};
		B86F33D9261AB2C7009D3D48 /* Release */ = {
			isa = XCBuildConfiguration;
			buildSettings = {
				ALWAYS_EMBED_SWIFT_STANDARD_LIBRARIES = YES;
				CODE_SIGN_STYLE = Automatic;
				COMBINE_HIDPI_IMAGES = YES;
				INFOPLIST_FILE = "Tests macOS/Info.plist";
				LD_RUNPATH_SEARCH_PATHS = (
					"$(inherited)",
					"@executable_path/../Frameworks",
					"@loader_path/../Frameworks",
				);
				MACOSX_DEPLOYMENT_TARGET = 11.1;
				PRODUCT_BUNDLE_IDENTIFIER = "com.subconscious.Tests-macOS";
				PRODUCT_NAME = "$(TARGET_NAME)";
				SDKROOT = macosx;
				SWIFT_VERSION = 5.0;
				TEST_TARGET_NAME = "Subconscious (macOS)";
			};
			name = Release;
		};
/* End XCBuildConfiguration section */

/* Begin XCConfigurationList section */
		B86F3398261AB2C6009D3D48 /* Build configuration list for PBXProject "Subconscious" */ = {
			isa = XCConfigurationList;
			buildConfigurations = (
				B86F33CC261AB2C7009D3D48 /* Debug */,
				B86F33CD261AB2C7009D3D48 /* Release */,
			);
			defaultConfigurationIsVisible = 0;
			defaultConfigurationName = Release;
		};
		B86F33CE261AB2C7009D3D48 /* Build configuration list for PBXNativeTarget "Subconscious (iOS)" */ = {
			isa = XCConfigurationList;
			buildConfigurations = (
				B86F33CF261AB2C7009D3D48 /* Debug */,
				B86F33D0261AB2C7009D3D48 /* Release */,
			);
			defaultConfigurationIsVisible = 0;
			defaultConfigurationName = Release;
		};
		B86F33D1261AB2C7009D3D48 /* Build configuration list for PBXNativeTarget "Subconscious (macOS)" */ = {
			isa = XCConfigurationList;
			buildConfigurations = (
				B86F33D2261AB2C7009D3D48 /* Debug */,
				B86F33D3261AB2C7009D3D48 /* Release */,
			);
			defaultConfigurationIsVisible = 0;
			defaultConfigurationName = Release;
		};
		B86F33D4261AB2C7009D3D48 /* Build configuration list for PBXNativeTarget "Tests iOS" */ = {
			isa = XCConfigurationList;
			buildConfigurations = (
				B86F33D5261AB2C7009D3D48 /* Debug */,
				B86F33D6261AB2C7009D3D48 /* Release */,
			);
			defaultConfigurationIsVisible = 0;
			defaultConfigurationName = Release;
		};
		B86F33D7261AB2C7009D3D48 /* Build configuration list for PBXNativeTarget "Tests macOS" */ = {
			isa = XCConfigurationList;
			buildConfigurations = (
				B86F33D8261AB2C7009D3D48 /* Debug */,
				B86F33D9261AB2C7009D3D48 /* Release */,
			);
			defaultConfigurationIsVisible = 0;
			defaultConfigurationName = Release;
		};
/* End XCConfigurationList section */
	};
	rootObject = B86F3395261AB2C6009D3D48 /* Project object */;
}
