// !$*UTF8*$!
{
	archiveVersion = 1;
	classes = {
	};
	objectVersion = 56;
	objects = {

/* Begin PBXBuildFile section */
		B85319D42AA8CC280085044A /* SubconsciousCore.docc in Sources */ = {isa = PBXBuildFile; fileRef = B85319D32AA8CC280085044A /* SubconsciousCore.docc */; };
		B85319DA2AA8CC280085044A /* SubconsciousCore.framework in Frameworks */ = {isa = PBXBuildFile; fileRef = B85319CF2AA8CC280085044A /* SubconsciousCore.framework */; };
		B85319DF2AA8CC280085044A /* SubconsciousCoreTests.swift in Sources */ = {isa = PBXBuildFile; fileRef = B85319DE2AA8CC280085044A /* SubconsciousCoreTests.swift */; };
		B85319E02AA8CC280085044A /* SubconsciousCore.h in Headers */ = {isa = PBXBuildFile; fileRef = B85319D22AA8CC280085044A /* SubconsciousCore.h */; settings = {ATTRIBUTES = (Public, ); }; };
/* End PBXBuildFile section */

/* Begin PBXContainerItemProxy section */
		B85319DB2AA8CC280085044A /* PBXContainerItemProxy */ = {
			isa = PBXContainerItemProxy;
			containerPortal = B85319C62AA8CC280085044A /* Project object */;
			proxyType = 1;
			remoteGlobalIDString = B85319CE2AA8CC280085044A;
			remoteInfo = SubconsciousCore;
		};
/* End PBXContainerItemProxy section */

/* Begin PBXFileReference section */
		B85319CF2AA8CC280085044A /* SubconsciousCore.framework */ = {isa = PBXFileReference; explicitFileType = wrapper.framework; includeInIndex = 0; path = SubconsciousCore.framework; sourceTree = BUILT_PRODUCTS_DIR; };
		B85319D22AA8CC280085044A /* SubconsciousCore.h */ = {isa = PBXFileReference; lastKnownFileType = sourcecode.c.h; path = SubconsciousCore.h; sourceTree = "<group>"; };
		B85319D32AA8CC280085044A /* SubconsciousCore.docc */ = {isa = PBXFileReference; lastKnownFileType = folder.documentationcatalog; path = SubconsciousCore.docc; sourceTree = "<group>"; };
		B85319D92AA8CC280085044A /* SubconsciousCoreTests.xctest */ = {isa = PBXFileReference; explicitFileType = wrapper.cfbundle; includeInIndex = 0; path = SubconsciousCoreTests.xctest; sourceTree = BUILT_PRODUCTS_DIR; };
		B85319DE2AA8CC280085044A /* SubconsciousCoreTests.swift */ = {isa = PBXFileReference; lastKnownFileType = sourcecode.swift; path = SubconsciousCoreTests.swift; sourceTree = "<group>"; };
/* End PBXFileReference section */

/* Begin PBXFrameworksBuildPhase section */
		B85319CC2AA8CC280085044A /* Frameworks */ = {
			isa = PBXFrameworksBuildPhase;
			buildActionMask = 2147483647;
			files = (
			);
			runOnlyForDeploymentPostprocessing = 0;
		};
		B85319D62AA8CC280085044A /* Frameworks */ = {
			isa = PBXFrameworksBuildPhase;
			buildActionMask = 2147483647;
			files = (
				B85319DA2AA8CC280085044A /* SubconsciousCore.framework in Frameworks */,
			);
			runOnlyForDeploymentPostprocessing = 0;
		};
/* End PBXFrameworksBuildPhase section */

/* Begin PBXGroup section */
		B85319C52AA8CC280085044A = {
			isa = PBXGroup;
			children = (
				B85319D02AA8CC280085044A /* Products */,
				B85319D12AA8CC280085044A /* SubconsciousCore */,
				B85319DD2AA8CC280085044A /* SubconsciousCoreTests */,
			);
			sourceTree = "<group>";
		};
		B85319D02AA8CC280085044A /* Products */ = {
			isa = PBXGroup;
			children = (
				B85319CF2AA8CC280085044A /* SubconsciousCore.framework */,
				B85319D92AA8CC280085044A /* SubconsciousCoreTests.xctest */,
			);
			name = Products;
			sourceTree = "<group>";
		};
		B85319D12AA8CC280085044A /* SubconsciousCore */ = {
			isa = PBXGroup;
			children = (
				B85319D22AA8CC280085044A /* SubconsciousCore.h */,
				B85319D32AA8CC280085044A /* SubconsciousCore.docc */,
			);
			path = SubconsciousCore;
			sourceTree = "<group>";
		};
		B85319DD2AA8CC280085044A /* SubconsciousCoreTests */ = {
			isa = PBXGroup;
			children = (
				B85319DE2AA8CC280085044A /* SubconsciousCoreTests.swift */,
			);
			path = SubconsciousCoreTests;
			sourceTree = "<group>";
		};
/* End PBXGroup section */

/* Begin PBXHeadersBuildPhase section */
		B85319CA2AA8CC280085044A /* Headers */ = {
			isa = PBXHeadersBuildPhase;
			buildActionMask = 2147483647;
			files = (
				B85319E02AA8CC280085044A /* SubconsciousCore.h in Headers */,
			);
			runOnlyForDeploymentPostprocessing = 0;
		};
/* End PBXHeadersBuildPhase section */

/* Begin PBXNativeTarget section */
		B85319CE2AA8CC280085044A /* SubconsciousCore */ = {
			isa = PBXNativeTarget;
			buildConfigurationList = B85319E32AA8CC280085044A /* Build configuration list for PBXNativeTarget "SubconsciousCore" */;
			buildPhases = (
				B85319CA2AA8CC280085044A /* Headers */,
				B85319CB2AA8CC280085044A /* Sources */,
				B85319CC2AA8CC280085044A /* Frameworks */,
				B85319CD2AA8CC280085044A /* Resources */,
			);
			buildRules = (
			);
			dependencies = (
			);
			name = SubconsciousCore;
			productName = SubconsciousCore;
			productReference = B85319CF2AA8CC280085044A /* SubconsciousCore.framework */;
			productType = "com.apple.product-type.framework";
		};
		B85319D82AA8CC280085044A /* SubconsciousCoreTests */ = {
			isa = PBXNativeTarget;
			buildConfigurationList = B85319E62AA8CC280085044A /* Build configuration list for PBXNativeTarget "SubconsciousCoreTests" */;
			buildPhases = (
				B85319D52AA8CC280085044A /* Sources */,
				B85319D62AA8CC280085044A /* Frameworks */,
				B85319D72AA8CC280085044A /* Resources */,
			);
			buildRules = (
			);
			dependencies = (
				B85319DC2AA8CC280085044A /* PBXTargetDependency */,
			);
			name = SubconsciousCoreTests;
			productName = SubconsciousCoreTests;
			productReference = B85319D92AA8CC280085044A /* SubconsciousCoreTests.xctest */;
			productType = "com.apple.product-type.bundle.unit-test";
		};
/* End PBXNativeTarget section */

/* Begin PBXProject section */
		B85319C62AA8CC280085044A /* Project object */ = {
			isa = PBXProject;
			attributes = {
				BuildIndependentTargetsInParallel = 1;
				LastSwiftUpdateCheck = 1430;
				LastUpgradeCheck = 1430;
				TargetAttributes = {
					B85319CE2AA8CC280085044A = {
						CreatedOnToolsVersion = 14.3.1;
					};
					B85319D82AA8CC280085044A = {
						CreatedOnToolsVersion = 14.3.1;
					};
				};
			};
			buildConfigurationList = B85319C92AA8CC280085044A /* Build configuration list for PBXProject "SubconsciousCore" */;
			compatibilityVersion = "Xcode 14.0";
			developmentRegion = en;
			hasScannedForEncodings = 0;
			knownRegions = (
				en,
				Base,
			);
			mainGroup = B85319C52AA8CC280085044A;
			productRefGroup = B85319D02AA8CC280085044A /* Products */;
			projectDirPath = "";
			projectRoot = "";
			targets = (
				B85319CE2AA8CC280085044A /* SubconsciousCore */,
				B85319D82AA8CC280085044A /* SubconsciousCoreTests */,
			);
		};
/* End PBXProject section */

/* Begin PBXResourcesBuildPhase section */
		B85319CD2AA8CC280085044A /* Resources */ = {
			isa = PBXResourcesBuildPhase;
			buildActionMask = 2147483647;
			files = (
			);
			runOnlyForDeploymentPostprocessing = 0;
		};
		B85319D72AA8CC280085044A /* Resources */ = {
			isa = PBXResourcesBuildPhase;
			buildActionMask = 2147483647;
			files = (
			);
			runOnlyForDeploymentPostprocessing = 0;
		};
/* End PBXResourcesBuildPhase section */

/* Begin PBXSourcesBuildPhase section */
		B85319CB2AA8CC280085044A /* Sources */ = {
			isa = PBXSourcesBuildPhase;
			buildActionMask = 2147483647;
			files = (
				B85319D42AA8CC280085044A /* SubconsciousCore.docc in Sources */,
			);
			runOnlyForDeploymentPostprocessing = 0;
		};
		B85319D52AA8CC280085044A /* Sources */ = {
			isa = PBXSourcesBuildPhase;
			buildActionMask = 2147483647;
			files = (
				B85319DF2AA8CC280085044A /* SubconsciousCoreTests.swift in Sources */,
			);
			runOnlyForDeploymentPostprocessing = 0;
		};
/* End PBXSourcesBuildPhase section */

/* Begin PBXTargetDependency section */
		B85319DC2AA8CC280085044A /* PBXTargetDependency */ = {
			isa = PBXTargetDependency;
			target = B85319CE2AA8CC280085044A /* SubconsciousCore */;
			targetProxy = B85319DB2AA8CC280085044A /* PBXContainerItemProxy */;
		};
/* End PBXTargetDependency section */

/* Begin XCBuildConfiguration section */
		B85319E12AA8CC280085044A /* Debug */ = {
			isa = XCBuildConfiguration;
			buildSettings = {
				ALWAYS_SEARCH_USER_PATHS = NO;
				CLANG_ANALYZER_NONNULL = YES;
				CLANG_ANALYZER_NUMBER_OBJECT_CONVERSION = YES_AGGRESSIVE;
				CLANG_CXX_LANGUAGE_STANDARD = "gnu++20";
				CLANG_ENABLE_MODULES = YES;
				CLANG_ENABLE_OBJC_ARC = YES;
				CLANG_ENABLE_OBJC_WEAK = YES;
				CLANG_WARN_BLOCK_CAPTURE_AUTORELEASING = YES;
				CLANG_WARN_BOOL_CONVERSION = YES;
				CLANG_WARN_COMMA = YES;
				CLANG_WARN_CONSTANT_CONVERSION = YES;
				CLANG_WARN_DEPRECATED_OBJC_IMPLEMENTATIONS = YES;
				CLANG_WARN_DIRECT_OBJC_ISA_USAGE = YES_ERROR;
				CLANG_WARN_DOCUMENTATION_COMMENTS = YES;
				CLANG_WARN_EMPTY_BODY = YES;
				CLANG_WARN_ENUM_CONVERSION = YES;
				CLANG_WARN_INFINITE_RECURSION = YES;
				CLANG_WARN_INT_CONVERSION = YES;
				CLANG_WARN_NON_LITERAL_NULL_CONVERSION = YES;
				CLANG_WARN_OBJC_IMPLICIT_RETAIN_SELF = YES;
				CLANG_WARN_OBJC_LITERAL_CONVERSION = YES;
				CLANG_WARN_OBJC_ROOT_CLASS = YES_ERROR;
				CLANG_WARN_QUOTED_INCLUDE_IN_FRAMEWORK_HEADER = YES;
				CLANG_WARN_RANGE_LOOP_ANALYSIS = YES;
				CLANG_WARN_STRICT_PROTOTYPES = YES;
				CLANG_WARN_SUSPICIOUS_MOVE = YES;
				CLANG_WARN_UNGUARDED_AVAILABILITY = YES_AGGRESSIVE;
				CLANG_WARN_UNREACHABLE_CODE = YES;
				CLANG_WARN__DUPLICATE_METHOD_MATCH = YES;
				COPY_PHASE_STRIP = NO;
				CURRENT_PROJECT_VERSION = 1;
				DEBUG_INFORMATION_FORMAT = dwarf;
				ENABLE_STRICT_OBJC_MSGSEND = YES;
				ENABLE_TESTABILITY = YES;
				GCC_C_LANGUAGE_STANDARD = gnu11;
				GCC_DYNAMIC_NO_PIC = NO;
				GCC_NO_COMMON_BLOCKS = YES;
				GCC_OPTIMIZATION_LEVEL = 0;
				GCC_PREPROCESSOR_DEFINITIONS = (
					"DEBUG=1",
					"$(inherited)",
				);
				GCC_WARN_64_TO_32_BIT_CONVERSION = YES;
				GCC_WARN_ABOUT_RETURN_TYPE = YES_ERROR;
				GCC_WARN_UNDECLARED_SELECTOR = YES;
				GCC_WARN_UNINITIALIZED_AUTOS = YES_AGGRESSIVE;
				GCC_WARN_UNUSED_FUNCTION = YES;
				GCC_WARN_UNUSED_VARIABLE = YES;
				IPHONEOS_DEPLOYMENT_TARGET = 16.4;
				MTL_ENABLE_DEBUG_INFO = INCLUDE_SOURCE;
				MTL_FAST_MATH = YES;
				ONLY_ACTIVE_ARCH = YES;
				SDKROOT = iphoneos;
				SWIFT_ACTIVE_COMPILATION_CONDITIONS = DEBUG;
				SWIFT_OPTIMIZATION_LEVEL = "-Onone";
				VERSIONING_SYSTEM = "apple-generic";
				VERSION_INFO_PREFIX = "";
			};
			name = Debug;
		};
		B85319E22AA8CC280085044A /* Release */ = {
			isa = XCBuildConfiguration;
			buildSettings = {
				ALWAYS_SEARCH_USER_PATHS = NO;
				CLANG_ANALYZER_NONNULL = YES;
				CLANG_ANALYZER_NUMBER_OBJECT_CONVERSION = YES_AGGRESSIVE;
				CLANG_CXX_LANGUAGE_STANDARD = "gnu++20";
				CLANG_ENABLE_MODULES = YES;
				CLANG_ENABLE_OBJC_ARC = YES;
				CLANG_ENABLE_OBJC_WEAK = YES;
				CLANG_WARN_BLOCK_CAPTURE_AUTORELEASING = YES;
				CLANG_WARN_BOOL_CONVERSION = YES;
				CLANG_WARN_COMMA = YES;
				CLANG_WARN_CONSTANT_CONVERSION = YES;
				CLANG_WARN_DEPRECATED_OBJC_IMPLEMENTATIONS = YES;
				CLANG_WARN_DIRECT_OBJC_ISA_USAGE = YES_ERROR;
				CLANG_WARN_DOCUMENTATION_COMMENTS = YES;
				CLANG_WARN_EMPTY_BODY = YES;
				CLANG_WARN_ENUM_CONVERSION = YES;
				CLANG_WARN_INFINITE_RECURSION = YES;
				CLANG_WARN_INT_CONVERSION = YES;
				CLANG_WARN_NON_LITERAL_NULL_CONVERSION = YES;
				CLANG_WARN_OBJC_IMPLICIT_RETAIN_SELF = YES;
				CLANG_WARN_OBJC_LITERAL_CONVERSION = YES;
				CLANG_WARN_OBJC_ROOT_CLASS = YES_ERROR;
				CLANG_WARN_QUOTED_INCLUDE_IN_FRAMEWORK_HEADER = YES;
				CLANG_WARN_RANGE_LOOP_ANALYSIS = YES;
				CLANG_WARN_STRICT_PROTOTYPES = YES;
				CLANG_WARN_SUSPICIOUS_MOVE = YES;
				CLANG_WARN_UNGUARDED_AVAILABILITY = YES_AGGRESSIVE;
				CLANG_WARN_UNREACHABLE_CODE = YES;
				CLANG_WARN__DUPLICATE_METHOD_MATCH = YES;
				COPY_PHASE_STRIP = NO;
				CURRENT_PROJECT_VERSION = 1;
				DEBUG_INFORMATION_FORMAT = "dwarf-with-dsym";
				ENABLE_NS_ASSERTIONS = NO;
				ENABLE_STRICT_OBJC_MSGSEND = YES;
				GCC_C_LANGUAGE_STANDARD = gnu11;
				GCC_NO_COMMON_BLOCKS = YES;
				GCC_WARN_64_TO_32_BIT_CONVERSION = YES;
				GCC_WARN_ABOUT_RETURN_TYPE = YES_ERROR;
				GCC_WARN_UNDECLARED_SELECTOR = YES;
				GCC_WARN_UNINITIALIZED_AUTOS = YES_AGGRESSIVE;
				GCC_WARN_UNUSED_FUNCTION = YES;
				GCC_WARN_UNUSED_VARIABLE = YES;
				IPHONEOS_DEPLOYMENT_TARGET = 16.4;
				MTL_ENABLE_DEBUG_INFO = NO;
				MTL_FAST_MATH = YES;
				SDKROOT = iphoneos;
				SWIFT_COMPILATION_MODE = wholemodule;
				SWIFT_OPTIMIZATION_LEVEL = "-O";
				VALIDATE_PRODUCT = YES;
				VERSIONING_SYSTEM = "apple-generic";
				VERSION_INFO_PREFIX = "";
			};
			name = Release;
		};
		B85319E42AA8CC280085044A /* Debug */ = {
			isa = XCBuildConfiguration;
			buildSettings = {
				CODE_SIGN_STYLE = Automatic;
				CURRENT_PROJECT_VERSION = 1;
				DEFINES_MODULE = YES;
				DEVELOPMENT_TEAM = LA8RNJ2LQP;
				DYLIB_COMPATIBILITY_VERSION = 1;
				DYLIB_CURRENT_VERSION = 1;
				DYLIB_INSTALL_NAME_BASE = "@rpath";
				ENABLE_MODULE_VERIFIER = YES;
				GENERATE_INFOPLIST_FILE = YES;
				INFOPLIST_KEY_NSHumanReadableCopyright = "";
				INSTALL_PATH = "$(LOCAL_LIBRARY_DIR)/Frameworks";
				LD_RUNPATH_SEARCH_PATHS = (
					"$(inherited)",
					"@executable_path/Frameworks",
					"@loader_path/Frameworks",
				);
				MARKETING_VERSION = 1.0;
				MODULE_VERIFIER_SUPPORTED_LANGUAGES = "objective-c objective-c++";
				MODULE_VERIFIER_SUPPORTED_LANGUAGE_STANDARDS = "gnu11 gnu++20";
				PRODUCT_BUNDLE_IDENTIFIER = com.subconscious.SubconsciousCore;
				PRODUCT_NAME = "$(TARGET_NAME:c99extidentifier)";
				SKIP_INSTALL = YES;
				SWIFT_EMIT_LOC_STRINGS = YES;
				SWIFT_VERSION = 5.0;
				TARGETED_DEVICE_FAMILY = "1,2";
			};
			name = Debug;
		};
		B85319E52AA8CC280085044A /* Release */ = {
			isa = XCBuildConfiguration;
			buildSettings = {
				CODE_SIGN_STYLE = Automatic;
				CURRENT_PROJECT_VERSION = 1;
				DEFINES_MODULE = YES;
				DEVELOPMENT_TEAM = LA8RNJ2LQP;
				DYLIB_COMPATIBILITY_VERSION = 1;
				DYLIB_CURRENT_VERSION = 1;
				DYLIB_INSTALL_NAME_BASE = "@rpath";
				ENABLE_MODULE_VERIFIER = YES;
				GENERATE_INFOPLIST_FILE = YES;
				INFOPLIST_KEY_NSHumanReadableCopyright = "";
				INSTALL_PATH = "$(LOCAL_LIBRARY_DIR)/Frameworks";
				LD_RUNPATH_SEARCH_PATHS = (
					"$(inherited)",
					"@executable_path/Frameworks",
					"@loader_path/Frameworks",
				);
				MARKETING_VERSION = 1.0;
				MODULE_VERIFIER_SUPPORTED_LANGUAGES = "objective-c objective-c++";
				MODULE_VERIFIER_SUPPORTED_LANGUAGE_STANDARDS = "gnu11 gnu++20";
				PRODUCT_BUNDLE_IDENTIFIER = com.subconscious.SubconsciousCore;
				PRODUCT_NAME = "$(TARGET_NAME:c99extidentifier)";
				SKIP_INSTALL = YES;
				SWIFT_EMIT_LOC_STRINGS = YES;
				SWIFT_VERSION = 5.0;
				TARGETED_DEVICE_FAMILY = "1,2";
			};
			name = Release;
		};
		B85319E72AA8CC280085044A /* Debug */ = {
			isa = XCBuildConfiguration;
			buildSettings = {
				CODE_SIGN_STYLE = Automatic;
				CURRENT_PROJECT_VERSION = 1;
				DEVELOPMENT_TEAM = LA8RNJ2LQP;
				GENERATE_INFOPLIST_FILE = YES;
				MARKETING_VERSION = 1.0;
				PRODUCT_BUNDLE_IDENTIFIER = com.subconscious.SubconsciousCoreTests;
				PRODUCT_NAME = "$(TARGET_NAME)";
				SWIFT_EMIT_LOC_STRINGS = NO;
				SWIFT_VERSION = 5.0;
				TARGETED_DEVICE_FAMILY = "1,2";
			};
			name = Debug;
		};
		B85319E82AA8CC280085044A /* Release */ = {
			isa = XCBuildConfiguration;
			buildSettings = {
				CODE_SIGN_STYLE = Automatic;
				CURRENT_PROJECT_VERSION = 1;
				DEVELOPMENT_TEAM = LA8RNJ2LQP;
				GENERATE_INFOPLIST_FILE = YES;
				MARKETING_VERSION = 1.0;
				PRODUCT_BUNDLE_IDENTIFIER = com.subconscious.SubconsciousCoreTests;
				PRODUCT_NAME = "$(TARGET_NAME)";
				SWIFT_EMIT_LOC_STRINGS = NO;
				SWIFT_VERSION = 5.0;
				TARGETED_DEVICE_FAMILY = "1,2";
			};
			name = Release;
		};
/* End XCBuildConfiguration section */

/* Begin XCConfigurationList section */
		B85319C92AA8CC280085044A /* Build configuration list for PBXProject "SubconsciousCore" */ = {
			isa = XCConfigurationList;
			buildConfigurations = (
				B85319E12AA8CC280085044A /* Debug */,
				B85319E22AA8CC280085044A /* Release */,
			);
			defaultConfigurationIsVisible = 0;
			defaultConfigurationName = Release;
		};
		B85319E32AA8CC280085044A /* Build configuration list for PBXNativeTarget "SubconsciousCore" */ = {
			isa = XCConfigurationList;
			buildConfigurations = (
				B85319E42AA8CC280085044A /* Debug */,
				B85319E52AA8CC280085044A /* Release */,
			);
			defaultConfigurationIsVisible = 0;
			defaultConfigurationName = Release;
		};
		B85319E62AA8CC280085044A /* Build configuration list for PBXNativeTarget "SubconsciousCoreTests" */ = {
			isa = XCConfigurationList;
			buildConfigurations = (
				B85319E72AA8CC280085044A /* Debug */,
				B85319E82AA8CC280085044A /* Release */,
			);
			defaultConfigurationIsVisible = 0;
			defaultConfigurationName = Release;
		};
/* End XCConfigurationList section */
	};
	rootObject = B85319C62AA8CC280085044A /* Project object */;
}
