{
  "originHash" : "30ff785db7d87f975a3810bc31f9df56905cd63f6ee268406d24b4ede7912b27",
  "pins" : [
    {
      "identity" : "arboreal",
      "kind" : "remoteSourceControl",
      "location" : "https://github.com/subconsciousnetwork/arboreal.git",
      "state" : {
        "revision" : "1156e2f0031d54817dcfda1f69a7fe700c5120c2",
        "version" : "0.0.2"
      }
    },
    {
      "identity" : "codescanner",
      "kind" : "remoteSourceControl",
      "location" : "https://github.com/twostraws/CodeScanner",
      "state" : {
        "revision" : "4b2f9c57d03bfe94e6b45572e0c908c1433c32b2",
        "version" : "2.3.2"
      }
    },
    {
      "identity" : "noosphere",
      "kind" : "remoteSourceControl",
      "location" : "https://github.com/subconsciousnetwork/noosphere",
      "state" : {
        "branch" : "swift-noosphere-v0.16.1",
        "revision" : "a6602b098d7b9bd79a8574c518b0985bb7d72c82"
      }
    },
    {
      "identity" : "observablestore",
      "kind" : "remoteSourceControl",
      "location" : "https://github.com/gordonbrander/ObservableStore",
      "state" : {
        "revision" : "41f3356de1b7cd289d2e95fdbff0a15b960e0a6b",
        "version" : "0.6.1"
      }
    },
    {
      "identity" : "sentry-cocoa",
      "kind" : "remoteSourceControl",
      "location" : "https://github.com/getsentry/sentry-cocoa.git",
      "state" : {
        "revision" : "5c8abdeabf8d0dc5055879a657e31bac49bc1624",
        "version" : "8.19.0"
      }
    },
    {
      "identity" : "swift-collections",
      "kind" : "remoteSourceControl",
      "location" : "https://github.com/apple/swift-collections.git",
      "state" : {
        "revision" : "937e904258d22af6e447a0b72c0bc67583ef64a2",
        "version" : "1.0.4"
      }
    }
  ],
  "version" : 3
}
