{
  "pins" : [
    {
      "identity" : "codescanner",
      "kind" : "remoteSourceControl",
      "location" : "https://github.com/twostraws/CodeScanner",
      "state" : {
        "revision" : "d8f10d992ef32a4187b78a6df320facf75d631d8",
        "version" : "2.3.1"
      }
    },
    {
      "identity" : "noosphere",
      "kind" : "remoteSourceControl",
      "location" : "https://github.com/subconsciousnetwork/noosphere",
      "state" : {
        "revision" : "056dfa228b8fd05d0d5f821e6e6938b7386c40a5"
      }
    },
    {
      "identity" : "observablestore",
      "kind" : "remoteSourceControl",
      "location" : "https://github.com/gordonbrander/ObservableStore",
      "state" : {
        "revision" : "332458eb7e361e150baba221c20a42bf8bd01a40",
        "version" : "0.3.0"
      }
    },
    {
      "identity" : "swift-collections",
      "kind" : "remoteSourceControl",
      "location" : "https://github.com/apple/swift-collections.git",
      "state" : {
        "revision" : "937e904258d22af6e447a0b72c0bc67583ef64a2",
        "version" : "1.0.4"
      }
    },
    {
      "identity" : "swiftsubsurface",
      "kind" : "remoteSourceControl",
      "location" : "https://github.com/cdata/SwiftSubsurface",
      "state" : {
        "branch" : "main",
        "revision" : "ee189b02b3a00515c3dacd9354c0f6c277415cc8"
      }
    },
    {
      "identity" : "tracery",
      "kind" : "remoteSourceControl",
      "location" : "https://github.com/BenziAhamed/Tracery",
      "state" : {
        "revision" : "2714eabbbd287fe7969314d5a915c61c2d549ef9",
        "version" : "0.0.2"
      }
    }
  ],
  "version" : 2
}
