{
  "pins" : [
    {
      "identity" : "observablestore",
      "kind" : "remoteSourceControl",
      "location" : "https://github.com/gordonbrander/ObservableStore",
      "state" : {
        "revision" : "5ea1c8b520ee55ddf872be62a816d078361a1a21",
        "version" : "0.2.0"
      }
    },
    {
      "identity" : "swift-collections",
      "kind" : "remoteSourceControl",
      "location" : "https://github.com/apple/swift-collections.git",
      "state" : {
        "revision" : "9d8719c8bebdc79740b6969c912ac706eb721d7a",
        "version" : "0.0.7"
      }
    },
    {
      "identity" : "swiftsubsurface",
      "kind" : "remoteSourceControl",
      "location" : "https://github.com/cdata/SwiftSubsurface",
      "state" : {
        "branch" : "main",
        "revision" : "ee189b02b3a00515c3dacd9354c0f6c277415cc8"
      }
    },
    {
      "identity" : "tracery",
      "kind" : "remoteSourceControl",
      "location" : "https://github.com/BenziAhamed/Tracery",
      "state" : {
        "revision" : "2714eabbbd287fe7969314d5a915c61c2d549ef9",
        "version" : "0.0.2"
      }
    }
  ],
  "version" : 2
}
